
Microsoft Visual Studio Solution File, Format Version 11.00
# Visual Studio 2010
Project("{FAE04EC0-301F-11D3-BF4B-00C04F79EFBC}") = "Ximura (Silverlight 4)", "Ximura\Ximura (Silverlight 4).csproj", "{28E2E204-A156-42E5-BE9A-6A518B4C9694}"
EndProject
Project("{FAE04EC0-301F-11D3-BF4B-00C04F79EFBC}") = "Ximura Communication Messaging (Silverlight 4)", "Ximura Communication Messaging\Ximura Communication Messaging (Silverlight 4).csproj", "{EB504849-8840-4414-A145-7641086089F4}"
EndProject
Project("{2150E333-8FDC-42A3-9474-1A3956D46DE8}") = "Unit Test", "Unit Test", "{770AE2F6-1F21-4621-81A5-7FD8127FF415}"
EndProject
Global
	GlobalSection(SolutionConfigurationPlatforms) = preSolution
		Debug|Any CPU = Debug|Any CPU
		Release|Any CPU = Release|Any CPU
	EndGlobalSection
	GlobalSection(ProjectConfigurationPlatforms) = postSolution
		{28E2E204-A156-42E5-BE9A-6A518B4C9694}.Debug|Any CPU.ActiveCfg = Debug|Any CPU
		{28E2E204-A156-42E5-BE9A-6A518B4C9694}.Debug|Any CPU.Build.0 = Debug|Any CPU
		{28E2E204-A156-42E5-BE9A-6A518B4C9694}.Release|Any CPU.ActiveCfg = Release|Any CPU
		{28E2E204-A156-42E5-BE9A-6A518B4C9694}.Release|Any CPU.Build.0 = Release|Any CPU
		{EB504849-8840-4414-A145-7641086089F4}.Debug|Any CPU.ActiveCfg = Debug|Any CPU
		{EB504849-8840-4414-A145-7641086089F4}.Debug|Any CPU.Build.0 = Debug|Any CPU
		{EB504849-8840-4414-A145-7641086089F4}.Release|Any CPU.ActiveCfg = Release|Any CPU
		{EB504849-8840-4414-A145-7641086089F4}.Release|Any CPU.Build.0 = Release|Any CPU
	EndGlobalSection
	GlobalSection(SolutionProperties) = preSolution
		HideSolutionNode = FALSE
	EndGlobalSection
EndGlobal
