
Microsoft Visual Studio Solution File, Format Version 11.00
# Visual Studio 2010
Project("{2150E333-8FDC-42A3-9474-1A3956D46DE8}") = "Installers", "Installers", "{087F6EA3-CF6A-4ACB-A02A-F57BDADB36F5}"
EndProject
Project("{2150E333-8FDC-42A3-9474-1A3956D46DE8}") = "Debug", "Debug", "{A6E6EC32-1E3C-45EA-B6B9-E7BF22D47A04}"
EndProject
Project("{2150E333-8FDC-42A3-9474-1A3956D46DE8}") = "UnitTest", "UnitTest", "{BA6FB0EF-699E-44BC-8226-B54D6473F383}"
EndProject
Project("{2150E333-8FDC-42A3-9474-1A3956D46DE8}") = "Solution Items", "Solution Items", "{5D43FCD5-1638-46BC-A6E5-09580AC64A45}"
EndProject
Project("{54435603-DBB4-11D2-8724-00A0C9A8B90C}") = "Ximura Installer 32 bit", "Installers\Ximura Installer\Ximura Installer 32 bit.vdproj", "{93102A3C-BDFC-4EE6-824E-64869BD9318A}"
EndProject
Project("{FAE04EC0-301F-11D3-BF4B-00C04F79EFBC}") = "Ximura Communication Entities (4.0)", "Ximura Communication Entities\Ximura Communication Entities (4.0).csproj", "{039133D4-A947-405C-A441-71DF106C9EE5}"
EndProject
Project("{FAE04EC0-301F-11D3-BF4B-00C04F79EFBC}") = "UT Ximura (4.0)", "UnitTest\Ximura UnitTest Base\UT Ximura (4.0).csproj", "{9A889F76-433A-4E2F-ACC9-8FDC24C9A499}"
EndProject
Project("{FAE04EC0-301F-11D3-BF4B-00C04F79EFBC}") = "UT Ximura UnitTest Base Console (4.0)", "UnitTest\Ximura UnitTest Base Console\UT Ximura UnitTest Base Console (4.0).csproj", "{FFA9FB5D-5D7A-417B-BEBE-2D78D53F3A1B}"
EndProject
Project("{FAE04EC0-301F-11D3-BF4B-00C04F79EFBC}") = "UT Ximura Data (4.0)", "UnitTest\Ximura UnitTest Data\UT Ximura Data (4.0).csproj", "{D42810A1-F0D3-4233-9554-625C51E2FEE7}"
EndProject
Project("{FAE04EC0-301F-11D3-BF4B-00C04F79EFBC}") = "UT Ximura Communication Entities (4.0)", "UnitTest\Ximura UnitTest Communication Entities\UT Ximura Communication Entities (4.0).csproj", "{CB25D110-8967-4CBE-91B6-C3D4E4C1BCC8}"
EndProject
Project("{FAE04EC0-301F-11D3-BF4B-00C04F79EFBC}") = "Ximura Communication Messaging (4.0)", "Ximura Communication Messaging\Ximura Communication Messaging (4.0).csproj", "{4EB77EFC-5E84-446B-AA1A-C3121DEF7082}"
EndProject
Project("{FAE04EC0-301F-11D3-BF4B-00C04F79EFBC}") = "UT Ximura Communication Messaging (4.0)", "UnitTest\Ximura UnitTest Communication Messaging\UT Ximura Communication Messaging (4.0).csproj", "{05909CCF-5124-464D-B2FB-8DDCA43E3AC5}"
EndProject
Project("{FAE04EC0-301F-11D3-BF4B-00C04F79EFBC}") = "Ximura (4.0)", "Ximura\Ximura (4.0).csproj", "{7C2684DD-A055-4A7A-88D6-EC5BAE28AEB2}"
EndProject
Project("{FAE04EC0-301F-11D3-BF4B-00C04F79EFBC}") = "Ximura Data (4.0)", "Ximura Data\Ximura Data (4.0).csproj", "{7727E180-73B7-474B-84F6-BF0C6FFB181E}"
EndProject
Global
	GlobalSection(TeamFoundationVersionControl) = preSolution
		SccNumberOfProjects = 11
		SccEnterpriseProvider = {4CA58AB2-18FA-4F8D-95D4-32DDF27D184C}
		SccTeamFoundationServer = http://pc-e1whome:8080/tfs/ximura
		SccLocalPath0 = .
		SccProjectUniqueName1 = Installers\\Ximura\u0020Installer\\Ximura\u0020Installer\u002032\u0020bit.vdproj
		SccProjectTopLevelParentUniqueName1 = Ximura\u0020VS2010\u0020-\u0020Core.sln
		SccProjectName1 = Installers/Ximura\u0020Installer
		SccLocalPath1 = Installers\\Ximura\u0020Installer
		SccProjectUniqueName2 = UnitTest\\Ximura\u0020UnitTest\u0020Base\u0020Console\\UT\u0020Ximura\u0020UnitTest\u0020Base\u0020Console\u0020(4.0).csproj
		SccProjectTopLevelParentUniqueName2 = Ximura\u0020VS2010\u0020-\u0020Core.sln
		SccProjectName2 = UnitTest/Ximura\u0020UnitTest\u0020Base\u0020Console
		SccLocalPath2 = UnitTest\\Ximura\u0020UnitTest\u0020Base\u0020Console
		SccProjectUniqueName3 = UnitTest\\Ximura\u0020UnitTest\u0020Base\\UT\u0020Ximura\u0020(4.0).csproj
		SccProjectTopLevelParentUniqueName3 = Ximura\u0020VS2010\u0020-\u0020Core.sln
		SccProjectName3 = UnitTest/Ximura\u0020UnitTest\u0020Base
		SccLocalPath3 = UnitTest\\Ximura\u0020UnitTest\u0020Base
		SccProjectUniqueName4 = UnitTest\\Ximura\u0020UnitTest\u0020Communication\u0020Entities\\UT\u0020Ximura\u0020Communication\u0020Entities\u0020(4.0).csproj
		SccProjectTopLevelParentUniqueName4 = Ximura\u0020VS2010\u0020-\u0020Core.sln
		SccProjectName4 = UnitTest/Ximura\u0020UnitTest\u0020Communication\u0020Entities
		SccLocalPath4 = UnitTest\\Ximura\u0020UnitTest\u0020Communication\u0020Entities
		SccProjectUniqueName5 = UnitTest\\Ximura\u0020UnitTest\u0020Communication\u0020Messaging\\UT\u0020Ximura\u0020Communication\u0020Messaging\u0020(4.0).csproj
		SccProjectTopLevelParentUniqueName5 = Ximura\u0020VS2010\u0020-\u0020Core.sln
		SccProjectName5 = UnitTest/Ximura\u0020UnitTest\u0020Communication\u0020Messaging
		SccLocalPath5 = UnitTest\\Ximura\u0020UnitTest\u0020Communication\u0020Messaging
		SccProjectUniqueName6 = UnitTest\\Ximura\u0020UnitTest\u0020Data\\UT\u0020Ximura\u0020Data\u0020(4.0).csproj
		SccProjectTopLevelParentUniqueName6 = Ximura\u0020VS2010\u0020-\u0020Core.sln
		SccProjectName6 = UnitTest/Ximura\u0020UnitTest\u0020Data
		SccLocalPath6 = UnitTest\\Ximura\u0020UnitTest\u0020Data
		SccProjectUniqueName7 = Ximura\u0020Communication\u0020Entities\\Ximura\u0020Communication\u0020Entities\u0020(4.0).csproj
		SccProjectName7 = Ximura\u0020Communication\u0020Entities
		SccLocalPath7 = Ximura\u0020Communication\u0020Entities
		SccProjectUniqueName8 = Ximura\u0020Communication\u0020Messaging\\Ximura\u0020Communication\u0020Messaging\u0020(4.0).csproj
		SccProjectName8 = Ximura\u0020Communication\u0020Messaging
		SccLocalPath8 = Ximura\u0020Communication\u0020Messaging
		SccProjectUniqueName9 = Ximura\u0020Data\\Ximura\u0020Data\u0020(4.0).csproj
		SccProjectName9 = Ximura\u0020Data
		SccLocalPath9 = Ximura\u0020Data
		SccProjectUniqueName10 = Ximura\\Ximura\u0020(4.0).csproj
		SccProjectName10 = Ximura
		SccLocalPath10 = Ximura
	EndGlobalSection
	GlobalSection(SolutionConfigurationPlatforms) = preSolution
		Debug|Any CPU = Debug|Any CPU
		Debug|x64 = Debug|x64
		Debug|x86 = Debug|x86
		Release|Any CPU = Release|Any CPU
		Release|x64 = Release|x64
		Release|x86 = Release|x86
		SQL|Any CPU = SQL|Any CPU
		SQL|x64 = SQL|x64
		SQL|x86 = SQL|x86
		SQLBudubu|Any CPU = SQLBudubu|Any CPU
		SQLBudubu|x64 = SQLBudubu|x64
		SQLBudubu|x86 = SQLBudubu|x86
		XSSocNet x64 Release|Any CPU = XSSocNet x64 Release|Any CPU
		XSSocNet x64 Release|x64 = XSSocNet x64 Release|x64
		XSSocNet x64 Release|x86 = XSSocNet x64 Release|x86
		XSSocNet x86 Release|Any CPU = XSSocNet x86 Release|Any CPU
		XSSocNet x86 Release|x64 = XSSocNet x86 Release|x64
		XSSocNet x86 Release|x86 = XSSocNet x86 Release|x86
	EndGlobalSection
	GlobalSection(ProjectConfigurationPlatforms) = postSolution
		{93102A3C-BDFC-4EE6-824E-64869BD9318A}.Debug|Any CPU.ActiveCfg = Debug
		{93102A3C-BDFC-4EE6-824E-64869BD9318A}.Debug|x64.ActiveCfg = Debug
		{93102A3C-BDFC-4EE6-824E-64869BD9318A}.Debug|x86.ActiveCfg = Debug
		{93102A3C-BDFC-4EE6-824E-64869BD9318A}.Release|Any CPU.ActiveCfg = Release
		{93102A3C-BDFC-4EE6-824E-64869BD9318A}.Release|Any CPU.Build.0 = Release
		{93102A3C-BDFC-4EE6-824E-64869BD9318A}.Release|x64.ActiveCfg = Release
		{93102A3C-BDFC-4EE6-824E-64869BD9318A}.Release|x86.ActiveCfg = Release
		{93102A3C-BDFC-4EE6-824E-64869BD9318A}.SQL|Any CPU.ActiveCfg = Release
		{93102A3C-BDFC-4EE6-824E-64869BD9318A}.SQL|Any CPU.Build.0 = Release
		{93102A3C-BDFC-4EE6-824E-64869BD9318A}.SQL|x64.ActiveCfg = Release
		{93102A3C-BDFC-4EE6-824E-64869BD9318A}.SQL|x64.Build.0 = Release
		{93102A3C-BDFC-4EE6-824E-64869BD9318A}.SQL|x86.ActiveCfg = Release
		{93102A3C-BDFC-4EE6-824E-64869BD9318A}.SQL|x86.Build.0 = Release
		{93102A3C-BDFC-4EE6-824E-64869BD9318A}.SQLBudubu|Any CPU.ActiveCfg = Release
		{93102A3C-BDFC-4EE6-824E-64869BD9318A}.SQLBudubu|Any CPU.Build.0 = Release
		{93102A3C-BDFC-4EE6-824E-64869BD9318A}.SQLBudubu|x64.ActiveCfg = Release
		{93102A3C-BDFC-4EE6-824E-64869BD9318A}.SQLBudubu|x64.Build.0 = Release
		{93102A3C-BDFC-4EE6-824E-64869BD9318A}.SQLBudubu|x86.ActiveCfg = Release
		{93102A3C-BDFC-4EE6-824E-64869BD9318A}.SQLBudubu|x86.Build.0 = Release
		{93102A3C-BDFC-4EE6-824E-64869BD9318A}.XSSocNet x64 Release|Any CPU.ActiveCfg = Release
		{93102A3C-BDFC-4EE6-824E-64869BD9318A}.XSSocNet x64 Release|Any CPU.Build.0 = Release
		{93102A3C-BDFC-4EE6-824E-64869BD9318A}.XSSocNet x64 Release|x64.ActiveCfg = Release
		{93102A3C-BDFC-4EE6-824E-64869BD9318A}.XSSocNet x64 Release|x64.Build.0 = Release
		{93102A3C-BDFC-4EE6-824E-64869BD9318A}.XSSocNet x64 Release|x86.ActiveCfg = Release
		{93102A3C-BDFC-4EE6-824E-64869BD9318A}.XSSocNet x64 Release|x86.Build.0 = Release
		{93102A3C-BDFC-4EE6-824E-64869BD9318A}.XSSocNet x86 Release|Any CPU.ActiveCfg = Release
		{93102A3C-BDFC-4EE6-824E-64869BD9318A}.XSSocNet x86 Release|Any CPU.Build.0 = Release
		{93102A3C-BDFC-4EE6-824E-64869BD9318A}.XSSocNet x86 Release|x64.ActiveCfg = Release
		{93102A3C-BDFC-4EE6-824E-64869BD9318A}.XSSocNet x86 Release|x64.Build.0 = Release
		{93102A3C-BDFC-4EE6-824E-64869BD9318A}.XSSocNet x86 Release|x86.ActiveCfg = Release
		{93102A3C-BDFC-4EE6-824E-64869BD9318A}.XSSocNet x86 Release|x86.Build.0 = Release
		{039133D4-A947-405C-A441-71DF106C9EE5}.Debug|Any CPU.ActiveCfg = Debug|Any CPU
		{039133D4-A947-405C-A441-71DF106C9EE5}.Debug|Any CPU.Build.0 = Debug|Any CPU
		{039133D4-A947-405C-A441-71DF106C9EE5}.Debug|x64.ActiveCfg = Debug|x64
		{039133D4-A947-405C-A441-71DF106C9EE5}.Debug|x64.Build.0 = Debug|x64
		{039133D4-A947-405C-A441-71DF106C9EE5}.Debug|x86.ActiveCfg = Debug|x86
		{039133D4-A947-405C-A441-71DF106C9EE5}.Debug|x86.Build.0 = Debug|x86
		{039133D4-A947-405C-A441-71DF106C9EE5}.Release|Any CPU.ActiveCfg = Release|Any CPU
		{039133D4-A947-405C-A441-71DF106C9EE5}.Release|Any CPU.Build.0 = Release|Any CPU
		{039133D4-A947-405C-A441-71DF106C9EE5}.Release|x64.ActiveCfg = Release|x64
		{039133D4-A947-405C-A441-71DF106C9EE5}.Release|x64.Build.0 = Release|x64
		{039133D4-A947-405C-A441-71DF106C9EE5}.Release|x86.ActiveCfg = Release|x86
		{039133D4-A947-405C-A441-71DF106C9EE5}.Release|x86.Build.0 = Release|x86
		{039133D4-A947-405C-A441-71DF106C9EE5}.SQL|Any CPU.ActiveCfg = XSSocNet x86 Release|x64
		{039133D4-A947-405C-A441-71DF106C9EE5}.SQL|x64.ActiveCfg = XSSocNet x86 Release|x64
		{039133D4-A947-405C-A441-71DF106C9EE5}.SQL|x64.Build.0 = XSSocNet x86 Release|x64
		{039133D4-A947-405C-A441-71DF106C9EE5}.SQL|x86.ActiveCfg = XSSocNet x86 Release|x64
		{039133D4-A947-405C-A441-71DF106C9EE5}.SQLBudubu|Any CPU.ActiveCfg = XSSocNet x86 Release|x64
		{039133D4-A947-405C-A441-71DF106C9EE5}.SQLBudubu|x64.ActiveCfg = XSSocNet x86 Release|x64
		{039133D4-A947-405C-A441-71DF106C9EE5}.SQLBudubu|x64.Build.0 = XSSocNet x86 Release|x64
		{039133D4-A947-405C-A441-71DF106C9EE5}.SQLBudubu|x86.ActiveCfg = XSSocNet x86 Release|x64
		{039133D4-A947-405C-A441-71DF106C9EE5}.XSSocNet x64 Release|Any CPU.ActiveCfg = XSSocNet x64 Release|Any CPU
		{039133D4-A947-405C-A441-71DF106C9EE5}.XSSocNet x64 Release|Any CPU.Build.0 = XSSocNet x64 Release|Any CPU
		{039133D4-A947-405C-A441-71DF106C9EE5}.XSSocNet x64 Release|x64.ActiveCfg = XSSocNet x64 Release|x64
		{039133D4-A947-405C-A441-71DF106C9EE5}.XSSocNet x64 Release|x64.Build.0 = XSSocNet x64 Release|x64
		{039133D4-A947-405C-A441-71DF106C9EE5}.XSSocNet x64 Release|x86.ActiveCfg = XSSocNet x64 Release|x86
		{039133D4-A947-405C-A441-71DF106C9EE5}.XSSocNet x64 Release|x86.Build.0 = XSSocNet x64 Release|x86
		{039133D4-A947-405C-A441-71DF106C9EE5}.XSSocNet x86 Release|Any CPU.ActiveCfg = XSSocNet x86 Release|Any CPU
		{039133D4-A947-405C-A441-71DF106C9EE5}.XSSocNet x86 Release|Any CPU.Build.0 = XSSocNet x86 Release|Any CPU
		{039133D4-A947-405C-A441-71DF106C9EE5}.XSSocNet x86 Release|x64.ActiveCfg = XSSocNet x86 Release|x64
		{039133D4-A947-405C-A441-71DF106C9EE5}.XSSocNet x86 Release|x64.Build.0 = XSSocNet x86 Release|x64
		{039133D4-A947-405C-A441-71DF106C9EE5}.XSSocNet x86 Release|x86.ActiveCfg = XSSocNet x86 Release|x86
		{039133D4-A947-405C-A441-71DF106C9EE5}.XSSocNet x86 Release|x86.Build.0 = XSSocNet x86 Release|x86
		{9A889F76-433A-4E2F-ACC9-8FDC24C9A499}.Debug|Any CPU.ActiveCfg = Debug|Any CPU
		{9A889F76-433A-4E2F-ACC9-8FDC24C9A499}.Debug|Any CPU.Build.0 = Debug|Any CPU
		{9A889F76-433A-4E2F-ACC9-8FDC24C9A499}.Debug|x64.ActiveCfg = Debug|x64
		{9A889F76-433A-4E2F-ACC9-8FDC24C9A499}.Debug|x64.Build.0 = Debug|x64
		{9A889F76-433A-4E2F-ACC9-8FDC24C9A499}.Debug|x86.ActiveCfg = Debug|x86
		{9A889F76-433A-4E2F-ACC9-8FDC24C9A499}.Debug|x86.Build.0 = Debug|x86
		{9A889F76-433A-4E2F-ACC9-8FDC24C9A499}.Release|Any CPU.ActiveCfg = Release|Any CPU
		{9A889F76-433A-4E2F-ACC9-8FDC24C9A499}.Release|Any CPU.Build.0 = Release|Any CPU
		{9A889F76-433A-4E2F-ACC9-8FDC24C9A499}.Release|x64.ActiveCfg = Release|x64
		{9A889F76-433A-4E2F-ACC9-8FDC24C9A499}.Release|x64.Build.0 = Release|x64
		{9A889F76-433A-4E2F-ACC9-8FDC24C9A499}.Release|x86.ActiveCfg = Release|x86
		{9A889F76-433A-4E2F-ACC9-8FDC24C9A499}.Release|x86.Build.0 = Release|x86
		{9A889F76-433A-4E2F-ACC9-8FDC24C9A499}.SQL|Any CPU.ActiveCfg = Release|x64
		{9A889F76-433A-4E2F-ACC9-8FDC24C9A499}.SQL|x64.ActiveCfg = Release|x64
		{9A889F76-433A-4E2F-ACC9-8FDC24C9A499}.SQL|x64.Build.0 = Release|x64
		{9A889F76-433A-4E2F-ACC9-8FDC24C9A499}.SQL|x86.ActiveCfg = Release|x64
		{9A889F76-433A-4E2F-ACC9-8FDC24C9A499}.SQLBudubu|Any CPU.ActiveCfg = Release|x64
		{9A889F76-433A-4E2F-ACC9-8FDC24C9A499}.SQLBudubu|x64.ActiveCfg = Release|x64
		{9A889F76-433A-4E2F-ACC9-8FDC24C9A499}.SQLBudubu|x64.Build.0 = Release|x64
		{9A889F76-433A-4E2F-ACC9-8FDC24C9A499}.SQLBudubu|x86.ActiveCfg = Release|x64
		{9A889F76-433A-4E2F-ACC9-8FDC24C9A499}.XSSocNet x64 Release|Any CPU.ActiveCfg = Release|Any CPU
		{9A889F76-433A-4E2F-ACC9-8FDC24C9A499}.XSSocNet x64 Release|Any CPU.Build.0 = Release|Any CPU
		{9A889F76-433A-4E2F-ACC9-8FDC24C9A499}.XSSocNet x64 Release|x64.ActiveCfg = Release|x64
		{9A889F76-433A-4E2F-ACC9-8FDC24C9A499}.XSSocNet x64 Release|x64.Build.0 = Release|x64
		{9A889F76-433A-4E2F-ACC9-8FDC24C9A499}.XSSocNet x64 Release|x86.ActiveCfg = Release|x64
		{9A889F76-433A-4E2F-ACC9-8FDC24C9A499}.XSSocNet x86 Release|Any CPU.ActiveCfg = Release|Any CPU
		{9A889F76-433A-4E2F-ACC9-8FDC24C9A499}.XSSocNet x86 Release|Any CPU.Build.0 = Release|Any CPU
		{9A889F76-433A-4E2F-ACC9-8FDC24C9A499}.XSSocNet x86 Release|x64.ActiveCfg = Release|x64
		{9A889F76-433A-4E2F-ACC9-8FDC24C9A499}.XSSocNet x86 Release|x64.Build.0 = Release|x64
		{9A889F76-433A-4E2F-ACC9-8FDC24C9A499}.XSSocNet x86 Release|x86.ActiveCfg = Release|x64
		{FFA9FB5D-5D7A-417B-BEBE-2D78D53F3A1B}.Debug|Any CPU.ActiveCfg = Debug|Any CPU
		{FFA9FB5D-5D7A-417B-BEBE-2D78D53F3A1B}.Debug|Any CPU.Build.0 = Debug|Any CPU
		{FFA9FB5D-5D7A-417B-BEBE-2D78D53F3A1B}.Debug|x64.ActiveCfg = Debug|x64
		{FFA9FB5D-5D7A-417B-BEBE-2D78D53F3A1B}.Debug|x64.Build.0 = Debug|x64
		{FFA9FB5D-5D7A-417B-BEBE-2D78D53F3A1B}.Debug|x86.ActiveCfg = Debug|x86
		{FFA9FB5D-5D7A-417B-BEBE-2D78D53F3A1B}.Debug|x86.Build.0 = Debug|x86
		{FFA9FB5D-5D7A-417B-BEBE-2D78D53F3A1B}.Release|Any CPU.ActiveCfg = Release|Any CPU
		{FFA9FB5D-5D7A-417B-BEBE-2D78D53F3A1B}.Release|Any CPU.Build.0 = Release|Any CPU
		{FFA9FB5D-5D7A-417B-BEBE-2D78D53F3A1B}.Release|x64.ActiveCfg = Release|x64
		{FFA9FB5D-5D7A-417B-BEBE-2D78D53F3A1B}.Release|x64.Build.0 = Release|x64
		{FFA9FB5D-5D7A-417B-BEBE-2D78D53F3A1B}.Release|x86.ActiveCfg = Release|x86
		{FFA9FB5D-5D7A-417B-BEBE-2D78D53F3A1B}.Release|x86.Build.0 = Release|x86
		{FFA9FB5D-5D7A-417B-BEBE-2D78D53F3A1B}.SQL|Any CPU.ActiveCfg = Release|x64
		{FFA9FB5D-5D7A-417B-BEBE-2D78D53F3A1B}.SQL|x64.ActiveCfg = Release|x64
		{FFA9FB5D-5D7A-417B-BEBE-2D78D53F3A1B}.SQL|x64.Build.0 = Release|x64
		{FFA9FB5D-5D7A-417B-BEBE-2D78D53F3A1B}.SQL|x86.ActiveCfg = Release|x64
		{FFA9FB5D-5D7A-417B-BEBE-2D78D53F3A1B}.SQLBudubu|Any CPU.ActiveCfg = Release|x64
		{FFA9FB5D-5D7A-417B-BEBE-2D78D53F3A1B}.SQLBudubu|x64.ActiveCfg = Release|x64
		{FFA9FB5D-5D7A-417B-BEBE-2D78D53F3A1B}.SQLBudubu|x64.Build.0 = Release|x64
		{FFA9FB5D-5D7A-417B-BEBE-2D78D53F3A1B}.SQLBudubu|x86.ActiveCfg = Release|x64
		{FFA9FB5D-5D7A-417B-BEBE-2D78D53F3A1B}.XSSocNet x64 Release|Any CPU.ActiveCfg = Release|Any CPU
		{FFA9FB5D-5D7A-417B-BEBE-2D78D53F3A1B}.XSSocNet x64 Release|Any CPU.Build.0 = Release|Any CPU
		{FFA9FB5D-5D7A-417B-BEBE-2D78D53F3A1B}.XSSocNet x64 Release|x64.ActiveCfg = Release|x64
		{FFA9FB5D-5D7A-417B-BEBE-2D78D53F3A1B}.XSSocNet x64 Release|x64.Build.0 = Release|x64
		{FFA9FB5D-5D7A-417B-BEBE-2D78D53F3A1B}.XSSocNet x64 Release|x86.ActiveCfg = Release|x86
		{FFA9FB5D-5D7A-417B-BEBE-2D78D53F3A1B}.XSSocNet x64 Release|x86.Build.0 = Release|x86
		{FFA9FB5D-5D7A-417B-BEBE-2D78D53F3A1B}.XSSocNet x86 Release|Any CPU.ActiveCfg = Release|Any CPU
		{FFA9FB5D-5D7A-417B-BEBE-2D78D53F3A1B}.XSSocNet x86 Release|Any CPU.Build.0 = Release|Any CPU
		{FFA9FB5D-5D7A-417B-BEBE-2D78D53F3A1B}.XSSocNet x86 Release|x64.ActiveCfg = Release|x64
		{FFA9FB5D-5D7A-417B-BEBE-2D78D53F3A1B}.XSSocNet x86 Release|x64.Build.0 = Release|x64
		{FFA9FB5D-5D7A-417B-BEBE-2D78D53F3A1B}.XSSocNet x86 Release|x86.ActiveCfg = Release|x86
		{FFA9FB5D-5D7A-417B-BEBE-2D78D53F3A1B}.XSSocNet x86 Release|x86.Build.0 = Release|x86
		{D42810A1-F0D3-4233-9554-625C51E2FEE7}.Debug|Any CPU.ActiveCfg = Debug|Any CPU
		{D42810A1-F0D3-4233-9554-625C51E2FEE7}.Debug|Any CPU.Build.0 = Debug|Any CPU
		{D42810A1-F0D3-4233-9554-625C51E2FEE7}.Debug|x64.ActiveCfg = Debug|Any CPU
		{D42810A1-F0D3-4233-9554-625C51E2FEE7}.Debug|x86.ActiveCfg = Debug|x86
		{D42810A1-F0D3-4233-9554-625C51E2FEE7}.Debug|x86.Build.0 = Debug|x86
		{D42810A1-F0D3-4233-9554-625C51E2FEE7}.Release|Any CPU.ActiveCfg = Release|Any CPU
		{D42810A1-F0D3-4233-9554-625C51E2FEE7}.Release|Any CPU.Build.0 = Release|Any CPU
		{D42810A1-F0D3-4233-9554-625C51E2FEE7}.Release|x64.ActiveCfg = Release|Any CPU
		{D42810A1-F0D3-4233-9554-625C51E2FEE7}.Release|x86.ActiveCfg = Release|Any CPU
		{D42810A1-F0D3-4233-9554-625C51E2FEE7}.SQL|Any CPU.ActiveCfg = Release|Any CPU
		{D42810A1-F0D3-4233-9554-625C51E2FEE7}.SQL|Any CPU.Build.0 = Release|Any CPU
		{D42810A1-F0D3-4233-9554-625C51E2FEE7}.SQL|x64.ActiveCfg = Release|Any CPU
		{D42810A1-F0D3-4233-9554-625C51E2FEE7}.SQL|x86.ActiveCfg = Release|Any CPU
		{D42810A1-F0D3-4233-9554-625C51E2FEE7}.SQLBudubu|Any CPU.ActiveCfg = Release|Any CPU
		{D42810A1-F0D3-4233-9554-625C51E2FEE7}.SQLBudubu|Any CPU.Build.0 = Release|Any CPU
		{D42810A1-F0D3-4233-9554-625C51E2FEE7}.SQLBudubu|x64.ActiveCfg = Release|Any CPU
		{D42810A1-F0D3-4233-9554-625C51E2FEE7}.SQLBudubu|x86.ActiveCfg = Release|Any CPU
		{D42810A1-F0D3-4233-9554-625C51E2FEE7}.XSSocNet x64 Release|Any CPU.ActiveCfg = Release|Any CPU
		{D42810A1-F0D3-4233-9554-625C51E2FEE7}.XSSocNet x64 Release|Any CPU.Build.0 = Release|Any CPU
		{D42810A1-F0D3-4233-9554-625C51E2FEE7}.XSSocNet x64 Release|x64.ActiveCfg = Release|Any CPU
		{D42810A1-F0D3-4233-9554-625C51E2FEE7}.XSSocNet x64 Release|x86.ActiveCfg = Release|Any CPU
		{D42810A1-F0D3-4233-9554-625C51E2FEE7}.XSSocNet x86 Release|Any CPU.ActiveCfg = Release|Any CPU
		{D42810A1-F0D3-4233-9554-625C51E2FEE7}.XSSocNet x86 Release|Any CPU.Build.0 = Release|Any CPU
		{D42810A1-F0D3-4233-9554-625C51E2FEE7}.XSSocNet x86 Release|x64.ActiveCfg = Release|Any CPU
		{D42810A1-F0D3-4233-9554-625C51E2FEE7}.XSSocNet x86 Release|x86.ActiveCfg = Release|Any CPU
		{CB25D110-8967-4CBE-91B6-C3D4E4C1BCC8}.Debug|Any CPU.ActiveCfg = Debug|Any CPU
		{CB25D110-8967-4CBE-91B6-C3D4E4C1BCC8}.Debug|Any CPU.Build.0 = Debug|Any CPU
		{CB25D110-8967-4CBE-91B6-C3D4E4C1BCC8}.Debug|x64.ActiveCfg = Debug|Any CPU
		{CB25D110-8967-4CBE-91B6-C3D4E4C1BCC8}.Debug|x86.ActiveCfg = Debug|x86
		{CB25D110-8967-4CBE-91B6-C3D4E4C1BCC8}.Debug|x86.Build.0 = Debug|x86
		{CB25D110-8967-4CBE-91B6-C3D4E4C1BCC8}.Release|Any CPU.ActiveCfg = Release|Any CPU
		{CB25D110-8967-4CBE-91B6-C3D4E4C1BCC8}.Release|Any CPU.Build.0 = Release|Any CPU
		{CB25D110-8967-4CBE-91B6-C3D4E4C1BCC8}.Release|x64.ActiveCfg = Release|Any CPU
		{CB25D110-8967-4CBE-91B6-C3D4E4C1BCC8}.Release|x86.ActiveCfg = Release|Any CPU
		{CB25D110-8967-4CBE-91B6-C3D4E4C1BCC8}.SQL|Any CPU.ActiveCfg = Release|Any CPU
		{CB25D110-8967-4CBE-91B6-C3D4E4C1BCC8}.SQL|Any CPU.Build.0 = Release|Any CPU
		{CB25D110-8967-4CBE-91B6-C3D4E4C1BCC8}.SQL|x64.ActiveCfg = Release|Any CPU
		{CB25D110-8967-4CBE-91B6-C3D4E4C1BCC8}.SQL|x86.ActiveCfg = Release|Any CPU
		{CB25D110-8967-4CBE-91B6-C3D4E4C1BCC8}.SQLBudubu|Any CPU.ActiveCfg = Release|Any CPU
		{CB25D110-8967-4CBE-91B6-C3D4E4C1BCC8}.SQLBudubu|Any CPU.Build.0 = Release|Any CPU
		{CB25D110-8967-4CBE-91B6-C3D4E4C1BCC8}.SQLBudubu|x64.ActiveCfg = Release|Any CPU
		{CB25D110-8967-4CBE-91B6-C3D4E4C1BCC8}.SQLBudubu|x86.ActiveCfg = Release|Any CPU
		{CB25D110-8967-4CBE-91B6-C3D4E4C1BCC8}.XSSocNet x64 Release|Any CPU.ActiveCfg = Release|Any CPU
		{CB25D110-8967-4CBE-91B6-C3D4E4C1BCC8}.XSSocNet x64 Release|Any CPU.Build.0 = Release|Any CPU
		{CB25D110-8967-4CBE-91B6-C3D4E4C1BCC8}.XSSocNet x64 Release|x64.ActiveCfg = Release|Any CPU
		{CB25D110-8967-4CBE-91B6-C3D4E4C1BCC8}.XSSocNet x64 Release|x86.ActiveCfg = Release|Any CPU
		{CB25D110-8967-4CBE-91B6-C3D4E4C1BCC8}.XSSocNet x86 Release|Any CPU.ActiveCfg = Release|Any CPU
		{CB25D110-8967-4CBE-91B6-C3D4E4C1BCC8}.XSSocNet x86 Release|Any CPU.Build.0 = Release|Any CPU
		{CB25D110-8967-4CBE-91B6-C3D4E4C1BCC8}.XSSocNet x86 Release|x64.ActiveCfg = Release|Any CPU
		{CB25D110-8967-4CBE-91B6-C3D4E4C1BCC8}.XSSocNet x86 Release|x86.ActiveCfg = Release|Any CPU
		{4EB77EFC-5E84-446B-AA1A-C3121DEF7082}.Debug|Any CPU.ActiveCfg = Debug|Any CPU
		{4EB77EFC-5E84-446B-AA1A-C3121DEF7082}.Debug|Any CPU.Build.0 = Debug|Any CPU
		{4EB77EFC-5E84-446B-AA1A-C3121DEF7082}.Debug|x64.ActiveCfg = Debug|Any CPU
		{4EB77EFC-5E84-446B-AA1A-C3121DEF7082}.Debug|x86.ActiveCfg = Debug|x86
		{4EB77EFC-5E84-446B-AA1A-C3121DEF7082}.Debug|x86.Build.0 = Debug|x86
		{4EB77EFC-5E84-446B-AA1A-C3121DEF7082}.Release|Any CPU.ActiveCfg = Release|Any CPU
		{4EB77EFC-5E84-446B-AA1A-C3121DEF7082}.Release|Any CPU.Build.0 = Release|Any CPU
		{4EB77EFC-5E84-446B-AA1A-C3121DEF7082}.Release|x64.ActiveCfg = Release|Any CPU
		{4EB77EFC-5E84-446B-AA1A-C3121DEF7082}.Release|x86.ActiveCfg = Release|Any CPU
		{4EB77EFC-5E84-446B-AA1A-C3121DEF7082}.SQL|Any CPU.ActiveCfg = Release|Any CPU
		{4EB77EFC-5E84-446B-AA1A-C3121DEF7082}.SQL|Any CPU.Build.0 = Release|Any CPU
		{4EB77EFC-5E84-446B-AA1A-C3121DEF7082}.SQL|x64.ActiveCfg = Release|Any CPU
		{4EB77EFC-5E84-446B-AA1A-C3121DEF7082}.SQL|x86.ActiveCfg = Release|Any CPU
		{4EB77EFC-5E84-446B-AA1A-C3121DEF7082}.SQLBudubu|Any CPU.ActiveCfg = Release|Any CPU
		{4EB77EFC-5E84-446B-AA1A-C3121DEF7082}.SQLBudubu|Any CPU.Build.0 = Release|Any CPU
		{4EB77EFC-5E84-446B-AA1A-C3121DEF7082}.SQLBudubu|x64.ActiveCfg = Release|Any CPU
		{4EB77EFC-5E84-446B-AA1A-C3121DEF7082}.SQLBudubu|x86.ActiveCfg = Release|Any CPU
		{4EB77EFC-5E84-446B-AA1A-C3121DEF7082}.XSSocNet x64 Release|Any CPU.ActiveCfg = Release|Any CPU
		{4EB77EFC-5E84-446B-AA1A-C3121DEF7082}.XSSocNet x64 Release|Any CPU.Build.0 = Release|Any CPU
		{4EB77EFC-5E84-446B-AA1A-C3121DEF7082}.XSSocNet x64 Release|x64.ActiveCfg = Release|Any CPU
		{4EB77EFC-5E84-446B-AA1A-C3121DEF7082}.XSSocNet x64 Release|x86.ActiveCfg = Release|Any CPU
		{4EB77EFC-5E84-446B-AA1A-C3121DEF7082}.XSSocNet x86 Release|Any CPU.ActiveCfg = Release|Any CPU
		{4EB77EFC-5E84-446B-AA1A-C3121DEF7082}.XSSocNet x86 Release|Any CPU.Build.0 = Release|Any CPU
		{4EB77EFC-5E84-446B-AA1A-C3121DEF7082}.XSSocNet x86 Release|x64.ActiveCfg = Release|Any CPU
		{4EB77EFC-5E84-446B-AA1A-C3121DEF7082}.XSSocNet x86 Release|x86.ActiveCfg = Release|Any CPU
		{05909CCF-5124-464D-B2FB-8DDCA43E3AC5}.Debug|Any CPU.ActiveCfg = Debug|Any CPU
		{05909CCF-5124-464D-B2FB-8DDCA43E3AC5}.Debug|Any CPU.Build.0 = Debug|Any CPU
		{05909CCF-5124-464D-B2FB-8DDCA43E3AC5}.Debug|x64.ActiveCfg = Debug|Any CPU
		{05909CCF-5124-464D-B2FB-8DDCA43E3AC5}.Debug|x86.ActiveCfg = Debug|x86
		{05909CCF-5124-464D-B2FB-8DDCA43E3AC5}.Debug|x86.Build.0 = Debug|x86
		{05909CCF-5124-464D-B2FB-8DDCA43E3AC5}.Release|Any CPU.ActiveCfg = Release|Any CPU
		{05909CCF-5124-464D-B2FB-8DDCA43E3AC5}.Release|Any CPU.Build.0 = Release|Any CPU
		{05909CCF-5124-464D-B2FB-8DDCA43E3AC5}.Release|x64.ActiveCfg = Release|Any CPU
		{05909CCF-5124-464D-B2FB-8DDCA43E3AC5}.Release|x86.ActiveCfg = Release|Any CPU
		{05909CCF-5124-464D-B2FB-8DDCA43E3AC5}.SQL|Any CPU.ActiveCfg = Release|Any CPU
		{05909CCF-5124-464D-B2FB-8DDCA43E3AC5}.SQL|Any CPU.Build.0 = Release|Any CPU
		{05909CCF-5124-464D-B2FB-8DDCA43E3AC5}.SQL|x64.ActiveCfg = Release|Any CPU
		{05909CCF-5124-464D-B2FB-8DDCA43E3AC5}.SQL|x86.ActiveCfg = Release|Any CPU
		{05909CCF-5124-464D-B2FB-8DDCA43E3AC5}.SQLBudubu|Any CPU.ActiveCfg = Release|Any CPU
		{05909CCF-5124-464D-B2FB-8DDCA43E3AC5}.SQLBudubu|Any CPU.Build.0 = Release|Any CPU
		{05909CCF-5124-464D-B2FB-8DDCA43E3AC5}.SQLBudubu|x64.ActiveCfg = Release|Any CPU
		{05909CCF-5124-464D-B2FB-8DDCA43E3AC5}.SQLBudubu|x86.ActiveCfg = Release|Any CPU
		{05909CCF-5124-464D-B2FB-8DDCA43E3AC5}.XSSocNet x64 Release|Any CPU.ActiveCfg = Release|Any CPU
		{05909CCF-5124-464D-B2FB-8DDCA43E3AC5}.XSSocNet x64 Release|Any CPU.Build.0 = Release|Any CPU
		{05909CCF-5124-464D-B2FB-8DDCA43E3AC5}.XSSocNet x64 Release|x64.ActiveCfg = Release|Any CPU
		{05909CCF-5124-464D-B2FB-8DDCA43E3AC5}.XSSocNet x64 Release|x86.ActiveCfg = Release|Any CPU
		{05909CCF-5124-464D-B2FB-8DDCA43E3AC5}.XSSocNet x86 Release|Any CPU.ActiveCfg = Release|Any CPU
		{05909CCF-5124-464D-B2FB-8DDCA43E3AC5}.XSSocNet x86 Release|Any CPU.Build.0 = Release|Any CPU
		{05909CCF-5124-464D-B2FB-8DDCA43E3AC5}.XSSocNet x86 Release|x64.ActiveCfg = Release|Any CPU
		{05909CCF-5124-464D-B2FB-8DDCA43E3AC5}.XSSocNet x86 Release|x86.ActiveCfg = Release|Any CPU
		{7C2684DD-A055-4A7A-88D6-EC5BAE28AEB2}.Debug|Any CPU.ActiveCfg = Debug|Any CPU
		{7C2684DD-A055-4A7A-88D6-EC5BAE28AEB2}.Debug|Any CPU.Build.0 = Debug|Any CPU
		{7C2684DD-A055-4A7A-88D6-EC5BAE28AEB2}.Debug|x64.ActiveCfg = Debug|x64
		{7C2684DD-A055-4A7A-88D6-EC5BAE28AEB2}.Debug|x64.Build.0 = Debug|x64
		{7C2684DD-A055-4A7A-88D6-EC5BAE28AEB2}.Debug|x86.ActiveCfg = Debug|x86
		{7C2684DD-A055-4A7A-88D6-EC5BAE28AEB2}.Debug|x86.Build.0 = Debug|x86
		{7C2684DD-A055-4A7A-88D6-EC5BAE28AEB2}.Release|Any CPU.ActiveCfg = Release|Any CPU
		{7C2684DD-A055-4A7A-88D6-EC5BAE28AEB2}.Release|Any CPU.Build.0 = Release|Any CPU
		{7C2684DD-A055-4A7A-88D6-EC5BAE28AEB2}.Release|x64.ActiveCfg = Release|x64
		{7C2684DD-A055-4A7A-88D6-EC5BAE28AEB2}.Release|x64.Build.0 = Release|x64
		{7C2684DD-A055-4A7A-88D6-EC5BAE28AEB2}.Release|x86.ActiveCfg = Release|x86
		{7C2684DD-A055-4A7A-88D6-EC5BAE28AEB2}.Release|x86.Build.0 = Release|x86
		{7C2684DD-A055-4A7A-88D6-EC5BAE28AEB2}.SQL|Any CPU.ActiveCfg = SQL|Any CPU
		{7C2684DD-A055-4A7A-88D6-EC5BAE28AEB2}.SQL|Any CPU.Build.0 = SQL|Any CPU
		{7C2684DD-A055-4A7A-88D6-EC5BAE28AEB2}.SQL|x64.ActiveCfg = SQL|x64
		{7C2684DD-A055-4A7A-88D6-EC5BAE28AEB2}.SQL|x64.Build.0 = SQL|x64
		{7C2684DD-A055-4A7A-88D6-EC5BAE28AEB2}.SQL|x86.ActiveCfg = SQL|x86
		{7C2684DD-A055-4A7A-88D6-EC5BAE28AEB2}.SQL|x86.Build.0 = SQL|x86
		{7C2684DD-A055-4A7A-88D6-EC5BAE28AEB2}.SQLBudubu|Any CPU.ActiveCfg = SQLBudubu|Any CPU
		{7C2684DD-A055-4A7A-88D6-EC5BAE28AEB2}.SQLBudubu|Any CPU.Build.0 = SQLBudubu|Any CPU
		{7C2684DD-A055-4A7A-88D6-EC5BAE28AEB2}.SQLBudubu|x64.ActiveCfg = SQLBudubu|x64
		{7C2684DD-A055-4A7A-88D6-EC5BAE28AEB2}.SQLBudubu|x64.Build.0 = SQLBudubu|x64
		{7C2684DD-A055-4A7A-88D6-EC5BAE28AEB2}.SQLBudubu|x86.ActiveCfg = SQLBudubu|x86
		{7C2684DD-A055-4A7A-88D6-EC5BAE28AEB2}.SQLBudubu|x86.Build.0 = SQLBudubu|x86
		{7C2684DD-A055-4A7A-88D6-EC5BAE28AEB2}.XSSocNet x64 Release|Any CPU.ActiveCfg = XSSocNet x64 Release|Any CPU
		{7C2684DD-A055-4A7A-88D6-EC5BAE28AEB2}.XSSocNet x64 Release|Any CPU.Build.0 = XSSocNet x64 Release|Any CPU
		{7C2684DD-A055-4A7A-88D6-EC5BAE28AEB2}.XSSocNet x64 Release|x64.ActiveCfg = XSSocNet x64 Release|x64
		{7C2684DD-A055-4A7A-88D6-EC5BAE28AEB2}.XSSocNet x64 Release|x64.Build.0 = XSSocNet x64 Release|x64
		{7C2684DD-A055-4A7A-88D6-EC5BAE28AEB2}.XSSocNet x64 Release|x86.ActiveCfg = XSSocNet x64 Release|x86
		{7C2684DD-A055-4A7A-88D6-EC5BAE28AEB2}.XSSocNet x64 Release|x86.Build.0 = XSSocNet x64 Release|x86
		{7C2684DD-A055-4A7A-88D6-EC5BAE28AEB2}.XSSocNet x86 Release|Any CPU.ActiveCfg = XSSocNet x86 Release|Any CPU
		{7C2684DD-A055-4A7A-88D6-EC5BAE28AEB2}.XSSocNet x86 Release|Any CPU.Build.0 = XSSocNet x86 Release|Any CPU
		{7C2684DD-A055-4A7A-88D6-EC5BAE28AEB2}.XSSocNet x86 Release|x64.ActiveCfg = XSSocNet x86 Release|x64
		{7C2684DD-A055-4A7A-88D6-EC5BAE28AEB2}.XSSocNet x86 Release|x64.Build.0 = XSSocNet x86 Release|x64
		{7C2684DD-A055-4A7A-88D6-EC5BAE28AEB2}.XSSocNet x86 Release|x86.ActiveCfg = XSSocNet x86 Release|x86
		{7C2684DD-A055-4A7A-88D6-EC5BAE28AEB2}.XSSocNet x86 Release|x86.Build.0 = XSSocNet x86 Release|x86
		{7727E180-73B7-474B-84F6-BF0C6FFB181E}.Debug|Any CPU.ActiveCfg = Debug|Any CPU
		{7727E180-73B7-474B-84F6-BF0C6FFB181E}.Debug|Any CPU.Build.0 = Debug|Any CPU
		{7727E180-73B7-474B-84F6-BF0C6FFB181E}.Debug|x64.ActiveCfg = Debug|x64
		{7727E180-73B7-474B-84F6-BF0C6FFB181E}.Debug|x64.Build.0 = Debug|x64
		{7727E180-73B7-474B-84F6-BF0C6FFB181E}.Debug|x86.ActiveCfg = Debug|x86
		{7727E180-73B7-474B-84F6-BF0C6FFB181E}.Debug|x86.Build.0 = Debug|x86
		{7727E180-73B7-474B-84F6-BF0C6FFB181E}.Release|Any CPU.ActiveCfg = Release|Any CPU
		{7727E180-73B7-474B-84F6-BF0C6FFB181E}.Release|Any CPU.Build.0 = Release|Any CPU
		{7727E180-73B7-474B-84F6-BF0C6FFB181E}.Release|x64.ActiveCfg = Release|x64
		{7727E180-73B7-474B-84F6-BF0C6FFB181E}.Release|x64.Build.0 = Release|x64
		{7727E180-73B7-474B-84F6-BF0C6FFB181E}.Release|x86.ActiveCfg = Release|x86
		{7727E180-73B7-474B-84F6-BF0C6FFB181E}.Release|x86.Build.0 = Release|x86
		{7727E180-73B7-474B-84F6-BF0C6FFB181E}.SQL|Any CPU.ActiveCfg = XSSocNet x86 Release|x64
		{7727E180-73B7-474B-84F6-BF0C6FFB181E}.SQL|x64.ActiveCfg = XSSocNet x86 Release|x64
		{7727E180-73B7-474B-84F6-BF0C6FFB181E}.SQL|x64.Build.0 = XSSocNet x86 Release|x64
		{7727E180-73B7-474B-84F6-BF0C6FFB181E}.SQL|x86.ActiveCfg = XSSocNet x86 Release|x64
		{7727E180-73B7-474B-84F6-BF0C6FFB181E}.SQLBudubu|Any CPU.ActiveCfg = XSSocNet x86 Release|x64
		{7727E180-73B7-474B-84F6-BF0C6FFB181E}.SQLBudubu|x64.ActiveCfg = XSSocNet x86 Release|x64
		{7727E180-73B7-474B-84F6-BF0C6FFB181E}.SQLBudubu|x64.Build.0 = XSSocNet x86 Release|x64
		{7727E180-73B7-474B-84F6-BF0C6FFB181E}.SQLBudubu|x86.ActiveCfg = XSSocNet x86 Release|x64
		{7727E180-73B7-474B-84F6-BF0C6FFB181E}.XSSocNet x64 Release|Any CPU.ActiveCfg = XSSocNet x64 Release|Any CPU
		{7727E180-73B7-474B-84F6-BF0C6FFB181E}.XSSocNet x64 Release|Any CPU.Build.0 = XSSocNet x64 Release|Any CPU
		{7727E180-73B7-474B-84F6-BF0C6FFB181E}.XSSocNet x64 Release|x64.ActiveCfg = XSSocNet x64 Release|x64
		{7727E180-73B7-474B-84F6-BF0C6FFB181E}.XSSocNet x64 Release|x64.Build.0 = XSSocNet x64 Release|x64
		{7727E180-73B7-474B-84F6-BF0C6FFB181E}.XSSocNet x64 Release|x86.ActiveCfg = XSSocNet x64 Release|x86
		{7727E180-73B7-474B-84F6-BF0C6FFB181E}.XSSocNet x64 Release|x86.Build.0 = XSSocNet x64 Release|x86
		{7727E180-73B7-474B-84F6-BF0C6FFB181E}.XSSocNet x86 Release|Any CPU.ActiveCfg = XSSocNet x86 Release|Any CPU
		{7727E180-73B7-474B-84F6-BF0C6FFB181E}.XSSocNet x86 Release|Any CPU.Build.0 = XSSocNet x86 Release|Any CPU
		{7727E180-73B7-474B-84F6-BF0C6FFB181E}.XSSocNet x86 Release|x64.ActiveCfg = XSSocNet x86 Release|x64
		{7727E180-73B7-474B-84F6-BF0C6FFB181E}.XSSocNet x86 Release|x64.Build.0 = XSSocNet x86 Release|x64
		{7727E180-73B7-474B-84F6-BF0C6FFB181E}.XSSocNet x86 Release|x86.ActiveCfg = XSSocNet x86 Release|x86
		{7727E180-73B7-474B-84F6-BF0C6FFB181E}.XSSocNet x86 Release|x86.Build.0 = XSSocNet x86 Release|x86
	EndGlobalSection
	GlobalSection(SolutionProperties) = preSolution
		HideSolutionNode = FALSE
	EndGlobalSection
	GlobalSection(NestedProjects) = preSolution
		{93102A3C-BDFC-4EE6-824E-64869BD9318A} = {087F6EA3-CF6A-4ACB-A02A-F57BDADB36F5}
		{5D43FCD5-1638-46BC-A6E5-09580AC64A45} = {BA6FB0EF-699E-44BC-8226-B54D6473F383}
		{9A889F76-433A-4E2F-ACC9-8FDC24C9A499} = {BA6FB0EF-699E-44BC-8226-B54D6473F383}
		{FFA9FB5D-5D7A-417B-BEBE-2D78D53F3A1B} = {BA6FB0EF-699E-44BC-8226-B54D6473F383}
		{D42810A1-F0D3-4233-9554-625C51E2FEE7} = {BA6FB0EF-699E-44BC-8226-B54D6473F383}
		{CB25D110-8967-4CBE-91B6-C3D4E4C1BCC8} = {BA6FB0EF-699E-44BC-8226-B54D6473F383}
		{05909CCF-5124-464D-B2FB-8DDCA43E3AC5} = {BA6FB0EF-699E-44BC-8226-B54D6473F383}
	EndGlobalSection
EndGlobal
