
Microsoft Visual Studio Solution File, Format Version 10.00
# Visual Studio 2008
Project("{FAE04EC0-301F-11D3-BF4B-00C04F79EFBC}") = "Ximura Base", "Ximura Base\Ximura Base.csproj", "{7C2684DD-A055-4A7A-88D6-EC5BAE28AEB2}"
EndProject
Project("{FAE04EC0-301F-11D3-BF4B-00C04F79EFBC}") = "Ximura", "Ximura\Ximura.csproj", "{218ED92E-5D40-40DF-B6A2-11DEF3133589}"
EndProject
Project("{FAE04EC0-301F-11D3-BF4B-00C04F79EFBC}") = "Ximura Data", "Ximura Data\Ximura Data.csproj", "{7727E180-73B7-474B-84F6-BF0C6FFB181E}"
EndProject
Project("{FAE04EC0-301F-11D3-BF4B-00C04F79EFBC}") = "Ximura Communication", "Ximura Communication\Ximura Communication.csproj", "{D944608C-F5EA-4F48-9F8A-C9523EFCCA03}"
EndProject
Project("{2150E333-8FDC-42A3-9474-1A3956D46DE8}") = "Templates", "Templates", "{87F07B4C-AD44-4D1B-A258-7AC97F777B8C}"
EndProject
Project("{FAE04EC0-301F-11D3-BF4B-00C04F79EFBC}") = "Ximura Templates - Internet Server", "Templates\Internet Server\Ximura Templates - Internet Server.csproj", "{A699103F-0896-4FDE-A854-11DD86462BAE}"
EndProject
Project("{2150E333-8FDC-42A3-9474-1A3956D46DE8}") = "Installers", "Installers", "{087F6EA3-CF6A-4ACB-A02A-F57BDADB36F5}"
EndProject
Project("{2150E333-8FDC-42A3-9474-1A3956D46DE8}") = "Database", "Database", "{FF8C56FD-0733-4A75-BD56-4C4A48FF9D07}"
EndProject
Project("{FAE04EC0-301F-11D3-BF4B-00C04F79EFBC}") = "Ximura Windows Service", "Ximura Windows\Service\Ximura Windows Service.csproj", "{FA9E4C4F-DA88-43F1-8AA0-C31E609450F5}"
EndProject
Project("{2150E333-8FDC-42A3-9474-1A3956D46DE8}") = "Debug", "Debug", "{A6E6EC32-1E3C-45EA-B6B9-E7BF22D47A04}"
EndProject
Project("{2150E333-8FDC-42A3-9474-1A3956D46DE8}") = "Windows", "Windows", "{B8ED5428-62A7-41AB-A2D9-684AE29F6935}"
EndProject
Project("{FAE04EC0-301F-11D3-BF4B-00C04F79EFBC}") = "Ximura Windows Base", "Ximura Windows\Base\Ximura Windows Base.csproj", "{6AB7C1E0-3CCE-47AA-8CB1-583A3368C10F}"
EndProject
Project("{FAE04EC0-301F-11D3-BF4B-00C04F79EFBC}") = "Ximura Windows Host", "Ximura Windows\WindowHost\Ximura Windows Host.csproj", "{9232C921-5754-4F61-9B3A-024FB1359E44}"
EndProject
Project("{2150E333-8FDC-42A3-9474-1A3956D46DE8}") = "Samples", "Samples", "{1996C980-86D3-4C5D-96D0-CF0644FE504E}"
EndProject
Project("{54435603-DBB4-11D2-8724-00A0C9A8B90C}") = "Ximura Installer 32 bit", "Installers\Ximura Installer\Ximura Installer 32 bit.vdproj", "{93102A3C-BDFC-4EE6-824E-64869BD9318A}"
EndProject
Project("{54435603-DBB4-11D2-8724-00A0C9A8B90C}") = "Ximura Installer 32 bit", "Installers\Ximura Installer\Ximura Installer 64 bit.vdproj", "{47F5C9CF-5256-481A-8AEE-BE1531A8B747}"
EndProject
Project("{FAE04EC0-301F-11D3-BF4B-00C04F79EFBC}") = "Ximura Communication Entities", "Ximura Communication Entities\Ximura Communication Entities.csproj", "{039133D4-A947-405C-A441-71DF106C9EE5}"
EndProject
Project("{2150E333-8FDC-42A3-9474-1A3956D46DE8}") = "Social Networking", "Social Networking", "{6A858B30-099F-419E-8ECD-6FA902EDE5EF}"
EndProject
Project("{2150E333-8FDC-42A3-9474-1A3956D46DE8}") = "Windows", "Windows", "{5A8280D9-1A07-4013-8D49-1A0FA4FAC4C7}"
EndProject
Project("{2150E333-8FDC-42A3-9474-1A3956D46DE8}") = "Installers", "Installers", "{1C9A3409-8DB6-4450-A5AB-862BDB5687D1}"
EndProject
Project("{FAE04EC0-301F-11D3-BF4B-00C04F79EFBC}") = "XS SocialNetworking Common", "Samples\Social Networking\Common\XS SocialNetworking Common.csproj", "{D9A6D00E-00EB-40C2-BDF3-D1D82C818532}"
EndProject
Project("{FAE04EC0-301F-11D3-BF4B-00C04F79EFBC}") = "XS SocialNetworking Entities", "Samples\Social Networking\Entities\XS SocialNetworking Entities.csproj", "{4913989D-87D9-4709-A5E5-E90842DD52BD}"
EndProject
Project("{FAE04EC0-301F-11D3-BF4B-00C04F79EFBC}") = "XS SocialNetworking Presentation", "Samples\Social Networking\Presentation\XS SocialNetworking Presentation.csproj", "{76755398-4D11-4C9E-AB9E-58721FD887A0}"
EndProject
Project("{FAE04EC0-301F-11D3-BF4B-00C04F79EFBC}") = "XS SocialNetworking Windows Host", "Samples\Social Networking\Console\XS SocialNetworking Windows Host.csproj", "{B0DD023E-F2D8-498D-B8E2-F67525BE118E}"
EndProject
Project("{FAE04EC0-301F-11D3-BF4B-00C04F79EFBC}") = "XS SocialNetworking Windows Service", "Samples\Social Networking\Service\XS SocialNetworking Windows Service.csproj", "{47F390F1-0733-42C6-84B0-90EF85345B51}"
EndProject
Project("{54435603-DBB4-11D2-8724-00A0C9A8B90C}") = "Ximura Samples SocialNetworking x86", "Samples\Social Networking\Installers\Ximura Samples SocialNetworking x86\Ximura Samples SocialNetworking x86.vdproj", "{F30D19C1-88F4-48DE-A095-28532468CBE5}"
EndProject
Project("{54435603-DBB4-11D2-8724-00A0C9A8B90C}") = "Ximura Samples SocialNetworking x64", "Samples\Social Networking\Installers\Ximura Samples SocialNetworking x64\Ximura Samples SocialNetworking x64.vdproj", "{7890A7F6-6D50-48D6-AEA3-A07DE9CE22FB}"
EndProject
Project("{2150E333-8FDC-42A3-9474-1A3956D46DE8}") = "UnitTest", "UnitTest", "{BA6FB0EF-699E-44BC-8226-B54D6473F383}"
EndProject
Project("{FAE04EC0-301F-11D3-BF4B-00C04F79EFBC}") = "Ximura UnitTest Base", "UnitTest\Ximura UnitTest Base\Ximura UnitTest Base.csproj", "{9A889F76-433A-4E2F-ACC9-8FDC24C9A499}"
EndProject
Project("{FAE04EC0-301F-11D3-BF4B-00C04F79EFBC}") = "Ximura UnitTest Base Console", "UnitTest\Ximura UnitTest Base Console\Ximura UnitTest Base Console.csproj", "{FFA9FB5D-5D7A-417B-BEBE-2D78D53F3A1B}"
EndProject
Project("{FAE04EC0-301F-11D3-BF4B-00C04F79EFBC}") = "Ximura Security Database SQL2008", "Ximura Security Database SQL2008\Ximura Security Database SQL2008.csproj", "{3A5BE8F7-04A8-4F12-9020-415FF2413665}"
EndProject
Project("{FAE04EC0-301F-11D3-BF4B-00C04F79EFBC}") = "Ximura Persistence Database SQL2008", "Ximura Persistence Database SQL2008\Ximura Persistence Database SQL2008.csproj", "{2AF0404A-BBCA-49CE-9F1D-8E6A02351185}"
EndProject
Project("{2150E333-8FDC-42A3-9474-1A3956D46DE8}") = "Workflow", "Workflow", "{29C84AE2-C15C-4433-A0A3-CFB7997DDA3C}"
EndProject
Project("{FAE04EC0-301F-11D3-BF4B-00C04F79EFBC}") = "Ximura Workflow", "Ximura Workflow\Ximura Workflow.csproj", "{F90E6A2B-0534-49F1-9ABC-5F1EC3078F02}"
EndProject
Project("{2150E333-8FDC-42A3-9474-1A3956D46DE8}") = "Solution Items", "Solution Items", "{5D43FCD5-1638-46BC-A6E5-09580AC64A45}"
	ProjectSection(SolutionItems) = preProject
		LocalTestRun.testrunconfig = LocalTestRun.testrunconfig
		Ximura.vsmdi = Ximura.vsmdi
	EndProjectSection
EndProject
Project("{FAE04EC0-301F-11D3-BF4B-00C04F79EFBC}") = "Ximura UnitTest Data", "UnitTest\Ximura UnitTest Data\Ximura UnitTest Data.csproj", "{D42810A1-F0D3-4233-9554-625C51E2FEE7}"
EndProject
Project("{FAE04EC0-301F-11D3-BF4B-00C04F79EFBC}") = "Ximura Data Persistence", "Ximura Data Persistence\Ximura Data Persistence.csproj", "{79C7BB97-6ABB-4E63-829D-5B5F7A76F987}"
EndProject
Project("{2150E333-8FDC-42A3-9474-1A3956D46DE8}") = "Windows ASP.NET", "Windows ASP.NET", "{627C95D5-C525-4A35-96DF-2777B40C5A8A}"
EndProject
Project("{FAE04EC0-301F-11D3-BF4B-00C04F79EFBC}") = "Ximura Web Auth", "Ximura Windows\Web\AuthModule\Ximura Web Auth.csproj", "{100B22CF-CA0B-4A70-B655-BBAB350F4891}"
EndProject
Project("{2150E333-8FDC-42A3-9474-1A3956D46DE8}") = "Test", "Test", "{F6169DD2-4E2B-41AF-BDB4-2E27BD8B3CAF}"
EndProject
Project("{FAE04EC0-301F-11D3-BF4B-00C04F79EFBC}") = "Ximura Web Auth Test", "Ximura Windows\Web\AuthModuleTest\Ximura Web Auth Test.csproj", "{3C31E603-6E5F-4167-BF66-77079A526252}"
EndProject
Project("{FAE04EC0-301F-11D3-BF4B-00C04F79EFBC}") = "Ximura Security Data", "Ximura Security Data\Ximura Security Data.csproj", "{79671FEB-6E9F-4366-8A34-D4A75102C711}"
EndProject
Project("{2150E333-8FDC-42A3-9474-1A3956D46DE8}") = "Security", "Security", "{5485C82A-546D-45C8-9D86-B8A2247AEF2A}"
EndProject
Project("{FAE04EC0-301F-11D3-BF4B-00C04F79EFBC}") = "Ximura Security Data Persistence", "Ximura Security Data Persistence\Ximura Security Data Persistence.csproj", "{20695881-D5BF-4EF7-9C40-159B9AC56778}"
EndProject
Project("{2150E333-8FDC-42A3-9474-1A3956D46DE8}") = "UnitTest", "UnitTest", "{1BFBD36E-FAE4-4708-8CAD-5CB98FD47932}"
EndProject
Project("{FAE04EC0-301F-11D3-BF4B-00C04F79EFBC}") = "Ximura Security UnitTest", "Ximura Security UnitTest\Ximura Security UnitTest.csproj", "{DEE5CFBA-78A8-4DCE-B342-61CC6561B613}"
EndProject
Project("{FAE04EC0-301F-11D3-BF4B-00C04F79EFBC}") = "Ximura UnitTest Data Persistence", "UnitTest\Ximura UnitTest Data Persistence\Ximura UnitTest Data Persistence.csproj", "{954737FC-6852-4583-B179-3438759F18A6}"
EndProject
Project("{FAE04EC0-301F-11D3-BF4B-00C04F79EFBC}") = "Ximura UnitTest Communication Entities", "UnitTest\Ximura UnitTest Communication Entities\Ximura UnitTest Communication Entities.csproj", "{CB25D110-8967-4CBE-91B6-C3D4E4C1BCC8}"
EndProject
Project("{FAE04EC0-301F-11D3-BF4B-00C04F79EFBC}") = "Ximura UnitTest Communication", "UnitTest\Ximura UnitTest Communication\Ximura UnitTest Communication.csproj", "{6B57E92D-9A0D-454B-A95E-D71BCBAF535A}"
EndProject
Global
	GlobalSection(TestCaseManagementSettings) = postSolution
		CategoryFile = Ximura.vsmdi
	EndGlobalSection
	GlobalSection(SolutionConfigurationPlatforms) = preSolution
		Debug|Any CPU = Debug|Any CPU
		Debug|x64 = Debug|x64
		Debug|x86 = Debug|x86
		Release|Any CPU = Release|Any CPU
		Release|x64 = Release|x64
		Release|x86 = Release|x86
		SQL|Any CPU = SQL|Any CPU
		SQL|x64 = SQL|x64
		SQL|x86 = SQL|x86
		SQLBudubu|Any CPU = SQLBudubu|Any CPU
		SQLBudubu|x64 = SQLBudubu|x64
		SQLBudubu|x86 = SQLBudubu|x86
		XSSocNet x64 Release|Any CPU = XSSocNet x64 Release|Any CPU
		XSSocNet x64 Release|x64 = XSSocNet x64 Release|x64
		XSSocNet x64 Release|x86 = XSSocNet x64 Release|x86
		XSSocNet x86 Release|Any CPU = XSSocNet x86 Release|Any CPU
		XSSocNet x86 Release|x64 = XSSocNet x86 Release|x64
		XSSocNet x86 Release|x86 = XSSocNet x86 Release|x86
	EndGlobalSection
	GlobalSection(ProjectConfigurationPlatforms) = postSolution
		{7C2684DD-A055-4A7A-88D6-EC5BAE28AEB2}.Debug|Any CPU.ActiveCfg = Debug|Any CPU
		{7C2684DD-A055-4A7A-88D6-EC5BAE28AEB2}.Debug|Any CPU.Build.0 = Debug|Any CPU
		{7C2684DD-A055-4A7A-88D6-EC5BAE28AEB2}.Debug|x64.ActiveCfg = Debug|x64
		{7C2684DD-A055-4A7A-88D6-EC5BAE28AEB2}.Debug|x64.Build.0 = Debug|x64
		{7C2684DD-A055-4A7A-88D6-EC5BAE28AEB2}.Debug|x86.ActiveCfg = Debug|x86
		{7C2684DD-A055-4A7A-88D6-EC5BAE28AEB2}.Debug|x86.Build.0 = Debug|x86
		{7C2684DD-A055-4A7A-88D6-EC5BAE28AEB2}.Release|Any CPU.ActiveCfg = Release|Any CPU
		{7C2684DD-A055-4A7A-88D6-EC5BAE28AEB2}.Release|Any CPU.Build.0 = Release|Any CPU
		{7C2684DD-A055-4A7A-88D6-EC5BAE28AEB2}.Release|x64.ActiveCfg = Release|x64
		{7C2684DD-A055-4A7A-88D6-EC5BAE28AEB2}.Release|x64.Build.0 = Release|x64
		{7C2684DD-A055-4A7A-88D6-EC5BAE28AEB2}.Release|x86.ActiveCfg = Release|x86
		{7C2684DD-A055-4A7A-88D6-EC5BAE28AEB2}.Release|x86.Build.0 = Release|x86
		{7C2684DD-A055-4A7A-88D6-EC5BAE28AEB2}.SQL|Any CPU.ActiveCfg = SQL|Any CPU
		{7C2684DD-A055-4A7A-88D6-EC5BAE28AEB2}.SQL|Any CPU.Build.0 = SQL|Any CPU
		{7C2684DD-A055-4A7A-88D6-EC5BAE28AEB2}.SQL|x64.ActiveCfg = SQL|x64
		{7C2684DD-A055-4A7A-88D6-EC5BAE28AEB2}.SQL|x64.Build.0 = SQL|x64
		{7C2684DD-A055-4A7A-88D6-EC5BAE28AEB2}.SQL|x86.ActiveCfg = SQL|x86
		{7C2684DD-A055-4A7A-88D6-EC5BAE28AEB2}.SQL|x86.Build.0 = SQL|x86
		{7C2684DD-A055-4A7A-88D6-EC5BAE28AEB2}.SQLBudubu|Any CPU.ActiveCfg = SQLBudubu|Any CPU
		{7C2684DD-A055-4A7A-88D6-EC5BAE28AEB2}.SQLBudubu|Any CPU.Build.0 = SQLBudubu|Any CPU
		{7C2684DD-A055-4A7A-88D6-EC5BAE28AEB2}.SQLBudubu|x64.ActiveCfg = SQLBudubu|x64
		{7C2684DD-A055-4A7A-88D6-EC5BAE28AEB2}.SQLBudubu|x64.Build.0 = SQLBudubu|x64
		{7C2684DD-A055-4A7A-88D6-EC5BAE28AEB2}.SQLBudubu|x86.ActiveCfg = SQLBudubu|x86
		{7C2684DD-A055-4A7A-88D6-EC5BAE28AEB2}.SQLBudubu|x86.Build.0 = SQLBudubu|x86
		{7C2684DD-A055-4A7A-88D6-EC5BAE28AEB2}.XSSocNet x64 Release|Any CPU.ActiveCfg = XSSocNet x64 Release|Any CPU
		{7C2684DD-A055-4A7A-88D6-EC5BAE28AEB2}.XSSocNet x64 Release|Any CPU.Build.0 = XSSocNet x64 Release|Any CPU
		{7C2684DD-A055-4A7A-88D6-EC5BAE28AEB2}.XSSocNet x64 Release|x64.ActiveCfg = XSSocNet x64 Release|x64
		{7C2684DD-A055-4A7A-88D6-EC5BAE28AEB2}.XSSocNet x64 Release|x64.Build.0 = XSSocNet x64 Release|x64
		{7C2684DD-A055-4A7A-88D6-EC5BAE28AEB2}.XSSocNet x64 Release|x86.ActiveCfg = XSSocNet x64 Release|x86
		{7C2684DD-A055-4A7A-88D6-EC5BAE28AEB2}.XSSocNet x64 Release|x86.Build.0 = XSSocNet x64 Release|x86
		{7C2684DD-A055-4A7A-88D6-EC5BAE28AEB2}.XSSocNet x86 Release|Any CPU.ActiveCfg = XSSocNet x86 Release|Any CPU
		{7C2684DD-A055-4A7A-88D6-EC5BAE28AEB2}.XSSocNet x86 Release|Any CPU.Build.0 = XSSocNet x86 Release|Any CPU
		{7C2684DD-A055-4A7A-88D6-EC5BAE28AEB2}.XSSocNet x86 Release|x64.ActiveCfg = XSSocNet x86 Release|x64
		{7C2684DD-A055-4A7A-88D6-EC5BAE28AEB2}.XSSocNet x86 Release|x64.Build.0 = XSSocNet x86 Release|x64
		{7C2684DD-A055-4A7A-88D6-EC5BAE28AEB2}.XSSocNet x86 Release|x86.ActiveCfg = XSSocNet x86 Release|x86
		{7C2684DD-A055-4A7A-88D6-EC5BAE28AEB2}.XSSocNet x86 Release|x86.Build.0 = XSSocNet x86 Release|x86
		{218ED92E-5D40-40DF-B6A2-11DEF3133589}.Debug|Any CPU.ActiveCfg = Debug|Any CPU
		{218ED92E-5D40-40DF-B6A2-11DEF3133589}.Debug|Any CPU.Build.0 = Debug|Any CPU
		{218ED92E-5D40-40DF-B6A2-11DEF3133589}.Debug|x64.ActiveCfg = Debug|x64
		{218ED92E-5D40-40DF-B6A2-11DEF3133589}.Debug|x64.Build.0 = Debug|x64
		{218ED92E-5D40-40DF-B6A2-11DEF3133589}.Debug|x86.ActiveCfg = Debug|x86
		{218ED92E-5D40-40DF-B6A2-11DEF3133589}.Debug|x86.Build.0 = Debug|x86
		{218ED92E-5D40-40DF-B6A2-11DEF3133589}.Release|Any CPU.ActiveCfg = Release|Any CPU
		{218ED92E-5D40-40DF-B6A2-11DEF3133589}.Release|Any CPU.Build.0 = Release|Any CPU
		{218ED92E-5D40-40DF-B6A2-11DEF3133589}.Release|x64.ActiveCfg = Release|x64
		{218ED92E-5D40-40DF-B6A2-11DEF3133589}.Release|x64.Build.0 = Release|x64
		{218ED92E-5D40-40DF-B6A2-11DEF3133589}.Release|x86.ActiveCfg = Release|x86
		{218ED92E-5D40-40DF-B6A2-11DEF3133589}.Release|x86.Build.0 = Release|x86
		{218ED92E-5D40-40DF-B6A2-11DEF3133589}.SQL|Any CPU.ActiveCfg = SQL|Any CPU
		{218ED92E-5D40-40DF-B6A2-11DEF3133589}.SQL|Any CPU.Build.0 = SQL|Any CPU
		{218ED92E-5D40-40DF-B6A2-11DEF3133589}.SQL|x64.ActiveCfg = SQL|x64
		{218ED92E-5D40-40DF-B6A2-11DEF3133589}.SQL|x64.Build.0 = SQL|x64
		{218ED92E-5D40-40DF-B6A2-11DEF3133589}.SQL|x86.ActiveCfg = SQL|x86
		{218ED92E-5D40-40DF-B6A2-11DEF3133589}.SQL|x86.Build.0 = SQL|x86
		{218ED92E-5D40-40DF-B6A2-11DEF3133589}.SQLBudubu|Any CPU.ActiveCfg = SQLBudubu|Any CPU
		{218ED92E-5D40-40DF-B6A2-11DEF3133589}.SQLBudubu|Any CPU.Build.0 = SQLBudubu|Any CPU
		{218ED92E-5D40-40DF-B6A2-11DEF3133589}.SQLBudubu|x64.ActiveCfg = SQLBudubu|x64
		{218ED92E-5D40-40DF-B6A2-11DEF3133589}.SQLBudubu|x64.Build.0 = SQLBudubu|x64
		{218ED92E-5D40-40DF-B6A2-11DEF3133589}.SQLBudubu|x86.ActiveCfg = SQLBudubu|x86
		{218ED92E-5D40-40DF-B6A2-11DEF3133589}.SQLBudubu|x86.Build.0 = SQLBudubu|x86
		{218ED92E-5D40-40DF-B6A2-11DEF3133589}.XSSocNet x64 Release|Any CPU.ActiveCfg = XSSocNet x64 Release|Any CPU
		{218ED92E-5D40-40DF-B6A2-11DEF3133589}.XSSocNet x64 Release|Any CPU.Build.0 = XSSocNet x64 Release|Any CPU
		{218ED92E-5D40-40DF-B6A2-11DEF3133589}.XSSocNet x64 Release|x64.ActiveCfg = XSSocNet x64 Release|x64
		{218ED92E-5D40-40DF-B6A2-11DEF3133589}.XSSocNet x64 Release|x64.Build.0 = XSSocNet x64 Release|x64
		{218ED92E-5D40-40DF-B6A2-11DEF3133589}.XSSocNet x64 Release|x86.ActiveCfg = XSSocNet x64 Release|x86
		{218ED92E-5D40-40DF-B6A2-11DEF3133589}.XSSocNet x64 Release|x86.Build.0 = XSSocNet x64 Release|x86
		{218ED92E-5D40-40DF-B6A2-11DEF3133589}.XSSocNet x86 Release|Any CPU.ActiveCfg = XSSocNet x86 Release|Any CPU
		{218ED92E-5D40-40DF-B6A2-11DEF3133589}.XSSocNet x86 Release|Any CPU.Build.0 = XSSocNet x86 Release|Any CPU
		{218ED92E-5D40-40DF-B6A2-11DEF3133589}.XSSocNet x86 Release|x64.ActiveCfg = XSSocNet x86 Release|x64
		{218ED92E-5D40-40DF-B6A2-11DEF3133589}.XSSocNet x86 Release|x64.Build.0 = XSSocNet x86 Release|x64
		{218ED92E-5D40-40DF-B6A2-11DEF3133589}.XSSocNet x86 Release|x86.ActiveCfg = XSSocNet x86 Release|x86
		{218ED92E-5D40-40DF-B6A2-11DEF3133589}.XSSocNet x86 Release|x86.Build.0 = XSSocNet x86 Release|x86
		{7727E180-73B7-474B-84F6-BF0C6FFB181E}.Debug|Any CPU.ActiveCfg = Debug|Any CPU
		{7727E180-73B7-474B-84F6-BF0C6FFB181E}.Debug|Any CPU.Build.0 = Debug|Any CPU
		{7727E180-73B7-474B-84F6-BF0C6FFB181E}.Debug|x64.ActiveCfg = Debug|x64
		{7727E180-73B7-474B-84F6-BF0C6FFB181E}.Debug|x64.Build.0 = Debug|x64
		{7727E180-73B7-474B-84F6-BF0C6FFB181E}.Debug|x86.ActiveCfg = Debug|x86
		{7727E180-73B7-474B-84F6-BF0C6FFB181E}.Debug|x86.Build.0 = Debug|x86
		{7727E180-73B7-474B-84F6-BF0C6FFB181E}.Release|Any CPU.ActiveCfg = Release|Any CPU
		{7727E180-73B7-474B-84F6-BF0C6FFB181E}.Release|Any CPU.Build.0 = Release|Any CPU
		{7727E180-73B7-474B-84F6-BF0C6FFB181E}.Release|x64.ActiveCfg = Release|x64
		{7727E180-73B7-474B-84F6-BF0C6FFB181E}.Release|x64.Build.0 = Release|x64
		{7727E180-73B7-474B-84F6-BF0C6FFB181E}.Release|x86.ActiveCfg = Release|x86
		{7727E180-73B7-474B-84F6-BF0C6FFB181E}.Release|x86.Build.0 = Release|x86
		{7727E180-73B7-474B-84F6-BF0C6FFB181E}.SQL|Any CPU.ActiveCfg = Release|x64
		{7727E180-73B7-474B-84F6-BF0C6FFB181E}.SQL|x64.ActiveCfg = Release|x64
		{7727E180-73B7-474B-84F6-BF0C6FFB181E}.SQL|x64.Build.0 = Release|x64
		{7727E180-73B7-474B-84F6-BF0C6FFB181E}.SQL|x86.ActiveCfg = Release|x64
		{7727E180-73B7-474B-84F6-BF0C6FFB181E}.SQLBudubu|Any CPU.ActiveCfg = Release|x64
		{7727E180-73B7-474B-84F6-BF0C6FFB181E}.SQLBudubu|x64.ActiveCfg = Release|x64
		{7727E180-73B7-474B-84F6-BF0C6FFB181E}.SQLBudubu|x64.Build.0 = Release|x64
		{7727E180-73B7-474B-84F6-BF0C6FFB181E}.SQLBudubu|x86.ActiveCfg = Release|x64
		{7727E180-73B7-474B-84F6-BF0C6FFB181E}.XSSocNet x64 Release|Any CPU.ActiveCfg = XSSocNet x64 Release|Any CPU
		{7727E180-73B7-474B-84F6-BF0C6FFB181E}.XSSocNet x64 Release|Any CPU.Build.0 = XSSocNet x64 Release|Any CPU
		{7727E180-73B7-474B-84F6-BF0C6FFB181E}.XSSocNet x64 Release|x64.ActiveCfg = XSSocNet x64 Release|x64
		{7727E180-73B7-474B-84F6-BF0C6FFB181E}.XSSocNet x64 Release|x64.Build.0 = XSSocNet x64 Release|x64
		{7727E180-73B7-474B-84F6-BF0C6FFB181E}.XSSocNet x64 Release|x86.ActiveCfg = XSSocNet x64 Release|x86
		{7727E180-73B7-474B-84F6-BF0C6FFB181E}.XSSocNet x64 Release|x86.Build.0 = XSSocNet x64 Release|x86
		{7727E180-73B7-474B-84F6-BF0C6FFB181E}.XSSocNet x86 Release|Any CPU.ActiveCfg = XSSocNet x86 Release|Any CPU
		{7727E180-73B7-474B-84F6-BF0C6FFB181E}.XSSocNet x86 Release|Any CPU.Build.0 = XSSocNet x86 Release|Any CPU
		{7727E180-73B7-474B-84F6-BF0C6FFB181E}.XSSocNet x86 Release|x64.ActiveCfg = XSSocNet x86 Release|x64
		{7727E180-73B7-474B-84F6-BF0C6FFB181E}.XSSocNet x86 Release|x64.Build.0 = XSSocNet x86 Release|x64
		{7727E180-73B7-474B-84F6-BF0C6FFB181E}.XSSocNet x86 Release|x86.ActiveCfg = XSSocNet x86 Release|x86
		{7727E180-73B7-474B-84F6-BF0C6FFB181E}.XSSocNet x86 Release|x86.Build.0 = XSSocNet x86 Release|x86
		{D944608C-F5EA-4F48-9F8A-C9523EFCCA03}.Debug|Any CPU.ActiveCfg = Debug|Any CPU
		{D944608C-F5EA-4F48-9F8A-C9523EFCCA03}.Debug|Any CPU.Build.0 = Debug|Any CPU
		{D944608C-F5EA-4F48-9F8A-C9523EFCCA03}.Debug|x64.ActiveCfg = Debug|x64
		{D944608C-F5EA-4F48-9F8A-C9523EFCCA03}.Debug|x64.Build.0 = Debug|x64
		{D944608C-F5EA-4F48-9F8A-C9523EFCCA03}.Debug|x86.ActiveCfg = Debug|x86
		{D944608C-F5EA-4F48-9F8A-C9523EFCCA03}.Debug|x86.Build.0 = Debug|x86
		{D944608C-F5EA-4F48-9F8A-C9523EFCCA03}.Release|Any CPU.ActiveCfg = Release|Any CPU
		{D944608C-F5EA-4F48-9F8A-C9523EFCCA03}.Release|Any CPU.Build.0 = Release|Any CPU
		{D944608C-F5EA-4F48-9F8A-C9523EFCCA03}.Release|x64.ActiveCfg = Release|x64
		{D944608C-F5EA-4F48-9F8A-C9523EFCCA03}.Release|x64.Build.0 = Release|x64
		{D944608C-F5EA-4F48-9F8A-C9523EFCCA03}.Release|x86.ActiveCfg = Release|x86
		{D944608C-F5EA-4F48-9F8A-C9523EFCCA03}.Release|x86.Build.0 = Release|x86
		{D944608C-F5EA-4F48-9F8A-C9523EFCCA03}.SQL|Any CPU.ActiveCfg = SQL|Any CPU
		{D944608C-F5EA-4F48-9F8A-C9523EFCCA03}.SQL|Any CPU.Build.0 = SQL|Any CPU
		{D944608C-F5EA-4F48-9F8A-C9523EFCCA03}.SQL|x64.ActiveCfg = SQL|x64
		{D944608C-F5EA-4F48-9F8A-C9523EFCCA03}.SQL|x64.Build.0 = SQL|x64
		{D944608C-F5EA-4F48-9F8A-C9523EFCCA03}.SQL|x86.ActiveCfg = SQL|x86
		{D944608C-F5EA-4F48-9F8A-C9523EFCCA03}.SQL|x86.Build.0 = SQL|x86
		{D944608C-F5EA-4F48-9F8A-C9523EFCCA03}.SQLBudubu|Any CPU.ActiveCfg = SQLBudubu|Any CPU
		{D944608C-F5EA-4F48-9F8A-C9523EFCCA03}.SQLBudubu|Any CPU.Build.0 = SQLBudubu|Any CPU
		{D944608C-F5EA-4F48-9F8A-C9523EFCCA03}.SQLBudubu|x64.ActiveCfg = SQLBudubu|x64
		{D944608C-F5EA-4F48-9F8A-C9523EFCCA03}.SQLBudubu|x64.Build.0 = SQLBudubu|x64
		{D944608C-F5EA-4F48-9F8A-C9523EFCCA03}.SQLBudubu|x86.ActiveCfg = SQLBudubu|x86
		{D944608C-F5EA-4F48-9F8A-C9523EFCCA03}.SQLBudubu|x86.Build.0 = SQLBudubu|x86
		{D944608C-F5EA-4F48-9F8A-C9523EFCCA03}.XSSocNet x64 Release|Any CPU.ActiveCfg = XSSocNet x64 Release|Any CPU
		{D944608C-F5EA-4F48-9F8A-C9523EFCCA03}.XSSocNet x64 Release|Any CPU.Build.0 = XSSocNet x64 Release|Any CPU
		{D944608C-F5EA-4F48-9F8A-C9523EFCCA03}.XSSocNet x64 Release|x64.ActiveCfg = XSSocNet x64 Release|x64
		{D944608C-F5EA-4F48-9F8A-C9523EFCCA03}.XSSocNet x64 Release|x64.Build.0 = XSSocNet x64 Release|x64
		{D944608C-F5EA-4F48-9F8A-C9523EFCCA03}.XSSocNet x64 Release|x86.ActiveCfg = XSSocNet x64 Release|x86
		{D944608C-F5EA-4F48-9F8A-C9523EFCCA03}.XSSocNet x64 Release|x86.Build.0 = XSSocNet x64 Release|x86
		{D944608C-F5EA-4F48-9F8A-C9523EFCCA03}.XSSocNet x86 Release|Any CPU.ActiveCfg = XSSocNet x86 Release|Any CPU
		{D944608C-F5EA-4F48-9F8A-C9523EFCCA03}.XSSocNet x86 Release|Any CPU.Build.0 = XSSocNet x86 Release|Any CPU
		{D944608C-F5EA-4F48-9F8A-C9523EFCCA03}.XSSocNet x86 Release|x64.ActiveCfg = XSSocNet x86 Release|x64
		{D944608C-F5EA-4F48-9F8A-C9523EFCCA03}.XSSocNet x86 Release|x64.Build.0 = XSSocNet x86 Release|x64
		{D944608C-F5EA-4F48-9F8A-C9523EFCCA03}.XSSocNet x86 Release|x86.ActiveCfg = XSSocNet x86 Release|x86
		{D944608C-F5EA-4F48-9F8A-C9523EFCCA03}.XSSocNet x86 Release|x86.Build.0 = XSSocNet x86 Release|x86
		{A699103F-0896-4FDE-A854-11DD86462BAE}.Debug|Any CPU.ActiveCfg = Debug|Any CPU
		{A699103F-0896-4FDE-A854-11DD86462BAE}.Debug|Any CPU.Build.0 = Debug|Any CPU
		{A699103F-0896-4FDE-A854-11DD86462BAE}.Debug|x64.ActiveCfg = Debug|x64
		{A699103F-0896-4FDE-A854-11DD86462BAE}.Debug|x64.Build.0 = Debug|x64
		{A699103F-0896-4FDE-A854-11DD86462BAE}.Debug|x86.ActiveCfg = Debug|x86
		{A699103F-0896-4FDE-A854-11DD86462BAE}.Debug|x86.Build.0 = Debug|x86
		{A699103F-0896-4FDE-A854-11DD86462BAE}.Release|Any CPU.ActiveCfg = Release|Any CPU
		{A699103F-0896-4FDE-A854-11DD86462BAE}.Release|Any CPU.Build.0 = Release|Any CPU
		{A699103F-0896-4FDE-A854-11DD86462BAE}.Release|x64.ActiveCfg = Release|x64
		{A699103F-0896-4FDE-A854-11DD86462BAE}.Release|x64.Build.0 = Release|x64
		{A699103F-0896-4FDE-A854-11DD86462BAE}.Release|x86.ActiveCfg = Release|x86
		{A699103F-0896-4FDE-A854-11DD86462BAE}.Release|x86.Build.0 = Release|x86
		{A699103F-0896-4FDE-A854-11DD86462BAE}.SQL|Any CPU.ActiveCfg = Release|x86
		{A699103F-0896-4FDE-A854-11DD86462BAE}.SQL|x64.ActiveCfg = Release|x86
		{A699103F-0896-4FDE-A854-11DD86462BAE}.SQL|x86.ActiveCfg = Release|x86
		{A699103F-0896-4FDE-A854-11DD86462BAE}.SQL|x86.Build.0 = Release|x86
		{A699103F-0896-4FDE-A854-11DD86462BAE}.SQLBudubu|Any CPU.ActiveCfg = Release|x86
		{A699103F-0896-4FDE-A854-11DD86462BAE}.SQLBudubu|x64.ActiveCfg = Release|x86
		{A699103F-0896-4FDE-A854-11DD86462BAE}.SQLBudubu|x86.ActiveCfg = Release|x86
		{A699103F-0896-4FDE-A854-11DD86462BAE}.SQLBudubu|x86.Build.0 = Release|x86
		{A699103F-0896-4FDE-A854-11DD86462BAE}.XSSocNet x64 Release|Any CPU.ActiveCfg = Release|Any CPU
		{A699103F-0896-4FDE-A854-11DD86462BAE}.XSSocNet x64 Release|Any CPU.Build.0 = Release|Any CPU
		{A699103F-0896-4FDE-A854-11DD86462BAE}.XSSocNet x64 Release|x64.ActiveCfg = Release|x86
		{A699103F-0896-4FDE-A854-11DD86462BAE}.XSSocNet x64 Release|x86.ActiveCfg = Release|x86
		{A699103F-0896-4FDE-A854-11DD86462BAE}.XSSocNet x64 Release|x86.Build.0 = Release|x86
		{A699103F-0896-4FDE-A854-11DD86462BAE}.XSSocNet x86 Release|Any CPU.ActiveCfg = Release|Any CPU
		{A699103F-0896-4FDE-A854-11DD86462BAE}.XSSocNet x86 Release|Any CPU.Build.0 = Release|Any CPU
		{A699103F-0896-4FDE-A854-11DD86462BAE}.XSSocNet x86 Release|x64.ActiveCfg = Release|x86
		{A699103F-0896-4FDE-A854-11DD86462BAE}.XSSocNet x86 Release|x86.ActiveCfg = Release|x86
		{A699103F-0896-4FDE-A854-11DD86462BAE}.XSSocNet x86 Release|x86.Build.0 = Release|x86
		{FA9E4C4F-DA88-43F1-8AA0-C31E609450F5}.Debug|Any CPU.ActiveCfg = Debug|Any CPU
		{FA9E4C4F-DA88-43F1-8AA0-C31E609450F5}.Debug|Any CPU.Build.0 = Debug|Any CPU
		{FA9E4C4F-DA88-43F1-8AA0-C31E609450F5}.Debug|x64.ActiveCfg = Debug|x64
		{FA9E4C4F-DA88-43F1-8AA0-C31E609450F5}.Debug|x64.Build.0 = Debug|x64
		{FA9E4C4F-DA88-43F1-8AA0-C31E609450F5}.Debug|x86.ActiveCfg = Debug|x86
		{FA9E4C4F-DA88-43F1-8AA0-C31E609450F5}.Debug|x86.Build.0 = Debug|x86
		{FA9E4C4F-DA88-43F1-8AA0-C31E609450F5}.Release|Any CPU.ActiveCfg = Release|Any CPU
		{FA9E4C4F-DA88-43F1-8AA0-C31E609450F5}.Release|Any CPU.Build.0 = Release|Any CPU
		{FA9E4C4F-DA88-43F1-8AA0-C31E609450F5}.Release|x64.ActiveCfg = Release|x64
		{FA9E4C4F-DA88-43F1-8AA0-C31E609450F5}.Release|x64.Build.0 = Release|x64
		{FA9E4C4F-DA88-43F1-8AA0-C31E609450F5}.Release|x86.ActiveCfg = Release|x86
		{FA9E4C4F-DA88-43F1-8AA0-C31E609450F5}.Release|x86.Build.0 = Release|x86
		{FA9E4C4F-DA88-43F1-8AA0-C31E609450F5}.SQL|Any CPU.ActiveCfg = SQL|Any CPU
		{FA9E4C4F-DA88-43F1-8AA0-C31E609450F5}.SQL|Any CPU.Build.0 = SQL|Any CPU
		{FA9E4C4F-DA88-43F1-8AA0-C31E609450F5}.SQL|x64.ActiveCfg = SQL|x64
		{FA9E4C4F-DA88-43F1-8AA0-C31E609450F5}.SQL|x64.Build.0 = SQL|x64
		{FA9E4C4F-DA88-43F1-8AA0-C31E609450F5}.SQL|x86.ActiveCfg = SQL|x86
		{FA9E4C4F-DA88-43F1-8AA0-C31E609450F5}.SQL|x86.Build.0 = SQL|x86
		{FA9E4C4F-DA88-43F1-8AA0-C31E609450F5}.SQLBudubu|Any CPU.ActiveCfg = SQLBudubu|Any CPU
		{FA9E4C4F-DA88-43F1-8AA0-C31E609450F5}.SQLBudubu|Any CPU.Build.0 = SQLBudubu|Any CPU
		{FA9E4C4F-DA88-43F1-8AA0-C31E609450F5}.SQLBudubu|x64.ActiveCfg = SQLBudubu|x64
		{FA9E4C4F-DA88-43F1-8AA0-C31E609450F5}.SQLBudubu|x64.Build.0 = SQLBudubu|x64
		{FA9E4C4F-DA88-43F1-8AA0-C31E609450F5}.SQLBudubu|x86.ActiveCfg = SQLBudubu|x86
		{FA9E4C4F-DA88-43F1-8AA0-C31E609450F5}.SQLBudubu|x86.Build.0 = SQLBudubu|x86
		{FA9E4C4F-DA88-43F1-8AA0-C31E609450F5}.XSSocNet x64 Release|Any CPU.ActiveCfg = XSSocNet x64 Release|Any CPU
		{FA9E4C4F-DA88-43F1-8AA0-C31E609450F5}.XSSocNet x64 Release|Any CPU.Build.0 = XSSocNet x64 Release|Any CPU
		{FA9E4C4F-DA88-43F1-8AA0-C31E609450F5}.XSSocNet x64 Release|x64.ActiveCfg = XSSocNet x64 Release|x64
		{FA9E4C4F-DA88-43F1-8AA0-C31E609450F5}.XSSocNet x64 Release|x64.Build.0 = XSSocNet x64 Release|x64
		{FA9E4C4F-DA88-43F1-8AA0-C31E609450F5}.XSSocNet x64 Release|x86.ActiveCfg = XSSocNet x64 Release|x86
		{FA9E4C4F-DA88-43F1-8AA0-C31E609450F5}.XSSocNet x64 Release|x86.Build.0 = XSSocNet x64 Release|x86
		{FA9E4C4F-DA88-43F1-8AA0-C31E609450F5}.XSSocNet x86 Release|Any CPU.ActiveCfg = XSSocNet x86 Release|Any CPU
		{FA9E4C4F-DA88-43F1-8AA0-C31E609450F5}.XSSocNet x86 Release|Any CPU.Build.0 = XSSocNet x86 Release|Any CPU
		{FA9E4C4F-DA88-43F1-8AA0-C31E609450F5}.XSSocNet x86 Release|x64.ActiveCfg = XSSocNet x86 Release|x64
		{FA9E4C4F-DA88-43F1-8AA0-C31E609450F5}.XSSocNet x86 Release|x64.Build.0 = XSSocNet x86 Release|x64
		{FA9E4C4F-DA88-43F1-8AA0-C31E609450F5}.XSSocNet x86 Release|x86.ActiveCfg = XSSocNet x86 Release|x86
		{FA9E4C4F-DA88-43F1-8AA0-C31E609450F5}.XSSocNet x86 Release|x86.Build.0 = XSSocNet x86 Release|x86
		{6AB7C1E0-3CCE-47AA-8CB1-583A3368C10F}.Debug|Any CPU.ActiveCfg = Debug|Any CPU
		{6AB7C1E0-3CCE-47AA-8CB1-583A3368C10F}.Debug|Any CPU.Build.0 = Debug|Any CPU
		{6AB7C1E0-3CCE-47AA-8CB1-583A3368C10F}.Debug|x64.ActiveCfg = Debug|x64
		{6AB7C1E0-3CCE-47AA-8CB1-583A3368C10F}.Debug|x64.Build.0 = Debug|x64
		{6AB7C1E0-3CCE-47AA-8CB1-583A3368C10F}.Debug|x86.ActiveCfg = Debug|x86
		{6AB7C1E0-3CCE-47AA-8CB1-583A3368C10F}.Debug|x86.Build.0 = Debug|x86
		{6AB7C1E0-3CCE-47AA-8CB1-583A3368C10F}.Release|Any CPU.ActiveCfg = Release|Any CPU
		{6AB7C1E0-3CCE-47AA-8CB1-583A3368C10F}.Release|Any CPU.Build.0 = Release|Any CPU
		{6AB7C1E0-3CCE-47AA-8CB1-583A3368C10F}.Release|x64.ActiveCfg = Release|x64
		{6AB7C1E0-3CCE-47AA-8CB1-583A3368C10F}.Release|x64.Build.0 = Release|x64
		{6AB7C1E0-3CCE-47AA-8CB1-583A3368C10F}.Release|x86.ActiveCfg = Release|x86
		{6AB7C1E0-3CCE-47AA-8CB1-583A3368C10F}.Release|x86.Build.0 = Release|x86
		{6AB7C1E0-3CCE-47AA-8CB1-583A3368C10F}.SQL|Any CPU.ActiveCfg = XSSocNet x86 Release|x64
		{6AB7C1E0-3CCE-47AA-8CB1-583A3368C10F}.SQL|x64.ActiveCfg = XSSocNet x86 Release|x64
		{6AB7C1E0-3CCE-47AA-8CB1-583A3368C10F}.SQL|x64.Build.0 = XSSocNet x86 Release|x64
		{6AB7C1E0-3CCE-47AA-8CB1-583A3368C10F}.SQL|x86.ActiveCfg = XSSocNet x86 Release|x64
		{6AB7C1E0-3CCE-47AA-8CB1-583A3368C10F}.SQLBudubu|Any CPU.ActiveCfg = XSSocNet x86 Release|x64
		{6AB7C1E0-3CCE-47AA-8CB1-583A3368C10F}.SQLBudubu|x64.ActiveCfg = XSSocNet x86 Release|x64
		{6AB7C1E0-3CCE-47AA-8CB1-583A3368C10F}.SQLBudubu|x64.Build.0 = XSSocNet x86 Release|x64
		{6AB7C1E0-3CCE-47AA-8CB1-583A3368C10F}.SQLBudubu|x86.ActiveCfg = XSSocNet x86 Release|x64
		{6AB7C1E0-3CCE-47AA-8CB1-583A3368C10F}.XSSocNet x64 Release|Any CPU.ActiveCfg = XSSocNet x64 Release|Any CPU
		{6AB7C1E0-3CCE-47AA-8CB1-583A3368C10F}.XSSocNet x64 Release|Any CPU.Build.0 = XSSocNet x64 Release|Any CPU
		{6AB7C1E0-3CCE-47AA-8CB1-583A3368C10F}.XSSocNet x64 Release|x64.ActiveCfg = XSSocNet x64 Release|x64
		{6AB7C1E0-3CCE-47AA-8CB1-583A3368C10F}.XSSocNet x64 Release|x64.Build.0 = XSSocNet x64 Release|x64
		{6AB7C1E0-3CCE-47AA-8CB1-583A3368C10F}.XSSocNet x64 Release|x86.ActiveCfg = XSSocNet x64 Release|x86
		{6AB7C1E0-3CCE-47AA-8CB1-583A3368C10F}.XSSocNet x64 Release|x86.Build.0 = XSSocNet x64 Release|x86
		{6AB7C1E0-3CCE-47AA-8CB1-583A3368C10F}.XSSocNet x86 Release|Any CPU.ActiveCfg = XSSocNet x86 Release|Any CPU
		{6AB7C1E0-3CCE-47AA-8CB1-583A3368C10F}.XSSocNet x86 Release|Any CPU.Build.0 = XSSocNet x86 Release|Any CPU
		{6AB7C1E0-3CCE-47AA-8CB1-583A3368C10F}.XSSocNet x86 Release|x64.ActiveCfg = XSSocNet x86 Release|x64
		{6AB7C1E0-3CCE-47AA-8CB1-583A3368C10F}.XSSocNet x86 Release|x64.Build.0 = XSSocNet x86 Release|x64
		{6AB7C1E0-3CCE-47AA-8CB1-583A3368C10F}.XSSocNet x86 Release|x86.ActiveCfg = XSSocNet x86 Release|x86
		{6AB7C1E0-3CCE-47AA-8CB1-583A3368C10F}.XSSocNet x86 Release|x86.Build.0 = XSSocNet x86 Release|x86
		{9232C921-5754-4F61-9B3A-024FB1359E44}.Debug|Any CPU.ActiveCfg = Debug|Any CPU
		{9232C921-5754-4F61-9B3A-024FB1359E44}.Debug|Any CPU.Build.0 = Debug|Any CPU
		{9232C921-5754-4F61-9B3A-024FB1359E44}.Debug|x64.ActiveCfg = Debug|x64
		{9232C921-5754-4F61-9B3A-024FB1359E44}.Debug|x64.Build.0 = Debug|x64
		{9232C921-5754-4F61-9B3A-024FB1359E44}.Debug|x86.ActiveCfg = Debug|x86
		{9232C921-5754-4F61-9B3A-024FB1359E44}.Debug|x86.Build.0 = Debug|x86
		{9232C921-5754-4F61-9B3A-024FB1359E44}.Release|Any CPU.ActiveCfg = Release|Any CPU
		{9232C921-5754-4F61-9B3A-024FB1359E44}.Release|Any CPU.Build.0 = Release|Any CPU
		{9232C921-5754-4F61-9B3A-024FB1359E44}.Release|x64.ActiveCfg = Release|x64
		{9232C921-5754-4F61-9B3A-024FB1359E44}.Release|x64.Build.0 = Release|x64
		{9232C921-5754-4F61-9B3A-024FB1359E44}.Release|x86.ActiveCfg = Release|x86
		{9232C921-5754-4F61-9B3A-024FB1359E44}.Release|x86.Build.0 = Release|x86
		{9232C921-5754-4F61-9B3A-024FB1359E44}.SQL|Any CPU.ActiveCfg = XSSocNet x86 Release|x64
		{9232C921-5754-4F61-9B3A-024FB1359E44}.SQL|x64.ActiveCfg = XSSocNet x86 Release|x64
		{9232C921-5754-4F61-9B3A-024FB1359E44}.SQL|x64.Build.0 = XSSocNet x86 Release|x64
		{9232C921-5754-4F61-9B3A-024FB1359E44}.SQL|x86.ActiveCfg = XSSocNet x86 Release|x64
		{9232C921-5754-4F61-9B3A-024FB1359E44}.SQLBudubu|Any CPU.ActiveCfg = XSSocNet x86 Release|x64
		{9232C921-5754-4F61-9B3A-024FB1359E44}.SQLBudubu|x64.ActiveCfg = XSSocNet x86 Release|x64
		{9232C921-5754-4F61-9B3A-024FB1359E44}.SQLBudubu|x64.Build.0 = XSSocNet x86 Release|x64
		{9232C921-5754-4F61-9B3A-024FB1359E44}.SQLBudubu|x86.ActiveCfg = XSSocNet x86 Release|x64
		{9232C921-5754-4F61-9B3A-024FB1359E44}.XSSocNet x64 Release|Any CPU.ActiveCfg = XSSocNet x64 Release|Any CPU
		{9232C921-5754-4F61-9B3A-024FB1359E44}.XSSocNet x64 Release|Any CPU.Build.0 = XSSocNet x64 Release|Any CPU
		{9232C921-5754-4F61-9B3A-024FB1359E44}.XSSocNet x64 Release|x64.ActiveCfg = XSSocNet x64 Release|x64
		{9232C921-5754-4F61-9B3A-024FB1359E44}.XSSocNet x64 Release|x64.Build.0 = XSSocNet x64 Release|x64
		{9232C921-5754-4F61-9B3A-024FB1359E44}.XSSocNet x64 Release|x86.ActiveCfg = XSSocNet x64 Release|x86
		{9232C921-5754-4F61-9B3A-024FB1359E44}.XSSocNet x64 Release|x86.Build.0 = XSSocNet x64 Release|x86
		{9232C921-5754-4F61-9B3A-024FB1359E44}.XSSocNet x86 Release|Any CPU.ActiveCfg = XSSocNet x86 Release|Any CPU
		{9232C921-5754-4F61-9B3A-024FB1359E44}.XSSocNet x86 Release|Any CPU.Build.0 = XSSocNet x86 Release|Any CPU
		{9232C921-5754-4F61-9B3A-024FB1359E44}.XSSocNet x86 Release|x64.ActiveCfg = XSSocNet x86 Release|x64
		{9232C921-5754-4F61-9B3A-024FB1359E44}.XSSocNet x86 Release|x64.Build.0 = XSSocNet x86 Release|x64
		{9232C921-5754-4F61-9B3A-024FB1359E44}.XSSocNet x86 Release|x86.ActiveCfg = XSSocNet x86 Release|x86
		{9232C921-5754-4F61-9B3A-024FB1359E44}.XSSocNet x86 Release|x86.Build.0 = XSSocNet x86 Release|x86
		{93102A3C-BDFC-4EE6-824E-64869BD9318A}.Debug|Any CPU.ActiveCfg = Debug
		{93102A3C-BDFC-4EE6-824E-64869BD9318A}.Debug|x64.ActiveCfg = Debug
		{93102A3C-BDFC-4EE6-824E-64869BD9318A}.Debug|x86.ActiveCfg = Debug
		{93102A3C-BDFC-4EE6-824E-64869BD9318A}.Release|Any CPU.ActiveCfg = Release
		{93102A3C-BDFC-4EE6-824E-64869BD9318A}.Release|Any CPU.Build.0 = Release
		{93102A3C-BDFC-4EE6-824E-64869BD9318A}.Release|x64.ActiveCfg = Release
		{93102A3C-BDFC-4EE6-824E-64869BD9318A}.Release|x86.ActiveCfg = Release
		{93102A3C-BDFC-4EE6-824E-64869BD9318A}.SQL|Any CPU.ActiveCfg = XSSocNet x86 Release
		{93102A3C-BDFC-4EE6-824E-64869BD9318A}.SQL|Any CPU.Build.0 = XSSocNet x86 Release
		{93102A3C-BDFC-4EE6-824E-64869BD9318A}.SQL|x64.ActiveCfg = XSSocNet x86 Release
		{93102A3C-BDFC-4EE6-824E-64869BD9318A}.SQL|x64.Build.0 = XSSocNet x86 Release
		{93102A3C-BDFC-4EE6-824E-64869BD9318A}.SQL|x86.ActiveCfg = XSSocNet x86 Release
		{93102A3C-BDFC-4EE6-824E-64869BD9318A}.SQL|x86.Build.0 = XSSocNet x86 Release
		{93102A3C-BDFC-4EE6-824E-64869BD9318A}.SQLBudubu|Any CPU.ActiveCfg = XSSocNet x86 Release
		{93102A3C-BDFC-4EE6-824E-64869BD9318A}.SQLBudubu|Any CPU.Build.0 = XSSocNet x86 Release
		{93102A3C-BDFC-4EE6-824E-64869BD9318A}.SQLBudubu|x64.ActiveCfg = XSSocNet x86 Release
		{93102A3C-BDFC-4EE6-824E-64869BD9318A}.SQLBudubu|x64.Build.0 = XSSocNet x86 Release
		{93102A3C-BDFC-4EE6-824E-64869BD9318A}.SQLBudubu|x86.ActiveCfg = XSSocNet x86 Release
		{93102A3C-BDFC-4EE6-824E-64869BD9318A}.SQLBudubu|x86.Build.0 = XSSocNet x86 Release
		{93102A3C-BDFC-4EE6-824E-64869BD9318A}.XSSocNet x64 Release|Any CPU.ActiveCfg = XSSocNet x64 Release
		{93102A3C-BDFC-4EE6-824E-64869BD9318A}.XSSocNet x64 Release|Any CPU.Build.0 = XSSocNet x64 Release
		{93102A3C-BDFC-4EE6-824E-64869BD9318A}.XSSocNet x64 Release|x64.ActiveCfg = XSSocNet x64 Release
		{93102A3C-BDFC-4EE6-824E-64869BD9318A}.XSSocNet x64 Release|x64.Build.0 = XSSocNet x64 Release
		{93102A3C-BDFC-4EE6-824E-64869BD9318A}.XSSocNet x64 Release|x86.ActiveCfg = XSSocNet x64 Release
		{93102A3C-BDFC-4EE6-824E-64869BD9318A}.XSSocNet x64 Release|x86.Build.0 = XSSocNet x64 Release
		{93102A3C-BDFC-4EE6-824E-64869BD9318A}.XSSocNet x86 Release|Any CPU.ActiveCfg = XSSocNet x86 Release
		{93102A3C-BDFC-4EE6-824E-64869BD9318A}.XSSocNet x86 Release|Any CPU.Build.0 = XSSocNet x86 Release
		{93102A3C-BDFC-4EE6-824E-64869BD9318A}.XSSocNet x86 Release|x64.ActiveCfg = XSSocNet x86 Release
		{93102A3C-BDFC-4EE6-824E-64869BD9318A}.XSSocNet x86 Release|x64.Build.0 = XSSocNet x86 Release
		{93102A3C-BDFC-4EE6-824E-64869BD9318A}.XSSocNet x86 Release|x86.ActiveCfg = XSSocNet x86 Release
		{93102A3C-BDFC-4EE6-824E-64869BD9318A}.XSSocNet x86 Release|x86.Build.0 = XSSocNet x86 Release
		{47F5C9CF-5256-481A-8AEE-BE1531A8B747}.Debug|Any CPU.ActiveCfg = Debug
		{47F5C9CF-5256-481A-8AEE-BE1531A8B747}.Debug|x64.ActiveCfg = Debug
		{47F5C9CF-5256-481A-8AEE-BE1531A8B747}.Debug|x86.ActiveCfg = Debug
		{47F5C9CF-5256-481A-8AEE-BE1531A8B747}.Release|Any CPU.ActiveCfg = Release
		{47F5C9CF-5256-481A-8AEE-BE1531A8B747}.Release|Any CPU.Build.0 = Release
		{47F5C9CF-5256-481A-8AEE-BE1531A8B747}.Release|x64.ActiveCfg = Release
		{47F5C9CF-5256-481A-8AEE-BE1531A8B747}.Release|x86.ActiveCfg = Release
		{47F5C9CF-5256-481A-8AEE-BE1531A8B747}.SQL|Any CPU.ActiveCfg = XSSocNet x86 Release
		{47F5C9CF-5256-481A-8AEE-BE1531A8B747}.SQL|Any CPU.Build.0 = XSSocNet x86 Release
		{47F5C9CF-5256-481A-8AEE-BE1531A8B747}.SQL|x64.ActiveCfg = XSSocNet x86 Release
		{47F5C9CF-5256-481A-8AEE-BE1531A8B747}.SQL|x64.Build.0 = XSSocNet x86 Release
		{47F5C9CF-5256-481A-8AEE-BE1531A8B747}.SQL|x86.ActiveCfg = XSSocNet x86 Release
		{47F5C9CF-5256-481A-8AEE-BE1531A8B747}.SQL|x86.Build.0 = XSSocNet x86 Release
		{47F5C9CF-5256-481A-8AEE-BE1531A8B747}.SQLBudubu|Any CPU.ActiveCfg = XSSocNet x86 Release
		{47F5C9CF-5256-481A-8AEE-BE1531A8B747}.SQLBudubu|Any CPU.Build.0 = XSSocNet x86 Release
		{47F5C9CF-5256-481A-8AEE-BE1531A8B747}.SQLBudubu|x64.ActiveCfg = XSSocNet x86 Release
		{47F5C9CF-5256-481A-8AEE-BE1531A8B747}.SQLBudubu|x64.Build.0 = XSSocNet x86 Release
		{47F5C9CF-5256-481A-8AEE-BE1531A8B747}.SQLBudubu|x86.ActiveCfg = XSSocNet x86 Release
		{47F5C9CF-5256-481A-8AEE-BE1531A8B747}.SQLBudubu|x86.Build.0 = XSSocNet x86 Release
		{47F5C9CF-5256-481A-8AEE-BE1531A8B747}.XSSocNet x64 Release|Any CPU.ActiveCfg = XSSocNet x64 Release
		{47F5C9CF-5256-481A-8AEE-BE1531A8B747}.XSSocNet x64 Release|Any CPU.Build.0 = XSSocNet x64 Release
		{47F5C9CF-5256-481A-8AEE-BE1531A8B747}.XSSocNet x64 Release|x64.ActiveCfg = XSSocNet x64 Release
		{47F5C9CF-5256-481A-8AEE-BE1531A8B747}.XSSocNet x64 Release|x64.Build.0 = XSSocNet x64 Release
		{47F5C9CF-5256-481A-8AEE-BE1531A8B747}.XSSocNet x64 Release|x86.ActiveCfg = XSSocNet x64 Release
		{47F5C9CF-5256-481A-8AEE-BE1531A8B747}.XSSocNet x64 Release|x86.Build.0 = XSSocNet x64 Release
		{47F5C9CF-5256-481A-8AEE-BE1531A8B747}.XSSocNet x86 Release|Any CPU.ActiveCfg = XSSocNet x86 Release
		{47F5C9CF-5256-481A-8AEE-BE1531A8B747}.XSSocNet x86 Release|Any CPU.Build.0 = XSSocNet x86 Release
		{47F5C9CF-5256-481A-8AEE-BE1531A8B747}.XSSocNet x86 Release|x64.ActiveCfg = XSSocNet x86 Release
		{47F5C9CF-5256-481A-8AEE-BE1531A8B747}.XSSocNet x86 Release|x64.Build.0 = XSSocNet x86 Release
		{47F5C9CF-5256-481A-8AEE-BE1531A8B747}.XSSocNet x86 Release|x86.ActiveCfg = XSSocNet x86 Release
		{47F5C9CF-5256-481A-8AEE-BE1531A8B747}.XSSocNet x86 Release|x86.Build.0 = XSSocNet x86 Release
		{039133D4-A947-405C-A441-71DF106C9EE5}.Debug|Any CPU.ActiveCfg = Debug|Any CPU
		{039133D4-A947-405C-A441-71DF106C9EE5}.Debug|Any CPU.Build.0 = Debug|Any CPU
		{039133D4-A947-405C-A441-71DF106C9EE5}.Debug|x64.ActiveCfg = Debug|x64
		{039133D4-A947-405C-A441-71DF106C9EE5}.Debug|x64.Build.0 = Debug|x64
		{039133D4-A947-405C-A441-71DF106C9EE5}.Debug|x86.ActiveCfg = Debug|x86
		{039133D4-A947-405C-A441-71DF106C9EE5}.Debug|x86.Build.0 = Debug|x86
		{039133D4-A947-405C-A441-71DF106C9EE5}.Release|Any CPU.ActiveCfg = Release|Any CPU
		{039133D4-A947-405C-A441-71DF106C9EE5}.Release|Any CPU.Build.0 = Release|Any CPU
		{039133D4-A947-405C-A441-71DF106C9EE5}.Release|x64.ActiveCfg = Release|x64
		{039133D4-A947-405C-A441-71DF106C9EE5}.Release|x64.Build.0 = Release|x64
		{039133D4-A947-405C-A441-71DF106C9EE5}.Release|x86.ActiveCfg = Release|x86
		{039133D4-A947-405C-A441-71DF106C9EE5}.Release|x86.Build.0 = Release|x86
		{039133D4-A947-405C-A441-71DF106C9EE5}.SQL|Any CPU.ActiveCfg = XSSocNet x86 Release|x64
		{039133D4-A947-405C-A441-71DF106C9EE5}.SQL|x64.ActiveCfg = XSSocNet x86 Release|x64
		{039133D4-A947-405C-A441-71DF106C9EE5}.SQL|x64.Build.0 = XSSocNet x86 Release|x64
		{039133D4-A947-405C-A441-71DF106C9EE5}.SQL|x86.ActiveCfg = XSSocNet x86 Release|x64
		{039133D4-A947-405C-A441-71DF106C9EE5}.SQLBudubu|Any CPU.ActiveCfg = XSSocNet x86 Release|x64
		{039133D4-A947-405C-A441-71DF106C9EE5}.SQLBudubu|x64.ActiveCfg = XSSocNet x86 Release|x64
		{039133D4-A947-405C-A441-71DF106C9EE5}.SQLBudubu|x64.Build.0 = XSSocNet x86 Release|x64
		{039133D4-A947-405C-A441-71DF106C9EE5}.SQLBudubu|x86.ActiveCfg = XSSocNet x86 Release|x64
		{039133D4-A947-405C-A441-71DF106C9EE5}.XSSocNet x64 Release|Any CPU.ActiveCfg = XSSocNet x64 Release|Any CPU
		{039133D4-A947-405C-A441-71DF106C9EE5}.XSSocNet x64 Release|Any CPU.Build.0 = XSSocNet x64 Release|Any CPU
		{039133D4-A947-405C-A441-71DF106C9EE5}.XSSocNet x64 Release|x64.ActiveCfg = XSSocNet x64 Release|x64
		{039133D4-A947-405C-A441-71DF106C9EE5}.XSSocNet x64 Release|x64.Build.0 = XSSocNet x64 Release|x64
		{039133D4-A947-405C-A441-71DF106C9EE5}.XSSocNet x64 Release|x86.ActiveCfg = XSSocNet x64 Release|x86
		{039133D4-A947-405C-A441-71DF106C9EE5}.XSSocNet x64 Release|x86.Build.0 = XSSocNet x64 Release|x86
		{039133D4-A947-405C-A441-71DF106C9EE5}.XSSocNet x86 Release|Any CPU.ActiveCfg = XSSocNet x86 Release|Any CPU
		{039133D4-A947-405C-A441-71DF106C9EE5}.XSSocNet x86 Release|Any CPU.Build.0 = XSSocNet x86 Release|Any CPU
		{039133D4-A947-405C-A441-71DF106C9EE5}.XSSocNet x86 Release|x64.ActiveCfg = XSSocNet x86 Release|x64
		{039133D4-A947-405C-A441-71DF106C9EE5}.XSSocNet x86 Release|x64.Build.0 = XSSocNet x86 Release|x64
		{039133D4-A947-405C-A441-71DF106C9EE5}.XSSocNet x86 Release|x86.ActiveCfg = XSSocNet x86 Release|x86
		{039133D4-A947-405C-A441-71DF106C9EE5}.XSSocNet x86 Release|x86.Build.0 = XSSocNet x86 Release|x86
		{D9A6D00E-00EB-40C2-BDF3-D1D82C818532}.Debug|Any CPU.ActiveCfg = Debug|Any CPU
		{D9A6D00E-00EB-40C2-BDF3-D1D82C818532}.Debug|Any CPU.Build.0 = Debug|Any CPU
		{D9A6D00E-00EB-40C2-BDF3-D1D82C818532}.Debug|x64.ActiveCfg = Debug|x64
		{D9A6D00E-00EB-40C2-BDF3-D1D82C818532}.Debug|x64.Build.0 = Debug|x64
		{D9A6D00E-00EB-40C2-BDF3-D1D82C818532}.Debug|x86.ActiveCfg = Debug|x86
		{D9A6D00E-00EB-40C2-BDF3-D1D82C818532}.Debug|x86.Build.0 = Debug|x86
		{D9A6D00E-00EB-40C2-BDF3-D1D82C818532}.Release|Any CPU.ActiveCfg = Release|Any CPU
		{D9A6D00E-00EB-40C2-BDF3-D1D82C818532}.Release|Any CPU.Build.0 = Release|Any CPU
		{D9A6D00E-00EB-40C2-BDF3-D1D82C818532}.Release|x64.ActiveCfg = Release|x64
		{D9A6D00E-00EB-40C2-BDF3-D1D82C818532}.Release|x64.Build.0 = Release|x64
		{D9A6D00E-00EB-40C2-BDF3-D1D82C818532}.Release|x86.ActiveCfg = Release|x86
		{D9A6D00E-00EB-40C2-BDF3-D1D82C818532}.Release|x86.Build.0 = Release|x86
		{D9A6D00E-00EB-40C2-BDF3-D1D82C818532}.SQL|Any CPU.ActiveCfg = XSSocNet x86 Release|x64
		{D9A6D00E-00EB-40C2-BDF3-D1D82C818532}.SQL|x64.ActiveCfg = XSSocNet x86 Release|x64
		{D9A6D00E-00EB-40C2-BDF3-D1D82C818532}.SQL|x64.Build.0 = XSSocNet x86 Release|x64
		{D9A6D00E-00EB-40C2-BDF3-D1D82C818532}.SQL|x86.ActiveCfg = XSSocNet x86 Release|x64
		{D9A6D00E-00EB-40C2-BDF3-D1D82C818532}.SQLBudubu|Any CPU.ActiveCfg = XSSocNet x86 Release|x64
		{D9A6D00E-00EB-40C2-BDF3-D1D82C818532}.SQLBudubu|x64.ActiveCfg = XSSocNet x86 Release|x64
		{D9A6D00E-00EB-40C2-BDF3-D1D82C818532}.SQLBudubu|x64.Build.0 = XSSocNet x86 Release|x64
		{D9A6D00E-00EB-40C2-BDF3-D1D82C818532}.SQLBudubu|x86.ActiveCfg = XSSocNet x86 Release|x64
		{D9A6D00E-00EB-40C2-BDF3-D1D82C818532}.XSSocNet x64 Release|Any CPU.ActiveCfg = XSSocNet x64 Release|Any CPU
		{D9A6D00E-00EB-40C2-BDF3-D1D82C818532}.XSSocNet x64 Release|Any CPU.Build.0 = XSSocNet x64 Release|Any CPU
		{D9A6D00E-00EB-40C2-BDF3-D1D82C818532}.XSSocNet x64 Release|x64.ActiveCfg = XSSocNet x64 Release|x64
		{D9A6D00E-00EB-40C2-BDF3-D1D82C818532}.XSSocNet x64 Release|x64.Build.0 = XSSocNet x64 Release|x64
		{D9A6D00E-00EB-40C2-BDF3-D1D82C818532}.XSSocNet x64 Release|x86.ActiveCfg = XSSocNet x64 Release|x86
		{D9A6D00E-00EB-40C2-BDF3-D1D82C818532}.XSSocNet x64 Release|x86.Build.0 = XSSocNet x64 Release|x86
		{D9A6D00E-00EB-40C2-BDF3-D1D82C818532}.XSSocNet x86 Release|Any CPU.ActiveCfg = XSSocNet x86 Release|Any CPU
		{D9A6D00E-00EB-40C2-BDF3-D1D82C818532}.XSSocNet x86 Release|Any CPU.Build.0 = XSSocNet x86 Release|Any CPU
		{D9A6D00E-00EB-40C2-BDF3-D1D82C818532}.XSSocNet x86 Release|x64.ActiveCfg = XSSocNet x86 Release|x64
		{D9A6D00E-00EB-40C2-BDF3-D1D82C818532}.XSSocNet x86 Release|x64.Build.0 = XSSocNet x86 Release|x64
		{D9A6D00E-00EB-40C2-BDF3-D1D82C818532}.XSSocNet x86 Release|x86.ActiveCfg = XSSocNet x86 Release|x86
		{D9A6D00E-00EB-40C2-BDF3-D1D82C818532}.XSSocNet x86 Release|x86.Build.0 = XSSocNet x86 Release|x86
		{4913989D-87D9-4709-A5E5-E90842DD52BD}.Debug|Any CPU.ActiveCfg = Debug|Any CPU
		{4913989D-87D9-4709-A5E5-E90842DD52BD}.Debug|Any CPU.Build.0 = Debug|Any CPU
		{4913989D-87D9-4709-A5E5-E90842DD52BD}.Debug|x64.ActiveCfg = Debug|x64
		{4913989D-87D9-4709-A5E5-E90842DD52BD}.Debug|x64.Build.0 = Debug|x64
		{4913989D-87D9-4709-A5E5-E90842DD52BD}.Debug|x86.ActiveCfg = Debug|x86
		{4913989D-87D9-4709-A5E5-E90842DD52BD}.Debug|x86.Build.0 = Debug|x86
		{4913989D-87D9-4709-A5E5-E90842DD52BD}.Release|Any CPU.ActiveCfg = Release|Any CPU
		{4913989D-87D9-4709-A5E5-E90842DD52BD}.Release|Any CPU.Build.0 = Release|Any CPU
		{4913989D-87D9-4709-A5E5-E90842DD52BD}.Release|x64.ActiveCfg = Release|x64
		{4913989D-87D9-4709-A5E5-E90842DD52BD}.Release|x64.Build.0 = Release|x64
		{4913989D-87D9-4709-A5E5-E90842DD52BD}.Release|x86.ActiveCfg = Release|x86
		{4913989D-87D9-4709-A5E5-E90842DD52BD}.Release|x86.Build.0 = Release|x86
		{4913989D-87D9-4709-A5E5-E90842DD52BD}.SQL|Any CPU.ActiveCfg = XSSocNet x86 Release|x64
		{4913989D-87D9-4709-A5E5-E90842DD52BD}.SQL|x64.ActiveCfg = XSSocNet x86 Release|x64
		{4913989D-87D9-4709-A5E5-E90842DD52BD}.SQL|x64.Build.0 = XSSocNet x86 Release|x64
		{4913989D-87D9-4709-A5E5-E90842DD52BD}.SQL|x86.ActiveCfg = XSSocNet x86 Release|x64
		{4913989D-87D9-4709-A5E5-E90842DD52BD}.SQLBudubu|Any CPU.ActiveCfg = XSSocNet x86 Release|x64
		{4913989D-87D9-4709-A5E5-E90842DD52BD}.SQLBudubu|x64.ActiveCfg = XSSocNet x86 Release|x64
		{4913989D-87D9-4709-A5E5-E90842DD52BD}.SQLBudubu|x64.Build.0 = XSSocNet x86 Release|x64
		{4913989D-87D9-4709-A5E5-E90842DD52BD}.SQLBudubu|x86.ActiveCfg = XSSocNet x86 Release|x64
		{4913989D-87D9-4709-A5E5-E90842DD52BD}.XSSocNet x64 Release|Any CPU.ActiveCfg = XSSocNet x64 Release|Any CPU
		{4913989D-87D9-4709-A5E5-E90842DD52BD}.XSSocNet x64 Release|Any CPU.Build.0 = XSSocNet x64 Release|Any CPU
		{4913989D-87D9-4709-A5E5-E90842DD52BD}.XSSocNet x64 Release|x64.ActiveCfg = XSSocNet x64 Release|x64
		{4913989D-87D9-4709-A5E5-E90842DD52BD}.XSSocNet x64 Release|x64.Build.0 = XSSocNet x64 Release|x64
		{4913989D-87D9-4709-A5E5-E90842DD52BD}.XSSocNet x64 Release|x86.ActiveCfg = XSSocNet x64 Release|x86
		{4913989D-87D9-4709-A5E5-E90842DD52BD}.XSSocNet x64 Release|x86.Build.0 = XSSocNet x64 Release|x86
		{4913989D-87D9-4709-A5E5-E90842DD52BD}.XSSocNet x86 Release|Any CPU.ActiveCfg = XSSocNet x86 Release|Any CPU
		{4913989D-87D9-4709-A5E5-E90842DD52BD}.XSSocNet x86 Release|Any CPU.Build.0 = XSSocNet x86 Release|Any CPU
		{4913989D-87D9-4709-A5E5-E90842DD52BD}.XSSocNet x86 Release|x64.ActiveCfg = XSSocNet x86 Release|x64
		{4913989D-87D9-4709-A5E5-E90842DD52BD}.XSSocNet x86 Release|x64.Build.0 = XSSocNet x86 Release|x64
		{4913989D-87D9-4709-A5E5-E90842DD52BD}.XSSocNet x86 Release|x86.ActiveCfg = XSSocNet x86 Release|x86
		{4913989D-87D9-4709-A5E5-E90842DD52BD}.XSSocNet x86 Release|x86.Build.0 = XSSocNet x86 Release|x86
		{76755398-4D11-4C9E-AB9E-58721FD887A0}.Debug|Any CPU.ActiveCfg = Debug|Any CPU
		{76755398-4D11-4C9E-AB9E-58721FD887A0}.Debug|Any CPU.Build.0 = Debug|Any CPU
		{76755398-4D11-4C9E-AB9E-58721FD887A0}.Debug|x64.ActiveCfg = Debug|x64
		{76755398-4D11-4C9E-AB9E-58721FD887A0}.Debug|x64.Build.0 = Debug|x64
		{76755398-4D11-4C9E-AB9E-58721FD887A0}.Debug|x86.ActiveCfg = Debug|x86
		{76755398-4D11-4C9E-AB9E-58721FD887A0}.Debug|x86.Build.0 = Debug|x86
		{76755398-4D11-4C9E-AB9E-58721FD887A0}.Release|Any CPU.ActiveCfg = Release|Any CPU
		{76755398-4D11-4C9E-AB9E-58721FD887A0}.Release|Any CPU.Build.0 = Release|Any CPU
		{76755398-4D11-4C9E-AB9E-58721FD887A0}.Release|x64.ActiveCfg = Release|x64
		{76755398-4D11-4C9E-AB9E-58721FD887A0}.Release|x64.Build.0 = Release|x64
		{76755398-4D11-4C9E-AB9E-58721FD887A0}.Release|x86.ActiveCfg = Release|x86
		{76755398-4D11-4C9E-AB9E-58721FD887A0}.Release|x86.Build.0 = Release|x86
		{76755398-4D11-4C9E-AB9E-58721FD887A0}.SQL|Any CPU.ActiveCfg = XSSocNet x86 Release|x64
		{76755398-4D11-4C9E-AB9E-58721FD887A0}.SQL|x64.ActiveCfg = XSSocNet x86 Release|x64
		{76755398-4D11-4C9E-AB9E-58721FD887A0}.SQL|x64.Build.0 = XSSocNet x86 Release|x64
		{76755398-4D11-4C9E-AB9E-58721FD887A0}.SQL|x86.ActiveCfg = XSSocNet x86 Release|x64
		{76755398-4D11-4C9E-AB9E-58721FD887A0}.SQLBudubu|Any CPU.ActiveCfg = XSSocNet x86 Release|x64
		{76755398-4D11-4C9E-AB9E-58721FD887A0}.SQLBudubu|x64.ActiveCfg = XSSocNet x86 Release|x64
		{76755398-4D11-4C9E-AB9E-58721FD887A0}.SQLBudubu|x64.Build.0 = XSSocNet x86 Release|x64
		{76755398-4D11-4C9E-AB9E-58721FD887A0}.SQLBudubu|x86.ActiveCfg = XSSocNet x86 Release|x64
		{76755398-4D11-4C9E-AB9E-58721FD887A0}.XSSocNet x64 Release|Any CPU.ActiveCfg = XSSocNet x64 Release|Any CPU
		{76755398-4D11-4C9E-AB9E-58721FD887A0}.XSSocNet x64 Release|Any CPU.Build.0 = XSSocNet x64 Release|Any CPU
		{76755398-4D11-4C9E-AB9E-58721FD887A0}.XSSocNet x64 Release|x64.ActiveCfg = XSSocNet x64 Release|x64
		{76755398-4D11-4C9E-AB9E-58721FD887A0}.XSSocNet x64 Release|x64.Build.0 = XSSocNet x64 Release|x64
		{76755398-4D11-4C9E-AB9E-58721FD887A0}.XSSocNet x64 Release|x86.ActiveCfg = XSSocNet x64 Release|x86
		{76755398-4D11-4C9E-AB9E-58721FD887A0}.XSSocNet x64 Release|x86.Build.0 = XSSocNet x64 Release|x86
		{76755398-4D11-4C9E-AB9E-58721FD887A0}.XSSocNet x86 Release|Any CPU.ActiveCfg = XSSocNet x86 Release|Any CPU
		{76755398-4D11-4C9E-AB9E-58721FD887A0}.XSSocNet x86 Release|Any CPU.Build.0 = XSSocNet x86 Release|Any CPU
		{76755398-4D11-4C9E-AB9E-58721FD887A0}.XSSocNet x86 Release|x64.ActiveCfg = XSSocNet x86 Release|x64
		{76755398-4D11-4C9E-AB9E-58721FD887A0}.XSSocNet x86 Release|x64.Build.0 = XSSocNet x86 Release|x64
		{76755398-4D11-4C9E-AB9E-58721FD887A0}.XSSocNet x86 Release|x86.ActiveCfg = XSSocNet x86 Release|x86
		{76755398-4D11-4C9E-AB9E-58721FD887A0}.XSSocNet x86 Release|x86.Build.0 = XSSocNet x86 Release|x86
		{B0DD023E-F2D8-498D-B8E2-F67525BE118E}.Debug|Any CPU.ActiveCfg = Debug|Any CPU
		{B0DD023E-F2D8-498D-B8E2-F67525BE118E}.Debug|Any CPU.Build.0 = Debug|Any CPU
		{B0DD023E-F2D8-498D-B8E2-F67525BE118E}.Debug|x64.ActiveCfg = Debug|x64
		{B0DD023E-F2D8-498D-B8E2-F67525BE118E}.Debug|x64.Build.0 = Debug|x64
		{B0DD023E-F2D8-498D-B8E2-F67525BE118E}.Debug|x86.ActiveCfg = Debug|x86
		{B0DD023E-F2D8-498D-B8E2-F67525BE118E}.Debug|x86.Build.0 = Debug|x86
		{B0DD023E-F2D8-498D-B8E2-F67525BE118E}.Release|Any CPU.ActiveCfg = Release|Any CPU
		{B0DD023E-F2D8-498D-B8E2-F67525BE118E}.Release|Any CPU.Build.0 = Release|Any CPU
		{B0DD023E-F2D8-498D-B8E2-F67525BE118E}.Release|x64.ActiveCfg = Release|x64
		{B0DD023E-F2D8-498D-B8E2-F67525BE118E}.Release|x64.Build.0 = Release|x64
		{B0DD023E-F2D8-498D-B8E2-F67525BE118E}.Release|x86.ActiveCfg = Release|x86
		{B0DD023E-F2D8-498D-B8E2-F67525BE118E}.Release|x86.Build.0 = Release|x86
		{B0DD023E-F2D8-498D-B8E2-F67525BE118E}.SQL|Any CPU.ActiveCfg = XSSocNet x86 Release|x64
		{B0DD023E-F2D8-498D-B8E2-F67525BE118E}.SQL|x64.ActiveCfg = XSSocNet x86 Release|x64
		{B0DD023E-F2D8-498D-B8E2-F67525BE118E}.SQL|x64.Build.0 = XSSocNet x86 Release|x64
		{B0DD023E-F2D8-498D-B8E2-F67525BE118E}.SQL|x86.ActiveCfg = XSSocNet x86 Release|x64
		{B0DD023E-F2D8-498D-B8E2-F67525BE118E}.SQLBudubu|Any CPU.ActiveCfg = XSSocNet x86 Release|x64
		{B0DD023E-F2D8-498D-B8E2-F67525BE118E}.SQLBudubu|x64.ActiveCfg = XSSocNet x86 Release|x64
		{B0DD023E-F2D8-498D-B8E2-F67525BE118E}.SQLBudubu|x64.Build.0 = XSSocNet x86 Release|x64
		{B0DD023E-F2D8-498D-B8E2-F67525BE118E}.SQLBudubu|x86.ActiveCfg = XSSocNet x86 Release|x64
		{B0DD023E-F2D8-498D-B8E2-F67525BE118E}.XSSocNet x64 Release|Any CPU.ActiveCfg = XSSocNet x64 Release|Any CPU
		{B0DD023E-F2D8-498D-B8E2-F67525BE118E}.XSSocNet x64 Release|Any CPU.Build.0 = XSSocNet x64 Release|Any CPU
		{B0DD023E-F2D8-498D-B8E2-F67525BE118E}.XSSocNet x64 Release|x64.ActiveCfg = XSSocNet x64 Release|x64
		{B0DD023E-F2D8-498D-B8E2-F67525BE118E}.XSSocNet x64 Release|x64.Build.0 = XSSocNet x64 Release|x64
		{B0DD023E-F2D8-498D-B8E2-F67525BE118E}.XSSocNet x64 Release|x86.ActiveCfg = XSSocNet x64 Release|x86
		{B0DD023E-F2D8-498D-B8E2-F67525BE118E}.XSSocNet x64 Release|x86.Build.0 = XSSocNet x64 Release|x86
		{B0DD023E-F2D8-498D-B8E2-F67525BE118E}.XSSocNet x86 Release|Any CPU.ActiveCfg = XSSocNet x86 Release|Any CPU
		{B0DD023E-F2D8-498D-B8E2-F67525BE118E}.XSSocNet x86 Release|Any CPU.Build.0 = XSSocNet x86 Release|Any CPU
		{B0DD023E-F2D8-498D-B8E2-F67525BE118E}.XSSocNet x86 Release|x64.ActiveCfg = XSSocNet x86 Release|x64
		{B0DD023E-F2D8-498D-B8E2-F67525BE118E}.XSSocNet x86 Release|x64.Build.0 = XSSocNet x86 Release|x64
		{B0DD023E-F2D8-498D-B8E2-F67525BE118E}.XSSocNet x86 Release|x86.ActiveCfg = XSSocNet x86 Release|x86
		{B0DD023E-F2D8-498D-B8E2-F67525BE118E}.XSSocNet x86 Release|x86.Build.0 = XSSocNet x86 Release|x86
		{47F390F1-0733-42C6-84B0-90EF85345B51}.Debug|Any CPU.ActiveCfg = Debug|Any CPU
		{47F390F1-0733-42C6-84B0-90EF85345B51}.Debug|Any CPU.Build.0 = Debug|Any CPU
		{47F390F1-0733-42C6-84B0-90EF85345B51}.Debug|x64.ActiveCfg = Debug|x64
		{47F390F1-0733-42C6-84B0-90EF85345B51}.Debug|x64.Build.0 = Debug|x64
		{47F390F1-0733-42C6-84B0-90EF85345B51}.Debug|x86.ActiveCfg = Debug|x86
		{47F390F1-0733-42C6-84B0-90EF85345B51}.Debug|x86.Build.0 = Debug|x86
		{47F390F1-0733-42C6-84B0-90EF85345B51}.Release|Any CPU.ActiveCfg = Release|Any CPU
		{47F390F1-0733-42C6-84B0-90EF85345B51}.Release|Any CPU.Build.0 = Release|Any CPU
		{47F390F1-0733-42C6-84B0-90EF85345B51}.Release|x64.ActiveCfg = Release|x64
		{47F390F1-0733-42C6-84B0-90EF85345B51}.Release|x64.Build.0 = Release|x64
		{47F390F1-0733-42C6-84B0-90EF85345B51}.Release|x86.ActiveCfg = Release|x86
		{47F390F1-0733-42C6-84B0-90EF85345B51}.Release|x86.Build.0 = Release|x86
		{47F390F1-0733-42C6-84B0-90EF85345B51}.SQL|Any CPU.ActiveCfg = XSSocNet x86 Release|x64
		{47F390F1-0733-42C6-84B0-90EF85345B51}.SQL|x64.ActiveCfg = XSSocNet x86 Release|x64
		{47F390F1-0733-42C6-84B0-90EF85345B51}.SQL|x64.Build.0 = XSSocNet x86 Release|x64
		{47F390F1-0733-42C6-84B0-90EF85345B51}.SQL|x86.ActiveCfg = XSSocNet x86 Release|x64
		{47F390F1-0733-42C6-84B0-90EF85345B51}.SQLBudubu|Any CPU.ActiveCfg = XSSocNet x86 Release|x64
		{47F390F1-0733-42C6-84B0-90EF85345B51}.SQLBudubu|x64.ActiveCfg = XSSocNet x86 Release|x64
		{47F390F1-0733-42C6-84B0-90EF85345B51}.SQLBudubu|x64.Build.0 = XSSocNet x86 Release|x64
		{47F390F1-0733-42C6-84B0-90EF85345B51}.SQLBudubu|x86.ActiveCfg = XSSocNet x86 Release|x64
		{47F390F1-0733-42C6-84B0-90EF85345B51}.XSSocNet x64 Release|Any CPU.ActiveCfg = XSSocNet x64 Release|Any CPU
		{47F390F1-0733-42C6-84B0-90EF85345B51}.XSSocNet x64 Release|Any CPU.Build.0 = XSSocNet x64 Release|Any CPU
		{47F390F1-0733-42C6-84B0-90EF85345B51}.XSSocNet x64 Release|x64.ActiveCfg = XSSocNet x64 Release|x64
		{47F390F1-0733-42C6-84B0-90EF85345B51}.XSSocNet x64 Release|x64.Build.0 = XSSocNet x64 Release|x64
		{47F390F1-0733-42C6-84B0-90EF85345B51}.XSSocNet x64 Release|x86.ActiveCfg = XSSocNet x64 Release|x86
		{47F390F1-0733-42C6-84B0-90EF85345B51}.XSSocNet x64 Release|x86.Build.0 = XSSocNet x64 Release|x86
		{47F390F1-0733-42C6-84B0-90EF85345B51}.XSSocNet x86 Release|Any CPU.ActiveCfg = XSSocNet x86 Release|Any CPU
		{47F390F1-0733-42C6-84B0-90EF85345B51}.XSSocNet x86 Release|Any CPU.Build.0 = XSSocNet x86 Release|Any CPU
		{47F390F1-0733-42C6-84B0-90EF85345B51}.XSSocNet x86 Release|x64.ActiveCfg = XSSocNet x86 Release|x64
		{47F390F1-0733-42C6-84B0-90EF85345B51}.XSSocNet x86 Release|x64.Build.0 = XSSocNet x86 Release|x64
		{47F390F1-0733-42C6-84B0-90EF85345B51}.XSSocNet x86 Release|x86.ActiveCfg = XSSocNet x86 Release|x86
		{47F390F1-0733-42C6-84B0-90EF85345B51}.XSSocNet x86 Release|x86.Build.0 = XSSocNet x86 Release|x86
		{F30D19C1-88F4-48DE-A095-28532468CBE5}.Debug|Any CPU.ActiveCfg = Debug
		{F30D19C1-88F4-48DE-A095-28532468CBE5}.Debug|x64.ActiveCfg = Debug
		{F30D19C1-88F4-48DE-A095-28532468CBE5}.Debug|x86.ActiveCfg = Debug
		{F30D19C1-88F4-48DE-A095-28532468CBE5}.Release|Any CPU.ActiveCfg = Release
		{F30D19C1-88F4-48DE-A095-28532468CBE5}.Release|Any CPU.Build.0 = Release
		{F30D19C1-88F4-48DE-A095-28532468CBE5}.Release|x64.ActiveCfg = Release
		{F30D19C1-88F4-48DE-A095-28532468CBE5}.Release|x86.ActiveCfg = Release
		{F30D19C1-88F4-48DE-A095-28532468CBE5}.SQL|Any CPU.ActiveCfg = XSSocNet x86 Release
		{F30D19C1-88F4-48DE-A095-28532468CBE5}.SQL|Any CPU.Build.0 = XSSocNet x86 Release
		{F30D19C1-88F4-48DE-A095-28532468CBE5}.SQL|x64.ActiveCfg = XSSocNet x86 Release
		{F30D19C1-88F4-48DE-A095-28532468CBE5}.SQL|x64.Build.0 = XSSocNet x86 Release
		{F30D19C1-88F4-48DE-A095-28532468CBE5}.SQL|x86.ActiveCfg = XSSocNet x86 Release
		{F30D19C1-88F4-48DE-A095-28532468CBE5}.SQL|x86.Build.0 = XSSocNet x86 Release
		{F30D19C1-88F4-48DE-A095-28532468CBE5}.SQLBudubu|Any CPU.ActiveCfg = XSSocNet x86 Release
		{F30D19C1-88F4-48DE-A095-28532468CBE5}.SQLBudubu|Any CPU.Build.0 = XSSocNet x86 Release
		{F30D19C1-88F4-48DE-A095-28532468CBE5}.SQLBudubu|x64.ActiveCfg = XSSocNet x86 Release
		{F30D19C1-88F4-48DE-A095-28532468CBE5}.SQLBudubu|x64.Build.0 = XSSocNet x86 Release
		{F30D19C1-88F4-48DE-A095-28532468CBE5}.SQLBudubu|x86.ActiveCfg = XSSocNet x86 Release
		{F30D19C1-88F4-48DE-A095-28532468CBE5}.SQLBudubu|x86.Build.0 = XSSocNet x86 Release
		{F30D19C1-88F4-48DE-A095-28532468CBE5}.XSSocNet x64 Release|Any CPU.ActiveCfg = XSSocNet x64 Release
		{F30D19C1-88F4-48DE-A095-28532468CBE5}.XSSocNet x64 Release|Any CPU.Build.0 = XSSocNet x64 Release
		{F30D19C1-88F4-48DE-A095-28532468CBE5}.XSSocNet x64 Release|x64.ActiveCfg = XSSocNet x64 Release
		{F30D19C1-88F4-48DE-A095-28532468CBE5}.XSSocNet x64 Release|x64.Build.0 = XSSocNet x64 Release
		{F30D19C1-88F4-48DE-A095-28532468CBE5}.XSSocNet x64 Release|x86.ActiveCfg = XSSocNet x64 Release
		{F30D19C1-88F4-48DE-A095-28532468CBE5}.XSSocNet x64 Release|x86.Build.0 = XSSocNet x64 Release
		{F30D19C1-88F4-48DE-A095-28532468CBE5}.XSSocNet x86 Release|Any CPU.ActiveCfg = XSSocNet x86 Release
		{F30D19C1-88F4-48DE-A095-28532468CBE5}.XSSocNet x86 Release|Any CPU.Build.0 = XSSocNet x86 Release
		{F30D19C1-88F4-48DE-A095-28532468CBE5}.XSSocNet x86 Release|x64.ActiveCfg = XSSocNet x86 Release
		{F30D19C1-88F4-48DE-A095-28532468CBE5}.XSSocNet x86 Release|x64.Build.0 = XSSocNet x86 Release
		{F30D19C1-88F4-48DE-A095-28532468CBE5}.XSSocNet x86 Release|x86.ActiveCfg = XSSocNet x86 Release
		{F30D19C1-88F4-48DE-A095-28532468CBE5}.XSSocNet x86 Release|x86.Build.0 = XSSocNet x86 Release
		{7890A7F6-6D50-48D6-AEA3-A07DE9CE22FB}.Debug|Any CPU.ActiveCfg = Debug
		{7890A7F6-6D50-48D6-AEA3-A07DE9CE22FB}.Debug|x64.ActiveCfg = Debug
		{7890A7F6-6D50-48D6-AEA3-A07DE9CE22FB}.Debug|x86.ActiveCfg = Debug
		{7890A7F6-6D50-48D6-AEA3-A07DE9CE22FB}.Release|Any CPU.ActiveCfg = Release
		{7890A7F6-6D50-48D6-AEA3-A07DE9CE22FB}.Release|Any CPU.Build.0 = Release
		{7890A7F6-6D50-48D6-AEA3-A07DE9CE22FB}.Release|x64.ActiveCfg = Release
		{7890A7F6-6D50-48D6-AEA3-A07DE9CE22FB}.Release|x86.ActiveCfg = Release
		{7890A7F6-6D50-48D6-AEA3-A07DE9CE22FB}.SQL|Any CPU.ActiveCfg = XSSocNet x86 Release
		{7890A7F6-6D50-48D6-AEA3-A07DE9CE22FB}.SQL|Any CPU.Build.0 = XSSocNet x86 Release
		{7890A7F6-6D50-48D6-AEA3-A07DE9CE22FB}.SQL|x64.ActiveCfg = XSSocNet x86 Release
		{7890A7F6-6D50-48D6-AEA3-A07DE9CE22FB}.SQL|x64.Build.0 = XSSocNet x86 Release
		{7890A7F6-6D50-48D6-AEA3-A07DE9CE22FB}.SQL|x86.ActiveCfg = XSSocNet x86 Release
		{7890A7F6-6D50-48D6-AEA3-A07DE9CE22FB}.SQL|x86.Build.0 = XSSocNet x86 Release
		{7890A7F6-6D50-48D6-AEA3-A07DE9CE22FB}.SQLBudubu|Any CPU.ActiveCfg = XSSocNet x86 Release
		{7890A7F6-6D50-48D6-AEA3-A07DE9CE22FB}.SQLBudubu|Any CPU.Build.0 = XSSocNet x86 Release
		{7890A7F6-6D50-48D6-AEA3-A07DE9CE22FB}.SQLBudubu|x64.ActiveCfg = XSSocNet x86 Release
		{7890A7F6-6D50-48D6-AEA3-A07DE9CE22FB}.SQLBudubu|x64.Build.0 = XSSocNet x86 Release
		{7890A7F6-6D50-48D6-AEA3-A07DE9CE22FB}.SQLBudubu|x86.ActiveCfg = XSSocNet x86 Release
		{7890A7F6-6D50-48D6-AEA3-A07DE9CE22FB}.SQLBudubu|x86.Build.0 = XSSocNet x86 Release
		{7890A7F6-6D50-48D6-AEA3-A07DE9CE22FB}.XSSocNet x64 Release|Any CPU.ActiveCfg = XSSocNet x64 Release
		{7890A7F6-6D50-48D6-AEA3-A07DE9CE22FB}.XSSocNet x64 Release|Any CPU.Build.0 = XSSocNet x64 Release
		{7890A7F6-6D50-48D6-AEA3-A07DE9CE22FB}.XSSocNet x64 Release|x64.ActiveCfg = XSSocNet x64 Release
		{7890A7F6-6D50-48D6-AEA3-A07DE9CE22FB}.XSSocNet x64 Release|x64.Build.0 = XSSocNet x64 Release
		{7890A7F6-6D50-48D6-AEA3-A07DE9CE22FB}.XSSocNet x64 Release|x86.ActiveCfg = XSSocNet x64 Release
		{7890A7F6-6D50-48D6-AEA3-A07DE9CE22FB}.XSSocNet x64 Release|x86.Build.0 = XSSocNet x64 Release
		{7890A7F6-6D50-48D6-AEA3-A07DE9CE22FB}.XSSocNet x86 Release|Any CPU.ActiveCfg = XSSocNet x86 Release
		{7890A7F6-6D50-48D6-AEA3-A07DE9CE22FB}.XSSocNet x86 Release|Any CPU.Build.0 = XSSocNet x86 Release
		{7890A7F6-6D50-48D6-AEA3-A07DE9CE22FB}.XSSocNet x86 Release|x64.ActiveCfg = XSSocNet x86 Release
		{7890A7F6-6D50-48D6-AEA3-A07DE9CE22FB}.XSSocNet x86 Release|x64.Build.0 = XSSocNet x86 Release
		{7890A7F6-6D50-48D6-AEA3-A07DE9CE22FB}.XSSocNet x86 Release|x86.ActiveCfg = XSSocNet x86 Release
		{7890A7F6-6D50-48D6-AEA3-A07DE9CE22FB}.XSSocNet x86 Release|x86.Build.0 = XSSocNet x86 Release
		{9A889F76-433A-4E2F-ACC9-8FDC24C9A499}.Debug|Any CPU.ActiveCfg = Debug|Any CPU
		{9A889F76-433A-4E2F-ACC9-8FDC24C9A499}.Debug|Any CPU.Build.0 = Debug|Any CPU
		{9A889F76-433A-4E2F-ACC9-8FDC24C9A499}.Debug|x64.ActiveCfg = Debug|x64
		{9A889F76-433A-4E2F-ACC9-8FDC24C9A499}.Debug|x64.Build.0 = Debug|x64
		{9A889F76-433A-4E2F-ACC9-8FDC24C9A499}.Debug|x86.ActiveCfg = Debug|x86
		{9A889F76-433A-4E2F-ACC9-8FDC24C9A499}.Debug|x86.Build.0 = Debug|x86
		{9A889F76-433A-4E2F-ACC9-8FDC24C9A499}.Release|Any CPU.ActiveCfg = Release|Any CPU
		{9A889F76-433A-4E2F-ACC9-8FDC24C9A499}.Release|Any CPU.Build.0 = Release|Any CPU
		{9A889F76-433A-4E2F-ACC9-8FDC24C9A499}.Release|x64.ActiveCfg = Release|x64
		{9A889F76-433A-4E2F-ACC9-8FDC24C9A499}.Release|x64.Build.0 = Release|x64
		{9A889F76-433A-4E2F-ACC9-8FDC24C9A499}.Release|x86.ActiveCfg = Release|x86
		{9A889F76-433A-4E2F-ACC9-8FDC24C9A499}.Release|x86.Build.0 = Release|x86
		{9A889F76-433A-4E2F-ACC9-8FDC24C9A499}.SQL|Any CPU.ActiveCfg = Release|x64
		{9A889F76-433A-4E2F-ACC9-8FDC24C9A499}.SQL|x64.ActiveCfg = Release|x64
		{9A889F76-433A-4E2F-ACC9-8FDC24C9A499}.SQL|x64.Build.0 = Release|x64
		{9A889F76-433A-4E2F-ACC9-8FDC24C9A499}.SQL|x86.ActiveCfg = Release|x64
		{9A889F76-433A-4E2F-ACC9-8FDC24C9A499}.SQLBudubu|Any CPU.ActiveCfg = Release|x64
		{9A889F76-433A-4E2F-ACC9-8FDC24C9A499}.SQLBudubu|x64.ActiveCfg = Release|x64
		{9A889F76-433A-4E2F-ACC9-8FDC24C9A499}.SQLBudubu|x64.Build.0 = Release|x64
		{9A889F76-433A-4E2F-ACC9-8FDC24C9A499}.SQLBudubu|x86.ActiveCfg = Release|x64
		{9A889F76-433A-4E2F-ACC9-8FDC24C9A499}.XSSocNet x64 Release|Any CPU.ActiveCfg = Release|Any CPU
		{9A889F76-433A-4E2F-ACC9-8FDC24C9A499}.XSSocNet x64 Release|Any CPU.Build.0 = Release|Any CPU
		{9A889F76-433A-4E2F-ACC9-8FDC24C9A499}.XSSocNet x64 Release|x64.ActiveCfg = Release|x64
		{9A889F76-433A-4E2F-ACC9-8FDC24C9A499}.XSSocNet x64 Release|x64.Build.0 = Release|x64
		{9A889F76-433A-4E2F-ACC9-8FDC24C9A499}.XSSocNet x64 Release|x86.ActiveCfg = Release|x64
		{9A889F76-433A-4E2F-ACC9-8FDC24C9A499}.XSSocNet x86 Release|Any CPU.ActiveCfg = Release|Any CPU
		{9A889F76-433A-4E2F-ACC9-8FDC24C9A499}.XSSocNet x86 Release|Any CPU.Build.0 = Release|Any CPU
		{9A889F76-433A-4E2F-ACC9-8FDC24C9A499}.XSSocNet x86 Release|x64.ActiveCfg = Release|x64
		{9A889F76-433A-4E2F-ACC9-8FDC24C9A499}.XSSocNet x86 Release|x64.Build.0 = Release|x64
		{9A889F76-433A-4E2F-ACC9-8FDC24C9A499}.XSSocNet x86 Release|x86.ActiveCfg = Release|x64
		{FFA9FB5D-5D7A-417B-BEBE-2D78D53F3A1B}.Debug|Any CPU.ActiveCfg = Debug|Any CPU
		{FFA9FB5D-5D7A-417B-BEBE-2D78D53F3A1B}.Debug|Any CPU.Build.0 = Debug|Any CPU
		{FFA9FB5D-5D7A-417B-BEBE-2D78D53F3A1B}.Debug|x64.ActiveCfg = Debug|x64
		{FFA9FB5D-5D7A-417B-BEBE-2D78D53F3A1B}.Debug|x64.Build.0 = Debug|x64
		{FFA9FB5D-5D7A-417B-BEBE-2D78D53F3A1B}.Debug|x86.ActiveCfg = Debug|x86
		{FFA9FB5D-5D7A-417B-BEBE-2D78D53F3A1B}.Debug|x86.Build.0 = Debug|x86
		{FFA9FB5D-5D7A-417B-BEBE-2D78D53F3A1B}.Release|Any CPU.ActiveCfg = Release|Any CPU
		{FFA9FB5D-5D7A-417B-BEBE-2D78D53F3A1B}.Release|Any CPU.Build.0 = Release|Any CPU
		{FFA9FB5D-5D7A-417B-BEBE-2D78D53F3A1B}.Release|x64.ActiveCfg = Release|x64
		{FFA9FB5D-5D7A-417B-BEBE-2D78D53F3A1B}.Release|x64.Build.0 = Release|x64
		{FFA9FB5D-5D7A-417B-BEBE-2D78D53F3A1B}.Release|x86.ActiveCfg = Release|x86
		{FFA9FB5D-5D7A-417B-BEBE-2D78D53F3A1B}.Release|x86.Build.0 = Release|x86
		{FFA9FB5D-5D7A-417B-BEBE-2D78D53F3A1B}.SQL|Any CPU.ActiveCfg = Release|x64
		{FFA9FB5D-5D7A-417B-BEBE-2D78D53F3A1B}.SQL|x64.ActiveCfg = Release|x64
		{FFA9FB5D-5D7A-417B-BEBE-2D78D53F3A1B}.SQL|x64.Build.0 = Release|x64
		{FFA9FB5D-5D7A-417B-BEBE-2D78D53F3A1B}.SQL|x86.ActiveCfg = Release|x64
		{FFA9FB5D-5D7A-417B-BEBE-2D78D53F3A1B}.SQLBudubu|Any CPU.ActiveCfg = Release|x64
		{FFA9FB5D-5D7A-417B-BEBE-2D78D53F3A1B}.SQLBudubu|x64.ActiveCfg = Release|x64
		{FFA9FB5D-5D7A-417B-BEBE-2D78D53F3A1B}.SQLBudubu|x64.Build.0 = Release|x64
		{FFA9FB5D-5D7A-417B-BEBE-2D78D53F3A1B}.SQLBudubu|x86.ActiveCfg = Release|x64
		{FFA9FB5D-5D7A-417B-BEBE-2D78D53F3A1B}.XSSocNet x64 Release|Any CPU.ActiveCfg = Release|Any CPU
		{FFA9FB5D-5D7A-417B-BEBE-2D78D53F3A1B}.XSSocNet x64 Release|Any CPU.Build.0 = Release|Any CPU
		{FFA9FB5D-5D7A-417B-BEBE-2D78D53F3A1B}.XSSocNet x64 Release|x64.ActiveCfg = Release|x64
		{FFA9FB5D-5D7A-417B-BEBE-2D78D53F3A1B}.XSSocNet x64 Release|x64.Build.0 = Release|x64
		{FFA9FB5D-5D7A-417B-BEBE-2D78D53F3A1B}.XSSocNet x64 Release|x86.ActiveCfg = Release|x86
		{FFA9FB5D-5D7A-417B-BEBE-2D78D53F3A1B}.XSSocNet x64 Release|x86.Build.0 = Release|x86
		{FFA9FB5D-5D7A-417B-BEBE-2D78D53F3A1B}.XSSocNet x86 Release|Any CPU.ActiveCfg = Release|Any CPU
		{FFA9FB5D-5D7A-417B-BEBE-2D78D53F3A1B}.XSSocNet x86 Release|Any CPU.Build.0 = Release|Any CPU
		{FFA9FB5D-5D7A-417B-BEBE-2D78D53F3A1B}.XSSocNet x86 Release|x64.ActiveCfg = Release|x64
		{FFA9FB5D-5D7A-417B-BEBE-2D78D53F3A1B}.XSSocNet x86 Release|x64.Build.0 = Release|x64
		{FFA9FB5D-5D7A-417B-BEBE-2D78D53F3A1B}.XSSocNet x86 Release|x86.ActiveCfg = Release|x86
		{FFA9FB5D-5D7A-417B-BEBE-2D78D53F3A1B}.XSSocNet x86 Release|x86.Build.0 = Release|x86
		{3A5BE8F7-04A8-4F12-9020-415FF2413665}.Debug|Any CPU.ActiveCfg = Debug|Any CPU
		{3A5BE8F7-04A8-4F12-9020-415FF2413665}.Debug|Any CPU.Build.0 = Debug|Any CPU
		{3A5BE8F7-04A8-4F12-9020-415FF2413665}.Debug|x64.ActiveCfg = Debug|Any CPU
		{3A5BE8F7-04A8-4F12-9020-415FF2413665}.Debug|x86.ActiveCfg = Debug|Any CPU
		{3A5BE8F7-04A8-4F12-9020-415FF2413665}.Release|Any CPU.ActiveCfg = Release|Any CPU
		{3A5BE8F7-04A8-4F12-9020-415FF2413665}.Release|Any CPU.Build.0 = Release|Any CPU
		{3A5BE8F7-04A8-4F12-9020-415FF2413665}.Release|x64.ActiveCfg = Release|Any CPU
		{3A5BE8F7-04A8-4F12-9020-415FF2413665}.Release|x86.ActiveCfg = Release|Any CPU
		{3A5BE8F7-04A8-4F12-9020-415FF2413665}.Release|x86.Build.0 = Release|Any CPU
		{3A5BE8F7-04A8-4F12-9020-415FF2413665}.SQL|Any CPU.ActiveCfg = Release|Any CPU
		{3A5BE8F7-04A8-4F12-9020-415FF2413665}.SQL|Any CPU.Build.0 = Release|Any CPU
		{3A5BE8F7-04A8-4F12-9020-415FF2413665}.SQL|x64.ActiveCfg = Release|Any CPU
		{3A5BE8F7-04A8-4F12-9020-415FF2413665}.SQL|x86.ActiveCfg = Release|Any CPU
		{3A5BE8F7-04A8-4F12-9020-415FF2413665}.SQLBudubu|Any CPU.ActiveCfg = Release|Any CPU
		{3A5BE8F7-04A8-4F12-9020-415FF2413665}.SQLBudubu|Any CPU.Build.0 = Release|Any CPU
		{3A5BE8F7-04A8-4F12-9020-415FF2413665}.SQLBudubu|x64.ActiveCfg = Release|Any CPU
		{3A5BE8F7-04A8-4F12-9020-415FF2413665}.SQLBudubu|x86.ActiveCfg = Release|Any CPU
		{3A5BE8F7-04A8-4F12-9020-415FF2413665}.XSSocNet x64 Release|Any CPU.ActiveCfg = Release|Any CPU
		{3A5BE8F7-04A8-4F12-9020-415FF2413665}.XSSocNet x64 Release|Any CPU.Build.0 = Release|Any CPU
		{3A5BE8F7-04A8-4F12-9020-415FF2413665}.XSSocNet x64 Release|x64.ActiveCfg = Release|Any CPU
		{3A5BE8F7-04A8-4F12-9020-415FF2413665}.XSSocNet x64 Release|x86.ActiveCfg = Release|Any CPU
		{3A5BE8F7-04A8-4F12-9020-415FF2413665}.XSSocNet x86 Release|Any CPU.ActiveCfg = Release|Any CPU
		{3A5BE8F7-04A8-4F12-9020-415FF2413665}.XSSocNet x86 Release|Any CPU.Build.0 = Release|Any CPU
		{3A5BE8F7-04A8-4F12-9020-415FF2413665}.XSSocNet x86 Release|x64.ActiveCfg = Release|Any CPU
		{3A5BE8F7-04A8-4F12-9020-415FF2413665}.XSSocNet x86 Release|x86.ActiveCfg = Release|Any CPU
		{2AF0404A-BBCA-49CE-9F1D-8E6A02351185}.Debug|Any CPU.ActiveCfg = Debug|Any CPU
		{2AF0404A-BBCA-49CE-9F1D-8E6A02351185}.Debug|Any CPU.Build.0 = Debug|Any CPU
		{2AF0404A-BBCA-49CE-9F1D-8E6A02351185}.Debug|Any CPU.Deploy.0 = Debug|Any CPU
		{2AF0404A-BBCA-49CE-9F1D-8E6A02351185}.Debug|x64.ActiveCfg = Debug|x64
		{2AF0404A-BBCA-49CE-9F1D-8E6A02351185}.Debug|x64.Build.0 = Debug|x64
		{2AF0404A-BBCA-49CE-9F1D-8E6A02351185}.Debug|x64.Deploy.0 = Debug|x64
		{2AF0404A-BBCA-49CE-9F1D-8E6A02351185}.Debug|x86.ActiveCfg = Debug|Any CPU
		{2AF0404A-BBCA-49CE-9F1D-8E6A02351185}.Release|Any CPU.ActiveCfg = Release|Any CPU
		{2AF0404A-BBCA-49CE-9F1D-8E6A02351185}.Release|Any CPU.Build.0 = Release|Any CPU
		{2AF0404A-BBCA-49CE-9F1D-8E6A02351185}.Release|Any CPU.Deploy.0 = Release|Any CPU
		{2AF0404A-BBCA-49CE-9F1D-8E6A02351185}.Release|x64.ActiveCfg = Release|Any CPU
		{2AF0404A-BBCA-49CE-9F1D-8E6A02351185}.Release|x86.ActiveCfg = Release|Any CPU
		{2AF0404A-BBCA-49CE-9F1D-8E6A02351185}.Release|x86.Build.0 = Release|Any CPU
		{2AF0404A-BBCA-49CE-9F1D-8E6A02351185}.SQL|Any CPU.ActiveCfg = Release|x64
		{2AF0404A-BBCA-49CE-9F1D-8E6A02351185}.SQL|x64.ActiveCfg = Release|x64
		{2AF0404A-BBCA-49CE-9F1D-8E6A02351185}.SQL|x64.Build.0 = Release|x64
		{2AF0404A-BBCA-49CE-9F1D-8E6A02351185}.SQL|x64.Deploy.0 = Release|x64
		{2AF0404A-BBCA-49CE-9F1D-8E6A02351185}.SQL|x86.ActiveCfg = Release|x64
		{2AF0404A-BBCA-49CE-9F1D-8E6A02351185}.SQLBudubu|Any CPU.ActiveCfg = Release|x64
		{2AF0404A-BBCA-49CE-9F1D-8E6A02351185}.SQLBudubu|x64.ActiveCfg = Release|x64
		{2AF0404A-BBCA-49CE-9F1D-8E6A02351185}.SQLBudubu|x64.Build.0 = Release|x64
		{2AF0404A-BBCA-49CE-9F1D-8E6A02351185}.SQLBudubu|x64.Deploy.0 = Release|x64
		{2AF0404A-BBCA-49CE-9F1D-8E6A02351185}.SQLBudubu|x86.ActiveCfg = Release|x64
		{2AF0404A-BBCA-49CE-9F1D-8E6A02351185}.XSSocNet x64 Release|Any CPU.ActiveCfg = Release|Any CPU
		{2AF0404A-BBCA-49CE-9F1D-8E6A02351185}.XSSocNet x64 Release|Any CPU.Build.0 = Release|Any CPU
		{2AF0404A-BBCA-49CE-9F1D-8E6A02351185}.XSSocNet x64 Release|Any CPU.Deploy.0 = Release|Any CPU
		{2AF0404A-BBCA-49CE-9F1D-8E6A02351185}.XSSocNet x64 Release|x64.ActiveCfg = Release|x64
		{2AF0404A-BBCA-49CE-9F1D-8E6A02351185}.XSSocNet x64 Release|x64.Build.0 = Release|x64
		{2AF0404A-BBCA-49CE-9F1D-8E6A02351185}.XSSocNet x64 Release|x64.Deploy.0 = Release|x64
		{2AF0404A-BBCA-49CE-9F1D-8E6A02351185}.XSSocNet x64 Release|x86.ActiveCfg = Release|x86
		{2AF0404A-BBCA-49CE-9F1D-8E6A02351185}.XSSocNet x64 Release|x86.Build.0 = Release|x86
		{2AF0404A-BBCA-49CE-9F1D-8E6A02351185}.XSSocNet x64 Release|x86.Deploy.0 = Release|x86
		{2AF0404A-BBCA-49CE-9F1D-8E6A02351185}.XSSocNet x86 Release|Any CPU.ActiveCfg = Release|Any CPU
		{2AF0404A-BBCA-49CE-9F1D-8E6A02351185}.XSSocNet x86 Release|Any CPU.Build.0 = Release|Any CPU
		{2AF0404A-BBCA-49CE-9F1D-8E6A02351185}.XSSocNet x86 Release|Any CPU.Deploy.0 = Release|Any CPU
		{2AF0404A-BBCA-49CE-9F1D-8E6A02351185}.XSSocNet x86 Release|x64.ActiveCfg = Release|x64
		{2AF0404A-BBCA-49CE-9F1D-8E6A02351185}.XSSocNet x86 Release|x64.Build.0 = Release|x64
		{2AF0404A-BBCA-49CE-9F1D-8E6A02351185}.XSSocNet x86 Release|x64.Deploy.0 = Release|x64
		{2AF0404A-BBCA-49CE-9F1D-8E6A02351185}.XSSocNet x86 Release|x86.ActiveCfg = Release|x86
		{2AF0404A-BBCA-49CE-9F1D-8E6A02351185}.XSSocNet x86 Release|x86.Build.0 = Release|x86
		{2AF0404A-BBCA-49CE-9F1D-8E6A02351185}.XSSocNet x86 Release|x86.Deploy.0 = Release|x86
		{F90E6A2B-0534-49F1-9ABC-5F1EC3078F02}.Debug|Any CPU.ActiveCfg = Debug|Any CPU
		{F90E6A2B-0534-49F1-9ABC-5F1EC3078F02}.Debug|Any CPU.Build.0 = Debug|Any CPU
		{F90E6A2B-0534-49F1-9ABC-5F1EC3078F02}.Debug|x64.ActiveCfg = Debug|Any CPU
		{F90E6A2B-0534-49F1-9ABC-5F1EC3078F02}.Debug|x86.ActiveCfg = Debug|x86
		{F90E6A2B-0534-49F1-9ABC-5F1EC3078F02}.Debug|x86.Build.0 = Debug|x86
		{F90E6A2B-0534-49F1-9ABC-5F1EC3078F02}.Release|Any CPU.ActiveCfg = Release|Any CPU
		{F90E6A2B-0534-49F1-9ABC-5F1EC3078F02}.Release|Any CPU.Build.0 = Release|Any CPU
		{F90E6A2B-0534-49F1-9ABC-5F1EC3078F02}.Release|x64.ActiveCfg = Release|Any CPU
		{F90E6A2B-0534-49F1-9ABC-5F1EC3078F02}.Release|x86.ActiveCfg = Release|Any CPU
		{F90E6A2B-0534-49F1-9ABC-5F1EC3078F02}.SQL|Any CPU.ActiveCfg = Release|Any CPU
		{F90E6A2B-0534-49F1-9ABC-5F1EC3078F02}.SQL|Any CPU.Build.0 = Release|Any CPU
		{F90E6A2B-0534-49F1-9ABC-5F1EC3078F02}.SQL|x64.ActiveCfg = Release|Any CPU
		{F90E6A2B-0534-49F1-9ABC-5F1EC3078F02}.SQL|x86.ActiveCfg = Release|Any CPU
		{F90E6A2B-0534-49F1-9ABC-5F1EC3078F02}.SQLBudubu|Any CPU.ActiveCfg = Release|Any CPU
		{F90E6A2B-0534-49F1-9ABC-5F1EC3078F02}.SQLBudubu|Any CPU.Build.0 = Release|Any CPU
		{F90E6A2B-0534-49F1-9ABC-5F1EC3078F02}.SQLBudubu|x64.ActiveCfg = Release|Any CPU
		{F90E6A2B-0534-49F1-9ABC-5F1EC3078F02}.SQLBudubu|x86.ActiveCfg = Release|Any CPU
		{F90E6A2B-0534-49F1-9ABC-5F1EC3078F02}.XSSocNet x64 Release|Any CPU.ActiveCfg = Release|Any CPU
		{F90E6A2B-0534-49F1-9ABC-5F1EC3078F02}.XSSocNet x64 Release|Any CPU.Build.0 = Release|Any CPU
		{F90E6A2B-0534-49F1-9ABC-5F1EC3078F02}.XSSocNet x64 Release|x64.ActiveCfg = Release|Any CPU
		{F90E6A2B-0534-49F1-9ABC-5F1EC3078F02}.XSSocNet x64 Release|x86.ActiveCfg = Release|Any CPU
		{F90E6A2B-0534-49F1-9ABC-5F1EC3078F02}.XSSocNet x86 Release|Any CPU.ActiveCfg = Release|Any CPU
		{F90E6A2B-0534-49F1-9ABC-5F1EC3078F02}.XSSocNet x86 Release|Any CPU.Build.0 = Release|Any CPU
		{F90E6A2B-0534-49F1-9ABC-5F1EC3078F02}.XSSocNet x86 Release|x64.ActiveCfg = Release|Any CPU
		{F90E6A2B-0534-49F1-9ABC-5F1EC3078F02}.XSSocNet x86 Release|x86.ActiveCfg = Release|Any CPU
		{D42810A1-F0D3-4233-9554-625C51E2FEE7}.Debug|Any CPU.ActiveCfg = Debug|Any CPU
		{D42810A1-F0D3-4233-9554-625C51E2FEE7}.Debug|Any CPU.Build.0 = Debug|Any CPU
		{D42810A1-F0D3-4233-9554-625C51E2FEE7}.Debug|x64.ActiveCfg = Debug|Any CPU
		{D42810A1-F0D3-4233-9554-625C51E2FEE7}.Debug|x86.ActiveCfg = Debug|x86
		{D42810A1-F0D3-4233-9554-625C51E2FEE7}.Debug|x86.Build.0 = Debug|x86
		{D42810A1-F0D3-4233-9554-625C51E2FEE7}.Release|Any CPU.ActiveCfg = Release|Any CPU
		{D42810A1-F0D3-4233-9554-625C51E2FEE7}.Release|Any CPU.Build.0 = Release|Any CPU
		{D42810A1-F0D3-4233-9554-625C51E2FEE7}.Release|x64.ActiveCfg = Release|Any CPU
		{D42810A1-F0D3-4233-9554-625C51E2FEE7}.Release|x86.ActiveCfg = Release|Any CPU
		{D42810A1-F0D3-4233-9554-625C51E2FEE7}.SQL|Any CPU.ActiveCfg = Release|Any CPU
		{D42810A1-F0D3-4233-9554-625C51E2FEE7}.SQL|Any CPU.Build.0 = Release|Any CPU
		{D42810A1-F0D3-4233-9554-625C51E2FEE7}.SQL|x64.ActiveCfg = Release|Any CPU
		{D42810A1-F0D3-4233-9554-625C51E2FEE7}.SQL|x86.ActiveCfg = Release|Any CPU
		{D42810A1-F0D3-4233-9554-625C51E2FEE7}.SQLBudubu|Any CPU.ActiveCfg = Release|Any CPU
		{D42810A1-F0D3-4233-9554-625C51E2FEE7}.SQLBudubu|Any CPU.Build.0 = Release|Any CPU
		{D42810A1-F0D3-4233-9554-625C51E2FEE7}.SQLBudubu|x64.ActiveCfg = Release|Any CPU
		{D42810A1-F0D3-4233-9554-625C51E2FEE7}.SQLBudubu|x86.ActiveCfg = Release|Any CPU
		{D42810A1-F0D3-4233-9554-625C51E2FEE7}.XSSocNet x64 Release|Any CPU.ActiveCfg = Release|Any CPU
		{D42810A1-F0D3-4233-9554-625C51E2FEE7}.XSSocNet x64 Release|Any CPU.Build.0 = Release|Any CPU
		{D42810A1-F0D3-4233-9554-625C51E2FEE7}.XSSocNet x64 Release|x64.ActiveCfg = Release|Any CPU
		{D42810A1-F0D3-4233-9554-625C51E2FEE7}.XSSocNet x64 Release|x86.ActiveCfg = Release|Any CPU
		{D42810A1-F0D3-4233-9554-625C51E2FEE7}.XSSocNet x86 Release|Any CPU.ActiveCfg = Release|Any CPU
		{D42810A1-F0D3-4233-9554-625C51E2FEE7}.XSSocNet x86 Release|Any CPU.Build.0 = Release|Any CPU
		{D42810A1-F0D3-4233-9554-625C51E2FEE7}.XSSocNet x86 Release|x64.ActiveCfg = Release|Any CPU
		{D42810A1-F0D3-4233-9554-625C51E2FEE7}.XSSocNet x86 Release|x86.ActiveCfg = Release|Any CPU
		{79C7BB97-6ABB-4E63-829D-5B5F7A76F987}.Debug|Any CPU.ActiveCfg = Debug|Any CPU
		{79C7BB97-6ABB-4E63-829D-5B5F7A76F987}.Debug|Any CPU.Build.0 = Debug|Any CPU
		{79C7BB97-6ABB-4E63-829D-5B5F7A76F987}.Debug|x64.ActiveCfg = Debug|Any CPU
		{79C7BB97-6ABB-4E63-829D-5B5F7A76F987}.Debug|x86.ActiveCfg = Debug|x86
		{79C7BB97-6ABB-4E63-829D-5B5F7A76F987}.Debug|x86.Build.0 = Debug|x86
		{79C7BB97-6ABB-4E63-829D-5B5F7A76F987}.Release|Any CPU.ActiveCfg = Release|Any CPU
		{79C7BB97-6ABB-4E63-829D-5B5F7A76F987}.Release|Any CPU.Build.0 = Release|Any CPU
		{79C7BB97-6ABB-4E63-829D-5B5F7A76F987}.Release|x64.ActiveCfg = Release|Any CPU
		{79C7BB97-6ABB-4E63-829D-5B5F7A76F987}.Release|x86.ActiveCfg = Release|Any CPU
		{79C7BB97-6ABB-4E63-829D-5B5F7A76F987}.SQL|Any CPU.ActiveCfg = Release|Any CPU
		{79C7BB97-6ABB-4E63-829D-5B5F7A76F987}.SQL|Any CPU.Build.0 = Release|Any CPU
		{79C7BB97-6ABB-4E63-829D-5B5F7A76F987}.SQL|x64.ActiveCfg = Release|Any CPU
		{79C7BB97-6ABB-4E63-829D-5B5F7A76F987}.SQL|x86.ActiveCfg = Release|Any CPU
		{79C7BB97-6ABB-4E63-829D-5B5F7A76F987}.SQLBudubu|Any CPU.ActiveCfg = Release|Any CPU
		{79C7BB97-6ABB-4E63-829D-5B5F7A76F987}.SQLBudubu|Any CPU.Build.0 = Release|Any CPU
		{79C7BB97-6ABB-4E63-829D-5B5F7A76F987}.SQLBudubu|x64.ActiveCfg = Release|Any CPU
		{79C7BB97-6ABB-4E63-829D-5B5F7A76F987}.SQLBudubu|x86.ActiveCfg = Release|Any CPU
		{79C7BB97-6ABB-4E63-829D-5B5F7A76F987}.XSSocNet x64 Release|Any CPU.ActiveCfg = Release|Any CPU
		{79C7BB97-6ABB-4E63-829D-5B5F7A76F987}.XSSocNet x64 Release|Any CPU.Build.0 = Release|Any CPU
		{79C7BB97-6ABB-4E63-829D-5B5F7A76F987}.XSSocNet x64 Release|x64.ActiveCfg = Release|Any CPU
		{79C7BB97-6ABB-4E63-829D-5B5F7A76F987}.XSSocNet x64 Release|x86.ActiveCfg = Release|Any CPU
		{79C7BB97-6ABB-4E63-829D-5B5F7A76F987}.XSSocNet x86 Release|Any CPU.ActiveCfg = Release|Any CPU
		{79C7BB97-6ABB-4E63-829D-5B5F7A76F987}.XSSocNet x86 Release|Any CPU.Build.0 = Release|Any CPU
		{79C7BB97-6ABB-4E63-829D-5B5F7A76F987}.XSSocNet x86 Release|x64.ActiveCfg = Release|Any CPU
		{79C7BB97-6ABB-4E63-829D-5B5F7A76F987}.XSSocNet x86 Release|x86.ActiveCfg = Release|Any CPU
		{100B22CF-CA0B-4A70-B655-BBAB350F4891}.Debug|Any CPU.ActiveCfg = Debug|Any CPU
		{100B22CF-CA0B-4A70-B655-BBAB350F4891}.Debug|Any CPU.Build.0 = Debug|Any CPU
		{100B22CF-CA0B-4A70-B655-BBAB350F4891}.Debug|x64.ActiveCfg = Debug|Any CPU
		{100B22CF-CA0B-4A70-B655-BBAB350F4891}.Debug|x86.ActiveCfg = Debug|x86
		{100B22CF-CA0B-4A70-B655-BBAB350F4891}.Debug|x86.Build.0 = Debug|x86
		{100B22CF-CA0B-4A70-B655-BBAB350F4891}.Release|Any CPU.ActiveCfg = Release|Any CPU
		{100B22CF-CA0B-4A70-B655-BBAB350F4891}.Release|Any CPU.Build.0 = Release|Any CPU
		{100B22CF-CA0B-4A70-B655-BBAB350F4891}.Release|x64.ActiveCfg = Release|Any CPU
		{100B22CF-CA0B-4A70-B655-BBAB350F4891}.Release|x86.ActiveCfg = Release|Any CPU
		{100B22CF-CA0B-4A70-B655-BBAB350F4891}.SQL|Any CPU.ActiveCfg = Release|Any CPU
		{100B22CF-CA0B-4A70-B655-BBAB350F4891}.SQL|Any CPU.Build.0 = Release|Any CPU
		{100B22CF-CA0B-4A70-B655-BBAB350F4891}.SQL|x64.ActiveCfg = Release|Any CPU
		{100B22CF-CA0B-4A70-B655-BBAB350F4891}.SQL|x86.ActiveCfg = Release|Any CPU
		{100B22CF-CA0B-4A70-B655-BBAB350F4891}.SQLBudubu|Any CPU.ActiveCfg = Release|Any CPU
		{100B22CF-CA0B-4A70-B655-BBAB350F4891}.SQLBudubu|Any CPU.Build.0 = Release|Any CPU
		{100B22CF-CA0B-4A70-B655-BBAB350F4891}.SQLBudubu|x64.ActiveCfg = Release|Any CPU
		{100B22CF-CA0B-4A70-B655-BBAB350F4891}.SQLBudubu|x86.ActiveCfg = Release|Any CPU
		{100B22CF-CA0B-4A70-B655-BBAB350F4891}.XSSocNet x64 Release|Any CPU.ActiveCfg = Release|Any CPU
		{100B22CF-CA0B-4A70-B655-BBAB350F4891}.XSSocNet x64 Release|Any CPU.Build.0 = Release|Any CPU
		{100B22CF-CA0B-4A70-B655-BBAB350F4891}.XSSocNet x64 Release|x64.ActiveCfg = Release|Any CPU
		{100B22CF-CA0B-4A70-B655-BBAB350F4891}.XSSocNet x64 Release|x86.ActiveCfg = Release|Any CPU
		{100B22CF-CA0B-4A70-B655-BBAB350F4891}.XSSocNet x86 Release|Any CPU.ActiveCfg = Release|Any CPU
		{100B22CF-CA0B-4A70-B655-BBAB350F4891}.XSSocNet x86 Release|Any CPU.Build.0 = Release|Any CPU
		{100B22CF-CA0B-4A70-B655-BBAB350F4891}.XSSocNet x86 Release|x64.ActiveCfg = Release|Any CPU
		{100B22CF-CA0B-4A70-B655-BBAB350F4891}.XSSocNet x86 Release|x86.ActiveCfg = Release|Any CPU
		{3C31E603-6E5F-4167-BF66-77079A526252}.Debug|Any CPU.ActiveCfg = Debug|Any CPU
		{3C31E603-6E5F-4167-BF66-77079A526252}.Debug|Any CPU.Build.0 = Debug|Any CPU
		{3C31E603-6E5F-4167-BF66-77079A526252}.Debug|x64.ActiveCfg = Debug|x86
		{3C31E603-6E5F-4167-BF66-77079A526252}.Debug|x86.ActiveCfg = Debug|x86
		{3C31E603-6E5F-4167-BF66-77079A526252}.Debug|x86.Build.0 = Debug|x86
		{3C31E603-6E5F-4167-BF66-77079A526252}.Release|Any CPU.ActiveCfg = Release|Any CPU
		{3C31E603-6E5F-4167-BF66-77079A526252}.Release|Any CPU.Build.0 = Release|Any CPU
		{3C31E603-6E5F-4167-BF66-77079A526252}.Release|x64.ActiveCfg = Release|x86
		{3C31E603-6E5F-4167-BF66-77079A526252}.Release|x86.ActiveCfg = Release|x86
		{3C31E603-6E5F-4167-BF66-77079A526252}.Release|x86.Build.0 = Release|x86
		{3C31E603-6E5F-4167-BF66-77079A526252}.SQL|Any CPU.ActiveCfg = Release|x86
		{3C31E603-6E5F-4167-BF66-77079A526252}.SQL|x64.ActiveCfg = Release|x86
		{3C31E603-6E5F-4167-BF66-77079A526252}.SQL|x86.ActiveCfg = Release|x86
		{3C31E603-6E5F-4167-BF66-77079A526252}.SQL|x86.Build.0 = Release|x86
		{3C31E603-6E5F-4167-BF66-77079A526252}.SQLBudubu|Any CPU.ActiveCfg = Release|x86
		{3C31E603-6E5F-4167-BF66-77079A526252}.SQLBudubu|x64.ActiveCfg = Release|x86
		{3C31E603-6E5F-4167-BF66-77079A526252}.SQLBudubu|x86.ActiveCfg = Release|x86
		{3C31E603-6E5F-4167-BF66-77079A526252}.SQLBudubu|x86.Build.0 = Release|x86
		{3C31E603-6E5F-4167-BF66-77079A526252}.XSSocNet x64 Release|Any CPU.ActiveCfg = Release|Any CPU
		{3C31E603-6E5F-4167-BF66-77079A526252}.XSSocNet x64 Release|Any CPU.Build.0 = Release|Any CPU
		{3C31E603-6E5F-4167-BF66-77079A526252}.XSSocNet x64 Release|x64.ActiveCfg = Release|x86
		{3C31E603-6E5F-4167-BF66-77079A526252}.XSSocNet x64 Release|x86.ActiveCfg = Release|x86
		{3C31E603-6E5F-4167-BF66-77079A526252}.XSSocNet x64 Release|x86.Build.0 = Release|x86
		{3C31E603-6E5F-4167-BF66-77079A526252}.XSSocNet x86 Release|Any CPU.ActiveCfg = Release|Any CPU
		{3C31E603-6E5F-4167-BF66-77079A526252}.XSSocNet x86 Release|Any CPU.Build.0 = Release|Any CPU
		{3C31E603-6E5F-4167-BF66-77079A526252}.XSSocNet x86 Release|x64.ActiveCfg = Release|x86
		{3C31E603-6E5F-4167-BF66-77079A526252}.XSSocNet x86 Release|x86.ActiveCfg = Release|x86
		{3C31E603-6E5F-4167-BF66-77079A526252}.XSSocNet x86 Release|x86.Build.0 = Release|x86
		{79671FEB-6E9F-4366-8A34-D4A75102C711}.Debug|Any CPU.ActiveCfg = Debug|Any CPU
		{79671FEB-6E9F-4366-8A34-D4A75102C711}.Debug|Any CPU.Build.0 = Debug|Any CPU
		{79671FEB-6E9F-4366-8A34-D4A75102C711}.Debug|x64.ActiveCfg = Debug|Any CPU
		{79671FEB-6E9F-4366-8A34-D4A75102C711}.Debug|x86.ActiveCfg = Debug|x86
		{79671FEB-6E9F-4366-8A34-D4A75102C711}.Debug|x86.Build.0 = Debug|x86
		{79671FEB-6E9F-4366-8A34-D4A75102C711}.Release|Any CPU.ActiveCfg = Release|Any CPU
		{79671FEB-6E9F-4366-8A34-D4A75102C711}.Release|Any CPU.Build.0 = Release|Any CPU
		{79671FEB-6E9F-4366-8A34-D4A75102C711}.Release|x64.ActiveCfg = Release|Any CPU
		{79671FEB-6E9F-4366-8A34-D4A75102C711}.Release|x86.ActiveCfg = Release|Any CPU
		{79671FEB-6E9F-4366-8A34-D4A75102C711}.SQL|Any CPU.ActiveCfg = Release|Any CPU
		{79671FEB-6E9F-4366-8A34-D4A75102C711}.SQL|Any CPU.Build.0 = Release|Any CPU
		{79671FEB-6E9F-4366-8A34-D4A75102C711}.SQL|x64.ActiveCfg = Release|Any CPU
		{79671FEB-6E9F-4366-8A34-D4A75102C711}.SQL|x86.ActiveCfg = Release|Any CPU
		{79671FEB-6E9F-4366-8A34-D4A75102C711}.SQLBudubu|Any CPU.ActiveCfg = Release|Any CPU
		{79671FEB-6E9F-4366-8A34-D4A75102C711}.SQLBudubu|Any CPU.Build.0 = Release|Any CPU
		{79671FEB-6E9F-4366-8A34-D4A75102C711}.SQLBudubu|x64.ActiveCfg = Release|Any CPU
		{79671FEB-6E9F-4366-8A34-D4A75102C711}.SQLBudubu|x86.ActiveCfg = Release|Any CPU
		{79671FEB-6E9F-4366-8A34-D4A75102C711}.XSSocNet x64 Release|Any CPU.ActiveCfg = Release|Any CPU
		{79671FEB-6E9F-4366-8A34-D4A75102C711}.XSSocNet x64 Release|Any CPU.Build.0 = Release|Any CPU
		{79671FEB-6E9F-4366-8A34-D4A75102C711}.XSSocNet x64 Release|x64.ActiveCfg = Release|Any CPU
		{79671FEB-6E9F-4366-8A34-D4A75102C711}.XSSocNet x64 Release|x86.ActiveCfg = Release|Any CPU
		{79671FEB-6E9F-4366-8A34-D4A75102C711}.XSSocNet x86 Release|Any CPU.ActiveCfg = Release|Any CPU
		{79671FEB-6E9F-4366-8A34-D4A75102C711}.XSSocNet x86 Release|Any CPU.Build.0 = Release|Any CPU
		{79671FEB-6E9F-4366-8A34-D4A75102C711}.XSSocNet x86 Release|x64.ActiveCfg = Release|Any CPU
		{79671FEB-6E9F-4366-8A34-D4A75102C711}.XSSocNet x86 Release|x86.ActiveCfg = Release|Any CPU
		{20695881-D5BF-4EF7-9C40-159B9AC56778}.Debug|Any CPU.ActiveCfg = Debug|Any CPU
		{20695881-D5BF-4EF7-9C40-159B9AC56778}.Debug|Any CPU.Build.0 = Debug|Any CPU
		{20695881-D5BF-4EF7-9C40-159B9AC56778}.Debug|x64.ActiveCfg = Debug|Any CPU
		{20695881-D5BF-4EF7-9C40-159B9AC56778}.Debug|x86.ActiveCfg = Debug|x86
		{20695881-D5BF-4EF7-9C40-159B9AC56778}.Debug|x86.Build.0 = Debug|x86
		{20695881-D5BF-4EF7-9C40-159B9AC56778}.Release|Any CPU.ActiveCfg = Release|Any CPU
		{20695881-D5BF-4EF7-9C40-159B9AC56778}.Release|Any CPU.Build.0 = Release|Any CPU
		{20695881-D5BF-4EF7-9C40-159B9AC56778}.Release|x64.ActiveCfg = Release|Any CPU
		{20695881-D5BF-4EF7-9C40-159B9AC56778}.Release|x86.ActiveCfg = Release|Any CPU
		{20695881-D5BF-4EF7-9C40-159B9AC56778}.SQL|Any CPU.ActiveCfg = Release|Any CPU
		{20695881-D5BF-4EF7-9C40-159B9AC56778}.SQL|Any CPU.Build.0 = Release|Any CPU
		{20695881-D5BF-4EF7-9C40-159B9AC56778}.SQL|x64.ActiveCfg = Release|Any CPU
		{20695881-D5BF-4EF7-9C40-159B9AC56778}.SQL|x86.ActiveCfg = Release|Any CPU
		{20695881-D5BF-4EF7-9C40-159B9AC56778}.SQLBudubu|Any CPU.ActiveCfg = Release|Any CPU
		{20695881-D5BF-4EF7-9C40-159B9AC56778}.SQLBudubu|Any CPU.Build.0 = Release|Any CPU
		{20695881-D5BF-4EF7-9C40-159B9AC56778}.SQLBudubu|x64.ActiveCfg = Release|Any CPU
		{20695881-D5BF-4EF7-9C40-159B9AC56778}.SQLBudubu|x86.ActiveCfg = Release|Any CPU
		{20695881-D5BF-4EF7-9C40-159B9AC56778}.XSSocNet x64 Release|Any CPU.ActiveCfg = Release|Any CPU
		{20695881-D5BF-4EF7-9C40-159B9AC56778}.XSSocNet x64 Release|Any CPU.Build.0 = Release|Any CPU
		{20695881-D5BF-4EF7-9C40-159B9AC56778}.XSSocNet x64 Release|x64.ActiveCfg = Release|Any CPU
		{20695881-D5BF-4EF7-9C40-159B9AC56778}.XSSocNet x64 Release|x86.ActiveCfg = Release|Any CPU
		{20695881-D5BF-4EF7-9C40-159B9AC56778}.XSSocNet x86 Release|Any CPU.ActiveCfg = Release|Any CPU
		{20695881-D5BF-4EF7-9C40-159B9AC56778}.XSSocNet x86 Release|Any CPU.Build.0 = Release|Any CPU
		{20695881-D5BF-4EF7-9C40-159B9AC56778}.XSSocNet x86 Release|x64.ActiveCfg = Release|Any CPU
		{20695881-D5BF-4EF7-9C40-159B9AC56778}.XSSocNet x86 Release|x86.ActiveCfg = Release|Any CPU
		{DEE5CFBA-78A8-4DCE-B342-61CC6561B613}.Debug|Any CPU.ActiveCfg = Debug|Any CPU
		{DEE5CFBA-78A8-4DCE-B342-61CC6561B613}.Debug|Any CPU.Build.0 = Debug|Any CPU
		{DEE5CFBA-78A8-4DCE-B342-61CC6561B613}.Debug|x64.ActiveCfg = Debug|Any CPU
		{DEE5CFBA-78A8-4DCE-B342-61CC6561B613}.Debug|x86.ActiveCfg = Debug|x86
		{DEE5CFBA-78A8-4DCE-B342-61CC6561B613}.Debug|x86.Build.0 = Debug|x86
		{DEE5CFBA-78A8-4DCE-B342-61CC6561B613}.Release|Any CPU.ActiveCfg = Release|Any CPU
		{DEE5CFBA-78A8-4DCE-B342-61CC6561B613}.Release|Any CPU.Build.0 = Release|Any CPU
		{DEE5CFBA-78A8-4DCE-B342-61CC6561B613}.Release|x64.ActiveCfg = Release|Any CPU
		{DEE5CFBA-78A8-4DCE-B342-61CC6561B613}.Release|x86.ActiveCfg = Release|Any CPU
		{DEE5CFBA-78A8-4DCE-B342-61CC6561B613}.SQL|Any CPU.ActiveCfg = Release|Any CPU
		{DEE5CFBA-78A8-4DCE-B342-61CC6561B613}.SQL|Any CPU.Build.0 = Release|Any CPU
		{DEE5CFBA-78A8-4DCE-B342-61CC6561B613}.SQL|x64.ActiveCfg = Release|Any CPU
		{DEE5CFBA-78A8-4DCE-B342-61CC6561B613}.SQL|x86.ActiveCfg = Release|Any CPU
		{DEE5CFBA-78A8-4DCE-B342-61CC6561B613}.SQLBudubu|Any CPU.ActiveCfg = Release|Any CPU
		{DEE5CFBA-78A8-4DCE-B342-61CC6561B613}.SQLBudubu|Any CPU.Build.0 = Release|Any CPU
		{DEE5CFBA-78A8-4DCE-B342-61CC6561B613}.SQLBudubu|x64.ActiveCfg = Release|Any CPU
		{DEE5CFBA-78A8-4DCE-B342-61CC6561B613}.SQLBudubu|x86.ActiveCfg = Release|Any CPU
		{DEE5CFBA-78A8-4DCE-B342-61CC6561B613}.XSSocNet x64 Release|Any CPU.ActiveCfg = Release|Any CPU
		{DEE5CFBA-78A8-4DCE-B342-61CC6561B613}.XSSocNet x64 Release|Any CPU.Build.0 = Release|Any CPU
		{DEE5CFBA-78A8-4DCE-B342-61CC6561B613}.XSSocNet x64 Release|x64.ActiveCfg = Release|Any CPU
		{DEE5CFBA-78A8-4DCE-B342-61CC6561B613}.XSSocNet x64 Release|x86.ActiveCfg = Release|Any CPU
		{DEE5CFBA-78A8-4DCE-B342-61CC6561B613}.XSSocNet x86 Release|Any CPU.ActiveCfg = Release|Any CPU
		{DEE5CFBA-78A8-4DCE-B342-61CC6561B613}.XSSocNet x86 Release|Any CPU.Build.0 = Release|Any CPU
		{DEE5CFBA-78A8-4DCE-B342-61CC6561B613}.XSSocNet x86 Release|x64.ActiveCfg = Release|Any CPU
		{DEE5CFBA-78A8-4DCE-B342-61CC6561B613}.XSSocNet x86 Release|x86.ActiveCfg = Release|Any CPU
		{954737FC-6852-4583-B179-3438759F18A6}.Debug|Any CPU.ActiveCfg = Debug|Any CPU
		{954737FC-6852-4583-B179-3438759F18A6}.Debug|Any CPU.Build.0 = Debug|Any CPU
		{954737FC-6852-4583-B179-3438759F18A6}.Debug|x64.ActiveCfg = Debug|Any CPU
		{954737FC-6852-4583-B179-3438759F18A6}.Debug|x86.ActiveCfg = Debug|Any CPU
		{954737FC-6852-4583-B179-3438759F18A6}.Release|Any CPU.ActiveCfg = Release|Any CPU
		{954737FC-6852-4583-B179-3438759F18A6}.Release|Any CPU.Build.0 = Release|Any CPU
		{954737FC-6852-4583-B179-3438759F18A6}.Release|x64.ActiveCfg = Release|Any CPU
		{954737FC-6852-4583-B179-3438759F18A6}.Release|x86.ActiveCfg = Release|Any CPU
		{954737FC-6852-4583-B179-3438759F18A6}.SQL|Any CPU.ActiveCfg = Release|Any CPU
		{954737FC-6852-4583-B179-3438759F18A6}.SQL|Any CPU.Build.0 = Release|Any CPU
		{954737FC-6852-4583-B179-3438759F18A6}.SQL|x64.ActiveCfg = Release|Any CPU
		{954737FC-6852-4583-B179-3438759F18A6}.SQL|x86.ActiveCfg = Release|Any CPU
		{954737FC-6852-4583-B179-3438759F18A6}.SQLBudubu|Any CPU.ActiveCfg = Release|Any CPU
		{954737FC-6852-4583-B179-3438759F18A6}.SQLBudubu|Any CPU.Build.0 = Release|Any CPU
		{954737FC-6852-4583-B179-3438759F18A6}.SQLBudubu|x64.ActiveCfg = Release|Any CPU
		{954737FC-6852-4583-B179-3438759F18A6}.SQLBudubu|x86.ActiveCfg = Release|Any CPU
		{954737FC-6852-4583-B179-3438759F18A6}.XSSocNet x64 Release|Any CPU.ActiveCfg = Release|Any CPU
		{954737FC-6852-4583-B179-3438759F18A6}.XSSocNet x64 Release|Any CPU.Build.0 = Release|Any CPU
		{954737FC-6852-4583-B179-3438759F18A6}.XSSocNet x64 Release|x64.ActiveCfg = Release|Any CPU
		{954737FC-6852-4583-B179-3438759F18A6}.XSSocNet x64 Release|x86.ActiveCfg = Release|Any CPU
		{954737FC-6852-4583-B179-3438759F18A6}.XSSocNet x86 Release|Any CPU.ActiveCfg = Release|Any CPU
		{954737FC-6852-4583-B179-3438759F18A6}.XSSocNet x86 Release|Any CPU.Build.0 = Release|Any CPU
		{954737FC-6852-4583-B179-3438759F18A6}.XSSocNet x86 Release|x64.ActiveCfg = Release|Any CPU
		{954737FC-6852-4583-B179-3438759F18A6}.XSSocNet x86 Release|x86.ActiveCfg = Release|Any CPU
		{CB25D110-8967-4CBE-91B6-C3D4E4C1BCC8}.Debug|Any CPU.ActiveCfg = Debug|Any CPU
		{CB25D110-8967-4CBE-91B6-C3D4E4C1BCC8}.Debug|Any CPU.Build.0 = Debug|Any CPU
		{CB25D110-8967-4CBE-91B6-C3D4E4C1BCC8}.Debug|x64.ActiveCfg = Debug|Any CPU
		{CB25D110-8967-4CBE-91B6-C3D4E4C1BCC8}.Debug|x86.ActiveCfg = Debug|Any CPU
		{CB25D110-8967-4CBE-91B6-C3D4E4C1BCC8}.Release|Any CPU.ActiveCfg = Release|Any CPU
		{CB25D110-8967-4CBE-91B6-C3D4E4C1BCC8}.Release|Any CPU.Build.0 = Release|Any CPU
		{CB25D110-8967-4CBE-91B6-C3D4E4C1BCC8}.Release|x64.ActiveCfg = Release|Any CPU
		{CB25D110-8967-4CBE-91B6-C3D4E4C1BCC8}.Release|x86.ActiveCfg = Release|Any CPU
		{CB25D110-8967-4CBE-91B6-C3D4E4C1BCC8}.SQL|Any CPU.ActiveCfg = Release|Any CPU
		{CB25D110-8967-4CBE-91B6-C3D4E4C1BCC8}.SQL|Any CPU.Build.0 = Release|Any CPU
		{CB25D110-8967-4CBE-91B6-C3D4E4C1BCC8}.SQL|x64.ActiveCfg = Release|Any CPU
		{CB25D110-8967-4CBE-91B6-C3D4E4C1BCC8}.SQL|x86.ActiveCfg = Release|Any CPU
		{CB25D110-8967-4CBE-91B6-C3D4E4C1BCC8}.SQLBudubu|Any CPU.ActiveCfg = Release|Any CPU
		{CB25D110-8967-4CBE-91B6-C3D4E4C1BCC8}.SQLBudubu|Any CPU.Build.0 = Release|Any CPU
		{CB25D110-8967-4CBE-91B6-C3D4E4C1BCC8}.SQLBudubu|x64.ActiveCfg = Release|Any CPU
		{CB25D110-8967-4CBE-91B6-C3D4E4C1BCC8}.SQLBudubu|x86.ActiveCfg = Release|Any CPU
		{CB25D110-8967-4CBE-91B6-C3D4E4C1BCC8}.XSSocNet x64 Release|Any CPU.ActiveCfg = Release|Any CPU
		{CB25D110-8967-4CBE-91B6-C3D4E4C1BCC8}.XSSocNet x64 Release|Any CPU.Build.0 = Release|Any CPU
		{CB25D110-8967-4CBE-91B6-C3D4E4C1BCC8}.XSSocNet x64 Release|x64.ActiveCfg = Release|Any CPU
		{CB25D110-8967-4CBE-91B6-C3D4E4C1BCC8}.XSSocNet x64 Release|x86.ActiveCfg = Release|Any CPU
		{CB25D110-8967-4CBE-91B6-C3D4E4C1BCC8}.XSSocNet x86 Release|Any CPU.ActiveCfg = Release|Any CPU
		{CB25D110-8967-4CBE-91B6-C3D4E4C1BCC8}.XSSocNet x86 Release|Any CPU.Build.0 = Release|Any CPU
		{CB25D110-8967-4CBE-91B6-C3D4E4C1BCC8}.XSSocNet x86 Release|x64.ActiveCfg = Release|Any CPU
		{CB25D110-8967-4CBE-91B6-C3D4E4C1BCC8}.XSSocNet x86 Release|x86.ActiveCfg = Release|Any CPU
		{6B57E92D-9A0D-454B-A95E-D71BCBAF535A}.Debug|Any CPU.ActiveCfg = Debug|Any CPU
		{6B57E92D-9A0D-454B-A95E-D71BCBAF535A}.Debug|Any CPU.Build.0 = Debug|Any CPU
		{6B57E92D-9A0D-454B-A95E-D71BCBAF535A}.Debug|x64.ActiveCfg = Debug|Any CPU
		{6B57E92D-9A0D-454B-A95E-D71BCBAF535A}.Debug|x86.ActiveCfg = Debug|Any CPU
		{6B57E92D-9A0D-454B-A95E-D71BCBAF535A}.Release|Any CPU.ActiveCfg = Release|Any CPU
		{6B57E92D-9A0D-454B-A95E-D71BCBAF535A}.Release|Any CPU.Build.0 = Release|Any CPU
		{6B57E92D-9A0D-454B-A95E-D71BCBAF535A}.Release|x64.ActiveCfg = Release|Any CPU
		{6B57E92D-9A0D-454B-A95E-D71BCBAF535A}.Release|x86.ActiveCfg = Release|Any CPU
		{6B57E92D-9A0D-454B-A95E-D71BCBAF535A}.SQL|Any CPU.ActiveCfg = Release|Any CPU
		{6B57E92D-9A0D-454B-A95E-D71BCBAF535A}.SQL|Any CPU.Build.0 = Release|Any CPU
		{6B57E92D-9A0D-454B-A95E-D71BCBAF535A}.SQL|x64.ActiveCfg = Release|Any CPU
		{6B57E92D-9A0D-454B-A95E-D71BCBAF535A}.SQL|x86.ActiveCfg = Release|Any CPU
		{6B57E92D-9A0D-454B-A95E-D71BCBAF535A}.SQLBudubu|Any CPU.ActiveCfg = Release|Any CPU
		{6B57E92D-9A0D-454B-A95E-D71BCBAF535A}.SQLBudubu|Any CPU.Build.0 = Release|Any CPU
		{6B57E92D-9A0D-454B-A95E-D71BCBAF535A}.SQLBudubu|x64.ActiveCfg = Release|Any CPU
		{6B57E92D-9A0D-454B-A95E-D71BCBAF535A}.SQLBudubu|x86.ActiveCfg = Release|Any CPU
		{6B57E92D-9A0D-454B-A95E-D71BCBAF535A}.XSSocNet x64 Release|Any CPU.ActiveCfg = Release|Any CPU
		{6B57E92D-9A0D-454B-A95E-D71BCBAF535A}.XSSocNet x64 Release|Any CPU.Build.0 = Release|Any CPU
		{6B57E92D-9A0D-454B-A95E-D71BCBAF535A}.XSSocNet x64 Release|x64.ActiveCfg = Release|Any CPU
		{6B57E92D-9A0D-454B-A95E-D71BCBAF535A}.XSSocNet x64 Release|x86.ActiveCfg = Release|Any CPU
		{6B57E92D-9A0D-454B-A95E-D71BCBAF535A}.XSSocNet x86 Release|Any CPU.ActiveCfg = Release|Any CPU
		{6B57E92D-9A0D-454B-A95E-D71BCBAF535A}.XSSocNet x86 Release|Any CPU.Build.0 = Release|Any CPU
		{6B57E92D-9A0D-454B-A95E-D71BCBAF535A}.XSSocNet x86 Release|x64.ActiveCfg = Release|Any CPU
		{6B57E92D-9A0D-454B-A95E-D71BCBAF535A}.XSSocNet x86 Release|x86.ActiveCfg = Release|Any CPU
	EndGlobalSection
	GlobalSection(SolutionProperties) = preSolution
		HideSolutionNode = FALSE
	EndGlobalSection
	GlobalSection(NestedProjects) = preSolution
		{A699103F-0896-4FDE-A854-11DD86462BAE} = {87F07B4C-AD44-4D1B-A258-7AC97F777B8C}
		{93102A3C-BDFC-4EE6-824E-64869BD9318A} = {087F6EA3-CF6A-4ACB-A02A-F57BDADB36F5}
		{47F5C9CF-5256-481A-8AEE-BE1531A8B747} = {087F6EA3-CF6A-4ACB-A02A-F57BDADB36F5}
		{3A5BE8F7-04A8-4F12-9020-415FF2413665} = {FF8C56FD-0733-4A75-BD56-4C4A48FF9D07}
		{2AF0404A-BBCA-49CE-9F1D-8E6A02351185} = {FF8C56FD-0733-4A75-BD56-4C4A48FF9D07}
		{FA9E4C4F-DA88-43F1-8AA0-C31E609450F5} = {B8ED5428-62A7-41AB-A2D9-684AE29F6935}
		{6AB7C1E0-3CCE-47AA-8CB1-583A3368C10F} = {B8ED5428-62A7-41AB-A2D9-684AE29F6935}
		{9232C921-5754-4F61-9B3A-024FB1359E44} = {B8ED5428-62A7-41AB-A2D9-684AE29F6935}
		{6A858B30-099F-419E-8ECD-6FA902EDE5EF} = {1996C980-86D3-4C5D-96D0-CF0644FE504E}
		{5A8280D9-1A07-4013-8D49-1A0FA4FAC4C7} = {6A858B30-099F-419E-8ECD-6FA902EDE5EF}
		{1C9A3409-8DB6-4450-A5AB-862BDB5687D1} = {6A858B30-099F-419E-8ECD-6FA902EDE5EF}
		{D9A6D00E-00EB-40C2-BDF3-D1D82C818532} = {6A858B30-099F-419E-8ECD-6FA902EDE5EF}
		{4913989D-87D9-4709-A5E5-E90842DD52BD} = {6A858B30-099F-419E-8ECD-6FA902EDE5EF}
		{76755398-4D11-4C9E-AB9E-58721FD887A0} = {6A858B30-099F-419E-8ECD-6FA902EDE5EF}
		{B0DD023E-F2D8-498D-B8E2-F67525BE118E} = {5A8280D9-1A07-4013-8D49-1A0FA4FAC4C7}
		{47F390F1-0733-42C6-84B0-90EF85345B51} = {5A8280D9-1A07-4013-8D49-1A0FA4FAC4C7}
		{F30D19C1-88F4-48DE-A095-28532468CBE5} = {1C9A3409-8DB6-4450-A5AB-862BDB5687D1}
		{7890A7F6-6D50-48D6-AEA3-A07DE9CE22FB} = {1C9A3409-8DB6-4450-A5AB-862BDB5687D1}
		{9A889F76-433A-4E2F-ACC9-8FDC24C9A499} = {BA6FB0EF-699E-44BC-8226-B54D6473F383}
		{FFA9FB5D-5D7A-417B-BEBE-2D78D53F3A1B} = {BA6FB0EF-699E-44BC-8226-B54D6473F383}
		{5D43FCD5-1638-46BC-A6E5-09580AC64A45} = {BA6FB0EF-699E-44BC-8226-B54D6473F383}
		{D42810A1-F0D3-4233-9554-625C51E2FEE7} = {BA6FB0EF-699E-44BC-8226-B54D6473F383}
		{954737FC-6852-4583-B179-3438759F18A6} = {BA6FB0EF-699E-44BC-8226-B54D6473F383}
		{CB25D110-8967-4CBE-91B6-C3D4E4C1BCC8} = {BA6FB0EF-699E-44BC-8226-B54D6473F383}
		{6B57E92D-9A0D-454B-A95E-D71BCBAF535A} = {BA6FB0EF-699E-44BC-8226-B54D6473F383}
		{F90E6A2B-0534-49F1-9ABC-5F1EC3078F02} = {29C84AE2-C15C-4433-A0A3-CFB7997DDA3C}
		{100B22CF-CA0B-4A70-B655-BBAB350F4891} = {627C95D5-C525-4A35-96DF-2777B40C5A8A}
		{F6169DD2-4E2B-41AF-BDB4-2E27BD8B3CAF} = {627C95D5-C525-4A35-96DF-2777B40C5A8A}
		{3C31E603-6E5F-4167-BF66-77079A526252} = {F6169DD2-4E2B-41AF-BDB4-2E27BD8B3CAF}
		{79671FEB-6E9F-4366-8A34-D4A75102C711} = {5485C82A-546D-45C8-9D86-B8A2247AEF2A}
		{20695881-D5BF-4EF7-9C40-159B9AC56778} = {5485C82A-546D-45C8-9D86-B8A2247AEF2A}
		{1BFBD36E-FAE4-4708-8CAD-5CB98FD47932} = {5485C82A-546D-45C8-9D86-B8A2247AEF2A}
		{DEE5CFBA-78A8-4DCE-B342-61CC6561B613} = {1BFBD36E-FAE4-4708-8CAD-5CB98FD47932}
	EndGlobalSection
EndGlobal
